// !$*UTF8*$!
{
	archiveVersion = 1;
	classes = {
	};
	objectVersion = 46;
	objects = {

/* Begin PBXBuildFile section */
		D8FEB40819EFF331008BB5D5 /* Foundation.framework in Frameworks */ = {isa = PBXBuildFile; fileRef = D8FEB40719EFF331008BB5D5 /* Foundation.framework */; };
		D8FEB40A19EFF331008BB5D5 /* CoreGraphics.framework in Frameworks */ = {isa = PBXBuildFile; fileRef = D8FEB40919EFF331008BB5D5 /* CoreGraphics.framework */; };
		D8FEB40C19EFF331008BB5D5 /* UIKit.framework in Frameworks */ = {isa = PBXBuildFile; fileRef = D8FEB40B19EFF331008BB5D5 /* UIKit.framework */; };
		D8FEB41219EFF331008BB5D5 /* InfoPlist.strings in Resources */ = {isa = PBXBuildFile; fileRef = D8FEB41019EFF331008BB5D5 /* InfoPlist.strings */; };
		D8FEB41419EFF331008BB5D5 /* main.m in Sources */ = {isa = PBXBuildFile; fileRef = D8FEB41319EFF331008BB5D5 /* main.m */; };
		D8FEB41819EFF331008BB5D5 /* STBAppDelegate.m in Sources */ = {isa = PBXBuildFile; fileRef = D8FEB41719EFF331008BB5D5 /* STBAppDelegate.m */; };
		D8FEB41B19EFF331008BB5D5 /* Main_iPhone.storyboard in Resources */ = {isa = PBXBuildFile; fileRef = D8FEB41919EFF331008BB5D5 /* Main_iPhone.storyboard */; };
		D8FEB41E19EFF331008BB5D5 /* Main_iPad.storyboard in Resources */ = {isa = PBXBuildFile; fileRef = D8FEB41C19EFF331008BB5D5 /* Main_iPad.storyboard */; };
		D8FEB42319EFF331008BB5D5 /* Images.xcassets in Resources */ = {isa = PBXBuildFile; fileRef = D8FEB42219EFF331008BB5D5 /* Images.xcassets */; };
		D8FEB42A19EFF331008BB5D5 /* XCTest.framework in Frameworks */ = {isa = PBXBuildFile; fileRef = D8FEB42919EFF331008BB5D5 /* XCTest.framework */; };
		D8FEB42B19EFF331008BB5D5 /* Foundation.framework in Frameworks */ = {isa = PBXBuildFile; fileRef = D8FEB40719EFF331008BB5D5 /* Foundation.framework */; };
		D8FEB42C19EFF331008BB5D5 /* UIKit.framework in Frameworks */ = {isa = PBXBuildFile; fileRef = D8FEB40B19EFF331008BB5D5 /* UIKit.framework */; };
		D8FEB43419EFF331008BB5D5 /* InfoPlist.strings in Resources */ = {isa = PBXBuildFile; fileRef = D8FEB43219EFF331008BB5D5 /* InfoPlist.strings */; };
		D8FEB43619EFF331008BB5D5 /* MiniPOSTests.m in Sources */ = {isa = PBXBuildFile; fileRef = D8FEB43519EFF331008BB5D5 /* MiniPOSTests.m */; };
		D8FEB44B19EFF839008BB5D5 /* MessagingStoryboard.storyboard in Resources */ = {isa = PBXBuildFile; fileRef = D8FEB44A19EFF839008BB5D5 /* MessagingStoryboard.storyboard */; };
		D8FEB44F19EFF865008BB5D5 /* NSString+Size.m in Sources */ = {isa = PBXBuildFile; fileRef = D8FEB44E19EFF865008BB5D5 /* NSString+Size.m */; };
		D8FEB46A19EFF89E008BB5D5 /* CLLocationManager+Block.m in Sources */ = {isa = PBXBuildFile; fileRef = D8FEB45319EFF89E008BB5D5 /* CLLocationManager+Block.m */; };
		D8FEB46B19EFF89E008BB5D5 /* NSURLConnection+Block.m in Sources */ = {isa = PBXBuildFile; fileRef = D8FEB45619EFF89E008BB5D5 /* NSURLConnection+Block.m */; };
		D8FEB46C19EFF89E008BB5D5 /* MFMailComposeViewController+Block.m in Sources */ = {isa = PBXBuildFile; fileRef = D8FEB45B19EFF89E008BB5D5 /* MFMailComposeViewController+Block.m */; };
		D8FEB46D19EFF89E008BB5D5 /* MFMessageComposeViewController+Block.m in Sources */ = {isa = PBXBuildFile; fileRef = D8FEB45D19EFF89E008BB5D5 /* MFMessageComposeViewController+Block.m */; };
		D8FEB46F19EFF89E008BB5D5 /* UIActionSheet+Block.m in Sources */ = {isa = PBXBuildFile; fileRef = D8FEB46119EFF89E008BB5D5 /* UIActionSheet+Block.m */; };
		D8FEB47019EFF89E008BB5D5 /* UIAlertView+Block.m in Sources */ = {isa = PBXBuildFile; fileRef = D8FEB46319EFF89E008BB5D5 /* UIAlertView+Block.m */; };
		D8FEB47119EFF89E008BB5D5 /* UINavigationController+Block.m in Sources */ = {isa = PBXBuildFile; fileRef = D8FEB46519EFF89E008BB5D5 /* UINavigationController+Block.m */; };
		D8FEB47819EFF8F1008BB5D5 /* UIPickerView+Block.m in Sources */ = {isa = PBXBuildFile; fileRef = D8FEB47519EFF8F1008BB5D5 /* UIPickerView+Block.m */; };
		D8FEB47919EFF8F1008BB5D5 /* UIPopoverController+Block.m in Sources */ = {isa = PBXBuildFile; fileRef = D8FEB47719EFF8F1008BB5D5 /* UIPopoverController+Block.m */; };
		D8FEB47B19EFF959008BB5D5 /* CoreBluetooth.framework in Frameworks */ = {isa = PBXBuildFile; fileRef = D8FEB47A19EFF959008BB5D5 /* CoreBluetooth.framework */; };
		D8FEB48019EFF967008BB5D5 /* STBBaseViewController.m in Sources */ = {isa = PBXBuildFile; fileRef = D8FEB47D19EFF967008BB5D5 /* STBBaseViewController.m */; };
		D8FEB48119EFF967008BB5D5 /* STBNavigationController.m in Sources */ = {isa = PBXBuildFile; fileRef = D8FEB47F19EFF967008BB5D5 /* STBNavigationController.m */; };
		D8FEB48919EFFA7C008BB5D5 /* AppUtils.m in Sources */ = {isa = PBXBuildFile; fileRef = D8FEB48419EFFA7C008BB5D5 /* AppUtils.m */; };
		D8FEB48A19EFFA7C008BB5D5 /* LogReporterManager.m in Sources */ = {isa = PBXBuildFile; fileRef = D8FEB48619EFFA7C008BB5D5 /* LogReporterManager.m */; settings = {COMPILER_FLAGS = "-fno-objc-arc"; }; };
		D8FEB48B19EFFA7C008BB5D5 /* SettingsManager.m in Sources */ = {isa = PBXBuildFile; fileRef = D8FEB48819EFFA7C008BB5D5 /* SettingsManager.m */; settings = {COMPILER_FLAGS = "-fno-objc-arc"; }; };
		D8FEB49019EFFC2D008BB5D5 /* STBCenterViewController.m in Sources */ = {isa = PBXBuildFile; fileRef = D8FEB48F19EFFC2D008BB5D5 /* STBCenterViewController.m */; };
		D8FEB49319EFFC45008BB5D5 /* STBViewController.m in Sources */ = {isa = PBXBuildFile; fileRef = D8FEB49219EFFC45008BB5D5 /* STBViewController.m */; };
		D8FEB49619EFFC59008BB5D5 /* STBMessagingViewController.m in Sources */ = {isa = PBXBuildFile; fileRef = D8FEB49519EFFC59008BB5D5 /* STBMessagingViewController.m */; };
		D8FEB49919EFFCBB008BB5D5 /* iSMP.framework in Frameworks */ = {isa = PBXBuildFile; fileRef = D8FEB49819EFFCBB008BB5D5 /* iSMP.framework */; };
		D8FEB49B19EFFCDD008BB5D5 /* ExternalAccessory.framework in Frameworks */ = {isa = PBXBuildFile; fileRef = D8FEB49A19EFFCDD008BB5D5 /* ExternalAccessory.framework */; };
		D8FEB49D19EFFCEE008BB5D5 /* MessageUI.framework in Frameworks */ = {isa = PBXBuildFile; fileRef = D8FEB49C19EFFCEE008BB5D5 /* MessageUI.framework */; };
		D8FEB49F19EFFD09008BB5D5 /* SystemConfiguration.framework in Frameworks */ = {isa = PBXBuildFile; fileRef = D8FEB49E19EFFD09008BB5D5 /* SystemConfiguration.framework */; };
		D8FEB4A119EFFD0E008BB5D5 /* Security.framework in Frameworks */ = {isa = PBXBuildFile; fileRef = D8FEB4A019EFFD0E008BB5D5 /* Security.framework */; };
		D8FEB4A319EFFD14008BB5D5 /* CFNetwork.framework in Frameworks */ = {isa = PBXBuildFile; fileRef = D8FEB4A219EFFD14008BB5D5 /* CFNetwork.framework */; };
		D8FEB4A719F0024C008BB5D5 /* icon_128x128.png in Resources */ = {isa = PBXBuildFile; fileRef = D8FEB4A619F0024C008BB5D5 /* icon_128x128.png */; };
		D8FEB4AB19F00279008BB5D5 /* message.json in Resources */ = {isa = PBXBuildFile; fileRef = D8FEB4A919F00279008BB5D5 /* message.json */; };
		D8FEB4B019F002BA008BB5D5 /* PosMessage.m in Sources */ = {isa = PBXBuildFile; fileRef = D8FEB4AF19F002BA008BB5D5 /* PosMessage.m */; };
		D8FEB4B419F0066D008BB5D5 /* STBDataFormatter.m in Sources */ = {isa = PBXBuildFile; fileRef = D8FEB4B319F0066D008BB5D5 /* STBDataFormatter.m */; };
		D8FEB4BD19F0109A008BB5D5 /* GTMNSString+HTML.m in Sources */ = {isa = PBXBuildFile; fileRef = D8FEB4B619F0109A008BB5D5 /* GTMNSString+HTML.m */; settings = {COMPILER_FLAGS = "-fno-objc-arc"; }; };
		D8FEB4BE19F0109A008BB5D5 /* NSDictionary+Additions.m in Sources */ = {isa = PBXBuildFile; fileRef = D8FEB4B819F0109A008BB5D5 /* NSDictionary+Additions.m */; };
		D8FEB4BF19F0109A008BB5D5 /* NSMutableArray+Extended.m in Sources */ = {isa = PBXBuildFile; fileRef = D8FEB4BA19F0109A008BB5D5 /* NSMutableArray+Extended.m */; };
		D8FEB4C019F0109A008BB5D5 /* NSString+Extended.m in Sources */ = {isa = PBXBuildFile; fileRef = D8FEB4BC19F0109A008BB5D5 /* NSString+Extended.m */; };
		D8FEB4C319F01119008BB5D5 /* NSUserDefaults+Utils.m in Sources */ = {isa = PBXBuildFile; fileRef = D8FEB4C219F01119008BB5D5 /* NSUserDefaults+Utils.m */; };
		D8FEB4C819F0120E008BB5D5 /* NSString+DrawText.m in Sources */ = {isa = PBXBuildFile; fileRef = D8FEB4C519F0120E008BB5D5 /* NSString+DrawText.m */; };
		D8FEB4CD19F01239008BB5D5 /* UILabel+MixFont.m in Sources */ = {isa = PBXBuildFile; fileRef = D8FEB4CC19F01239008BB5D5 /* UILabel+MixFont.m */; };
		D8FEB4D019F035D4008BB5D5 /* TransactionInfoCell.m in Sources */ = {isa = PBXBuildFile; fileRef = D8FEB4CF19F035D4008BB5D5 /* TransactionInfoCell.m */; };
		D8FEB4D319F035E8008BB5D5 /* SignatureCell.m in Sources */ = {isa = PBXBuildFile; fileRef = D8FEB4D219F035E8008BB5D5 /* SignatureCell.m */; };
/* End PBXBuildFile section */

/* Begin PBXContainerItemProxy section */
		D8FEB42D19EFF331008BB5D5 /* PBXContainerItemProxy */ = {
			isa = PBXContainerItemProxy;
			containerPortal = D8FEB3FC19EFF331008BB5D5 /* Project object */;
			proxyType = 1;
			remoteGlobalIDString = D8FEB40319EFF331008BB5D5;
			remoteInfo = MiniPOS;
		};
/* End PBXContainerItemProxy section */

/* Begin PBXFileReference section */
		D8FEB40419EFF331008BB5D5 /* MiniPOS.app */ = {isa = PBXFileReference; explicitFileType = wrapper.application; includeInIndex = 0; path = MiniPOS.app; sourceTree = BUILT_PRODUCTS_DIR; };
		D8FEB40719EFF331008BB5D5 /* Foundation.framework */ = {isa = PBXFileReference; lastKnownFileType = wrapper.framework; name = Foundation.framework; path = System/Library/Frameworks/Foundation.framework; sourceTree = SDKROOT; };
		D8FEB40919EFF331008BB5D5 /* CoreGraphics.framework */ = {isa = PBXFileReference; lastKnownFileType = wrapper.framework; name = CoreGraphics.framework; path = System/Library/Frameworks/CoreGraphics.framework; sourceTree = SDKROOT; };
		D8FEB40B19EFF331008BB5D5 /* UIKit.framework */ = {isa = PBXFileReference; lastKnownFileType = wrapper.framework; name = UIKit.framework; path = System/Library/Frameworks/UIKit.framework; sourceTree = SDKROOT; };
		D8FEB40F19EFF331008BB5D5 /* MiniPOS-Info.plist */ = {isa = PBXFileReference; lastKnownFileType = text.plist.xml; path = "MiniPOS-Info.plist"; sourceTree = "<group>"; };
		D8FEB41119EFF331008BB5D5 /* en */ = {isa = PBXFileReference; lastKnownFileType = text.plist.strings; name = en; path = en.lproj/InfoPlist.strings; sourceTree = "<group>"; };
		D8FEB41319EFF331008BB5D5 /* main.m */ = {isa = PBXFileReference; lastKnownFileType = sourcecode.c.objc; path = main.m; sourceTree = "<group>"; };
		D8FEB41519EFF331008BB5D5 /* MiniPOS-Prefix.pch */ = {isa = PBXFileReference; lastKnownFileType = sourcecode.c.h; path = "MiniPOS-Prefix.pch"; sourceTree = "<group>"; };
		D8FEB41619EFF331008BB5D5 /* STBAppDelegate.h */ = {isa = PBXFileReference; lastKnownFileType = sourcecode.c.h; path = STBAppDelegate.h; sourceTree = "<group>"; };
		D8FEB41719EFF331008BB5D5 /* STBAppDelegate.m */ = {isa = PBXFileReference; lastKnownFileType = sourcecode.c.objc; path = STBAppDelegate.m; sourceTree = "<group>"; };
		D8FEB41A19EFF331008BB5D5 /* Base */ = {isa = PBXFileReference; lastKnownFileType = file.storyboard; name = Base; path = Base.lproj/Main_iPhone.storyboard; sourceTree = "<group>"; };
		D8FEB41D19EFF331008BB5D5 /* Base */ = {isa = PBXFileReference; lastKnownFileType = file.storyboard; name = Base; path = Base.lproj/Main_iPad.storyboard; sourceTree = "<group>"; };
		D8FEB42219EFF331008BB5D5 /* Images.xcassets */ = {isa = PBXFileReference; lastKnownFileType = folder.assetcatalog; path = Images.xcassets; sourceTree = "<group>"; };
		D8FEB42819EFF331008BB5D5 /* MiniPOSTests.xctest */ = {isa = PBXFileReference; explicitFileType = wrapper.cfbundle; includeInIndex = 0; path = MiniPOSTests.xctest; sourceTree = BUILT_PRODUCTS_DIR; };
		D8FEB42919EFF331008BB5D5 /* XCTest.framework */ = {isa = PBXFileReference; lastKnownFileType = wrapper.framework; name = XCTest.framework; path = Library/Frameworks/XCTest.framework; sourceTree = DEVELOPER_DIR; };
		D8FEB43119EFF331008BB5D5 /* MiniPOSTests-Info.plist */ = {isa = PBXFileReference; lastKnownFileType = text.plist.xml; path = "MiniPOSTests-Info.plist"; sourceTree = "<group>"; };
		D8FEB43319EFF331008BB5D5 /* en */ = {isa = PBXFileReference; lastKnownFileType = text.plist.strings; name = en; path = en.lproj/InfoPlist.strings; sourceTree = "<group>"; };
		D8FEB43519EFF331008BB5D5 /* MiniPOSTests.m */ = {isa = PBXFileReference; lastKnownFileType = sourcecode.c.objc; path = MiniPOSTests.m; sourceTree = "<group>"; };
		D8FEB44A19EFF839008BB5D5 /* MessagingStoryboard.storyboard */ = {isa = PBXFileReference; fileEncoding = 4; lastKnownFileType = file.storyboard; path = MessagingStoryboard.storyboard; sourceTree = "<group>"; };
		D8FEB44D19EFF865008BB5D5 /* NSString+Size.h */ = {isa = PBXFileReference; fileEncoding = 4; lastKnownFileType = sourcecode.c.h; path = "NSString+Size.h"; sourceTree = "<group>"; };
		D8FEB44E19EFF865008BB5D5 /* NSString+Size.m */ = {isa = PBXFileReference; fileEncoding = 4; lastKnownFileType = sourcecode.c.objc; path = "NSString+Size.m"; sourceTree = "<group>"; };
		D8FEB45219EFF89E008BB5D5 /* CLLocationManager+Block.h */ = {isa = PBXFileReference; fileEncoding = 4; lastKnownFileType = sourcecode.c.h; path = "CLLocationManager+Block.h"; sourceTree = "<group>"; };
		D8FEB45319EFF89E008BB5D5 /* CLLocationManager+Block.m */ = {isa = PBXFileReference; fileEncoding = 4; lastKnownFileType = sourcecode.c.objc; path = "CLLocationManager+Block.m"; sourceTree = "<group>"; };
		D8FEB45519EFF89E008BB5D5 /* NSURLConnection+Block.h */ = {isa = PBXFileReference; fileEncoding = 4; lastKnownFileType = sourcecode.c.h; path = "NSURLConnection+Block.h"; sourceTree = "<group>"; };
		D8FEB45619EFF89E008BB5D5 /* NSURLConnection+Block.m */ = {isa = PBXFileReference; fileEncoding = 4; lastKnownFileType = sourcecode.c.objc; path = "NSURLConnection+Block.m"; sourceTree = "<group>"; };
		D8FEB45719EFF89E008BB5D5 /* iOSBlocks.h */ = {isa = PBXFileReference; fileEncoding = 4; lastKnownFileType = sourcecode.c.h; path = iOSBlocks.h; sourceTree = "<group>"; };
		D8FEB45819EFF89E008BB5D5 /* iOSBlocksProtocol.h */ = {isa = PBXFileReference; fileEncoding = 4; lastKnownFileType = sourcecode.c.h; path = iOSBlocksProtocol.h; sourceTree = "<group>"; };
		D8FEB45A19EFF89E008BB5D5 /* MFMailComposeViewController+Block.h */ = {isa = PBXFileReference; fileEncoding = 4; lastKnownFileType = sourcecode.c.h; path = "MFMailComposeViewController+Block.h"; sourceTree = "<group>"; };
		D8FEB45B19EFF89E008BB5D5 /* MFMailComposeViewController+Block.m */ = {isa = PBXFileReference; fileEncoding = 4; lastKnownFileType = sourcecode.c.objc; path = "MFMailComposeViewController+Block.m"; sourceTree = "<group>"; };
		D8FEB45C19EFF89E008BB5D5 /* MFMessageComposeViewController+Block.h */ = {isa = PBXFileReference; fileEncoding = 4; lastKnownFileType = sourcecode.c.h; path = "MFMessageComposeViewController+Block.h"; sourceTree = "<group>"; };
		D8FEB45D19EFF89E008BB5D5 /* MFMessageComposeViewController+Block.m */ = {isa = PBXFileReference; fileEncoding = 4; lastKnownFileType = sourcecode.c.objc; path = "MFMessageComposeViewController+Block.m"; sourceTree = "<group>"; };
		D8FEB46019EFF89E008BB5D5 /* UIActionSheet+Block.h */ = {isa = PBXFileReference; fileEncoding = 4; lastKnownFileType = sourcecode.c.h; path = "UIActionSheet+Block.h"; sourceTree = "<group>"; };
		D8FEB46119EFF89E008BB5D5 /* UIActionSheet+Block.m */ = {isa = PBXFileReference; fileEncoding = 4; lastKnownFileType = sourcecode.c.objc; path = "UIActionSheet+Block.m"; sourceTree = "<group>"; };
		D8FEB46219EFF89E008BB5D5 /* UIAlertView+Block.h */ = {isa = PBXFileReference; fileEncoding = 4; lastKnownFileType = sourcecode.c.h; path = "UIAlertView+Block.h"; sourceTree = "<group>"; };
		D8FEB46319EFF89E008BB5D5 /* UIAlertView+Block.m */ = {isa = PBXFileReference; fileEncoding = 4; lastKnownFileType = sourcecode.c.objc; path = "UIAlertView+Block.m"; sourceTree = "<group>"; };
		D8FEB46419EFF89E008BB5D5 /* UINavigationController+Block.h */ = {isa = PBXFileReference; fileEncoding = 4; lastKnownFileType = sourcecode.c.h; path = "UINavigationController+Block.h"; sourceTree = "<group>"; };
		D8FEB46519EFF89E008BB5D5 /* UINavigationController+Block.m */ = {isa = PBXFileReference; fileEncoding = 4; lastKnownFileType = sourcecode.c.objc; path = "UINavigationController+Block.m"; sourceTree = "<group>"; };
		D8FEB47419EFF8F1008BB5D5 /* UIPickerView+Block.h */ = {isa = PBXFileReference; fileEncoding = 4; lastKnownFileType = sourcecode.c.h; path = "UIPickerView+Block.h"; sourceTree = "<group>"; };
		D8FEB47519EFF8F1008BB5D5 /* UIPickerView+Block.m */ = {isa = PBXFileReference; fileEncoding = 4; lastKnownFileType = sourcecode.c.objc; path = "UIPickerView+Block.m"; sourceTree = "<group>"; };
		D8FEB47619EFF8F1008BB5D5 /* UIPopoverController+Block.h */ = {isa = PBXFileReference; fileEncoding = 4; lastKnownFileType = sourcecode.c.h; path = "UIPopoverController+Block.h"; sourceTree = "<group>"; };
		D8FEB47719EFF8F1008BB5D5 /* UIPopoverController+Block.m */ = {isa = PBXFileReference; fileEncoding = 4; lastKnownFileType = sourcecode.c.objc; path = "UIPopoverController+Block.m"; sourceTree = "<group>"; };
		D8FEB47A19EFF959008BB5D5 /* CoreBluetooth.framework */ = {isa = PBXFileReference; lastKnownFileType = wrapper.framework; name = CoreBluetooth.framework; path = System/Library/Frameworks/CoreBluetooth.framework; sourceTree = SDKROOT; };
		D8FEB47C19EFF967008BB5D5 /* STBBaseViewController.h */ = {isa = PBXFileReference; fileEncoding = 4; lastKnownFileType = sourcecode.c.h; path = STBBaseViewController.h; sourceTree = "<group>"; };
		D8FEB47D19EFF967008BB5D5 /* STBBaseViewController.m */ = {isa = PBXFileReference; fileEncoding = 4; lastKnownFileType = sourcecode.c.objc; path = STBBaseViewController.m; sourceTree = "<group>"; };
		D8FEB47E19EFF967008BB5D5 /* STBNavigationController.h */ = {isa = PBXFileReference; fileEncoding = 4; lastKnownFileType = sourcecode.c.h; path = STBNavigationController.h; sourceTree = "<group>"; };
		D8FEB47F19EFF967008BB5D5 /* STBNavigationController.m */ = {isa = PBXFileReference; fileEncoding = 4; lastKnownFileType = sourcecode.c.objc; path = STBNavigationController.m; sourceTree = "<group>"; };
		D8FEB48319EFFA7C008BB5D5 /* AppUtils.h */ = {isa = PBXFileReference; fileEncoding = 4; lastKnownFileType = sourcecode.c.h; path = AppUtils.h; sourceTree = "<group>"; };
		D8FEB48419EFFA7C008BB5D5 /* AppUtils.m */ = {isa = PBXFileReference; fileEncoding = 4; lastKnownFileType = sourcecode.c.objc; path = AppUtils.m; sourceTree = "<group>"; };
		D8FEB48519EFFA7C008BB5D5 /* LogReporterManager.h */ = {isa = PBXFileReference; fileEncoding = 4; lastKnownFileType = sourcecode.c.h; path = LogReporterManager.h; sourceTree = "<group>"; };
		D8FEB48619EFFA7C008BB5D5 /* LogReporterManager.m */ = {isa = PBXFileReference; fileEncoding = 4; lastKnownFileType = sourcecode.c.objc; path = LogReporterManager.m; sourceTree = "<group>"; };
		D8FEB48719EFFA7C008BB5D5 /* SettingsManager.h */ = {isa = PBXFileReference; fileEncoding = 4; lastKnownFileType = sourcecode.c.h; path = SettingsManager.h; sourceTree = "<group>"; };
		D8FEB48819EFFA7C008BB5D5 /* SettingsManager.m */ = {isa = PBXFileReference; fileEncoding = 4; lastKnownFileType = sourcecode.c.objc; path = SettingsManager.m; sourceTree = "<group>"; };
		D8FEB48E19EFFC2D008BB5D5 /* STBCenterViewController.h */ = {isa = PBXFileReference; fileEncoding = 4; lastKnownFileType = sourcecode.c.h; path = STBCenterViewController.h; sourceTree = "<group>"; };
		D8FEB48F19EFFC2D008BB5D5 /* STBCenterViewController.m */ = {isa = PBXFileReference; fileEncoding = 4; lastKnownFileType = sourcecode.c.objc; path = STBCenterViewController.m; sourceTree = "<group>"; };
		D8FEB49119EFFC45008BB5D5 /* STBViewController.h */ = {isa = PBXFileReference; fileEncoding = 4; lastKnownFileType = sourcecode.c.h; path = STBViewController.h; sourceTree = "<group>"; };
		D8FEB49219EFFC45008BB5D5 /* STBViewController.m */ = {isa = PBXFileReference; fileEncoding = 4; lastKnownFileType = sourcecode.c.objc; path = STBViewController.m; sourceTree = "<group>"; };
		D8FEB49419EFFC59008BB5D5 /* STBMessagingViewController.h */ = {isa = PBXFileReference; fileEncoding = 4; lastKnownFileType = sourcecode.c.h; path = STBMessagingViewController.h; sourceTree = "<group>"; };
		D8FEB49519EFFC59008BB5D5 /* STBMessagingViewController.m */ = {isa = PBXFileReference; fileEncoding = 4; lastKnownFileType = sourcecode.c.objc; path = STBMessagingViewController.m; sourceTree = "<group>"; };
		D8FEB49819EFFCBB008BB5D5 /* iSMP.framework */ = {isa = PBXFileReference; lastKnownFileType = wrapper.framework; path = iSMP.framework; sourceTree = "<group>"; };
		D8FEB49A19EFFCDD008BB5D5 /* ExternalAccessory.framework */ = {isa = PBXFileReference; lastKnownFileType = wrapper.framework; name = ExternalAccessory.framework; path = System/Library/Frameworks/ExternalAccessory.framework; sourceTree = SDKROOT; };
		D8FEB49C19EFFCEE008BB5D5 /* MessageUI.framework */ = {isa = PBXFileReference; lastKnownFileType = wrapper.framework; name = MessageUI.framework; path = System/Library/Frameworks/MessageUI.framework; sourceTree = SDKROOT; };
		D8FEB49E19EFFD09008BB5D5 /* SystemConfiguration.framework */ = {isa = PBXFileReference; lastKnownFileType = wrapper.framework; name = SystemConfiguration.framework; path = System/Library/Frameworks/SystemConfiguration.framework; sourceTree = SDKROOT; };
		D8FEB4A019EFFD0E008BB5D5 /* Security.framework */ = {isa = PBXFileReference; lastKnownFileType = wrapper.framework; name = Security.framework; path = System/Library/Frameworks/Security.framework; sourceTree = SDKROOT; };
		D8FEB4A219EFFD14008BB5D5 /* CFNetwork.framework */ = {isa = PBXFileReference; lastKnownFileType = wrapper.framework; name = CFNetwork.framework; path = System/Library/Frameworks/CFNetwork.framework; sourceTree = SDKROOT; };
		D8FEB4A619F0024C008BB5D5 /* icon_128x128.png */ = {isa = PBXFileReference; lastKnownFileType = image.png; path = icon_128x128.png; sourceTree = "<group>"; };
		D8FEB4A919F00279008BB5D5 /* message.json */ = {isa = PBXFileReference; fileEncoding = 4; lastKnownFileType = text.json; path = message.json; sourceTree = "<group>"; };
		D8FEB4AE19F002BA008BB5D5 /* PosMessage.h */ = {isa = PBXFileReference; fileEncoding = 4; lastKnownFileType = sourcecode.c.h; path = PosMessage.h; sourceTree = "<group>"; };
		D8FEB4AF19F002BA008BB5D5 /* PosMessage.m */ = {isa = PBXFileReference; fileEncoding = 4; lastKnownFileType = sourcecode.c.objc; path = PosMessage.m; sourceTree = "<group>"; };
		D8FEB4B119F0032A008BB5D5 /* STBConstants.h */ = {isa = PBXFileReference; lastKnownFileType = sourcecode.c.h; path = STBConstants.h; sourceTree = "<group>"; };
		D8FEB4B219F0066D008BB5D5 /* STBDataFormatter.h */ = {isa = PBXFileReference; fileEncoding = 4; lastKnownFileType = sourcecode.c.h; path = STBDataFormatter.h; sourceTree = "<group>"; };
		D8FEB4B319F0066D008BB5D5 /* STBDataFormatter.m */ = {isa = PBXFileReference; fileEncoding = 4; lastKnownFileType = sourcecode.c.objc; path = STBDataFormatter.m; sourceTree = "<group>"; };
		D8FEB4B519F0109A008BB5D5 /* GTMNSString+HTML.h */ = {isa = PBXFileReference; fileEncoding = 4; lastKnownFileType = sourcecode.c.h; path = "GTMNSString+HTML.h"; sourceTree = "<group>"; };
		D8FEB4B619F0109A008BB5D5 /* GTMNSString+HTML.m */ = {isa = PBXFileReference; fileEncoding = 4; lastKnownFileType = sourcecode.c.objc; path = "GTMNSString+HTML.m"; sourceTree = "<group>"; };
		D8FEB4B719F0109A008BB5D5 /* NSDictionary+Additions.h */ = {isa = PBXFileReference; fileEncoding = 4; lastKnownFileType = sourcecode.c.h; path = "NSDictionary+Additions.h"; sourceTree = "<group>"; };
		D8FEB4B819F0109A008BB5D5 /* NSDictionary+Additions.m */ = {isa = PBXFileReference; fileEncoding = 4; lastKnownFileType = sourcecode.c.objc; path = "NSDictionary+Additions.m"; sourceTree = "<group>"; };
		D8FEB4B919F0109A008BB5D5 /* NSMutableArray+Extended.h */ = {isa = PBXFileReference; fileEncoding = 4; lastKnownFileType = sourcecode.c.h; path = "NSMutableArray+Extended.h"; sourceTree = "<group>"; };
		D8FEB4BA19F0109A008BB5D5 /* NSMutableArray+Extended.m */ = {isa = PBXFileReference; fileEncoding = 4; lastKnownFileType = sourcecode.c.objc; path = "NSMutableArray+Extended.m"; sourceTree = "<group>"; };
		D8FEB4BB19F0109A008BB5D5 /* NSString+Extended.h */ = {isa = PBXFileReference; fileEncoding = 4; lastKnownFileType = sourcecode.c.h; path = "NSString+Extended.h"; sourceTree = "<group>"; };
		D8FEB4BC19F0109A008BB5D5 /* NSString+Extended.m */ = {isa = PBXFileReference; fileEncoding = 4; lastKnownFileType = sourcecode.c.objc; path = "NSString+Extended.m"; sourceTree = "<group>"; };
		D8FEB4C119F01119008BB5D5 /* NSUserDefaults+Utils.h */ = {isa = PBXFileReference; fileEncoding = 4; lastKnownFileType = sourcecode.c.h; path = "NSUserDefaults+Utils.h"; sourceTree = "<group>"; };
		D8FEB4C219F01119008BB5D5 /* NSUserDefaults+Utils.m */ = {isa = PBXFileReference; fileEncoding = 4; lastKnownFileType = sourcecode.c.objc; path = "NSUserDefaults+Utils.m"; sourceTree = "<group>"; };
		D8FEB4C419F0120E008BB5D5 /* NSString+DrawText.h */ = {isa = PBXFileReference; fileEncoding = 4; lastKnownFileType = sourcecode.c.h; path = "NSString+DrawText.h"; sourceTree = "<group>"; };
		D8FEB4C519F0120E008BB5D5 /* NSString+DrawText.m */ = {isa = PBXFileReference; fileEncoding = 4; lastKnownFileType = sourcecode.c.objc; path = "NSString+DrawText.m"; sourceTree = "<group>"; };
		D8FEB4CB19F01239008BB5D5 /* UILabel+MixFont.h */ = {isa = PBXFileReference; fileEncoding = 4; lastKnownFileType = sourcecode.c.h; path = "UILabel+MixFont.h"; sourceTree = "<group>"; };
		D8FEB4CC19F01239008BB5D5 /* UILabel+MixFont.m */ = {isa = PBXFileReference; fileEncoding = 4; lastKnownFileType = sourcecode.c.objc; path = "UILabel+MixFont.m"; sourceTree = "<group>"; };
		D8FEB4CE19F035D4008BB5D5 /* TransactionInfoCell.h */ = {isa = PBXFileReference; fileEncoding = 4; lastKnownFileType = sourcecode.c.h; path = TransactionInfoCell.h; sourceTree = "<group>"; };
		D8FEB4CF19F035D4008BB5D5 /* TransactionInfoCell.m */ = {isa = PBXFileReference; fileEncoding = 4; lastKnownFileType = sourcecode.c.objc; path = TransactionInfoCell.m; sourceTree = "<group>"; };
		D8FEB4D119F035E8008BB5D5 /* SignatureCell.h */ = {isa = PBXFileReference; fileEncoding = 4; lastKnownFileType = sourcecode.c.h; path = SignatureCell.h; sourceTree = "<group>"; };
		D8FEB4D219F035E8008BB5D5 /* SignatureCell.m */ = {isa = PBXFileReference; fileEncoding = 4; lastKnownFileType = sourcecode.c.objc; path = SignatureCell.m; sourceTree = "<group>"; };
/* End PBXFileReference section */

/* Begin PBXFrameworksBuildPhase section */
		D8FEB40119EFF331008BB5D5 /* Frameworks */ = {
			isa = PBXFrameworksBuildPhase;
			buildActionMask = 2147483647;
			files = (
				D8FEB4A319EFFD14008BB5D5 /* CFNetwork.framework in Frameworks */,
				D8FEB4A119EFFD0E008BB5D5 /* Security.framework in Frameworks */,
				D8FEB49F19EFFD09008BB5D5 /* SystemConfiguration.framework in Frameworks */,
				D8FEB40A19EFF331008BB5D5 /* CoreGraphics.framework in Frameworks */,
				D8FEB49D19EFFCEE008BB5D5 /* MessageUI.framework in Frameworks */,
				D8FEB49B19EFFCDD008BB5D5 /* ExternalAccessory.framework in Frameworks */,
				D8FEB47B19EFF959008BB5D5 /* CoreBluetooth.framework in Frameworks */,
				D8FEB40C19EFF331008BB5D5 /* UIKit.framework in Frameworks */,
				D8FEB49919EFFCBB008BB5D5 /* iSMP.framework in Frameworks */,
				D8FEB40819EFF331008BB5D5 /* Foundation.framework in Frameworks */,
			);
			runOnlyForDeploymentPostprocessing = 0;
		};
		D8FEB42519EFF331008BB5D5 /* Frameworks */ = {
			isa = PBXFrameworksBuildPhase;
			buildActionMask = 2147483647;
			files = (
				D8FEB42A19EFF331008BB5D5 /* XCTest.framework in Frameworks */,
				D8FEB42C19EFF331008BB5D5 /* UIKit.framework in Frameworks */,
				D8FEB42B19EFF331008BB5D5 /* Foundation.framework in Frameworks */,
			);
			runOnlyForDeploymentPostprocessing = 0;
		};
/* End PBXFrameworksBuildPhase section */

/* Begin PBXGroup section */
		D8FEB3FB19EFF331008BB5D5 = {
			isa = PBXGroup;
			children = (
				D8FEB4A419F0024C008BB5D5 /* Resources */,
				D8FEB44319EFF632008BB5D5 /* External */,
				D8FEB40D19EFF331008BB5D5 /* MiniPOS */,
				D8FEB42F19EFF331008BB5D5 /* MiniPOSTests */,
				D8FEB40619EFF331008BB5D5 /* Frameworks */,
				D8FEB40519EFF331008BB5D5 /* Products */,
			);
			sourceTree = "<group>";
		};
		D8FEB40519EFF331008BB5D5 /* Products */ = {
			isa = PBXGroup;
			children = (
				D8FEB40419EFF331008BB5D5 /* MiniPOS.app */,
				D8FEB42819EFF331008BB5D5 /* MiniPOSTests.xctest */,
			);
			name = Products;
			sourceTree = "<group>";
		};
		D8FEB40619EFF331008BB5D5 /* Frameworks */ = {
			isa = PBXGroup;
			children = (
				D8FEB4A219EFFD14008BB5D5 /* CFNetwork.framework */,
				D8FEB4A019EFFD0E008BB5D5 /* Security.framework */,
				D8FEB49E19EFFD09008BB5D5 /* SystemConfiguration.framework */,
				D8FEB49C19EFFCEE008BB5D5 /* MessageUI.framework */,
				D8FEB49A19EFFCDD008BB5D5 /* ExternalAccessory.framework */,
				D8FEB47A19EFF959008BB5D5 /* CoreBluetooth.framework */,
				D8FEB40719EFF331008BB5D5 /* Foundation.framework */,
				D8FEB40919EFF331008BB5D5 /* CoreGraphics.framework */,
				D8FEB40B19EFF331008BB5D5 /* UIKit.framework */,
				D8FEB42919EFF331008BB5D5 /* XCTest.framework */,
			);
			name = Frameworks;
			sourceTree = "<group>";
		};
		D8FEB40D19EFF331008BB5D5 /* MiniPOS */ = {
			isa = PBXGroup;
			children = (
				D8FEB41619EFF331008BB5D5 /* STBAppDelegate.h */,
				D8FEB41719EFF331008BB5D5 /* STBAppDelegate.m */,
				D8FEB4AD19F002A6008BB5D5 /* Models */,
				D8FEB44119EFF61F008BB5D5 /* Storyboards */,
				D8FEB43F19EFF61F008BB5D5 /* Controllers */,
				D8FEB44219EFF61F008BB5D5 /* Views */,
				D8FEB44019EFF61F008BB5D5 /* Shared */,
				D8FEB42219EFF331008BB5D5 /* Images.xcassets */,
				D8FEB40E19EFF331008BB5D5 /* Supporting Files */,
			);
			path = MiniPOS;
			sourceTree = "<group>";
		};
		D8FEB40E19EFF331008BB5D5 /* Supporting Files */ = {
			isa = PBXGroup;
			children = (
				D8FEB40F19EFF331008BB5D5 /* MiniPOS-Info.plist */,
				D8FEB41019EFF331008BB5D5 /* InfoPlist.strings */,
				D8FEB41319EFF331008BB5D5 /* main.m */,
				D8FEB41519EFF331008BB5D5 /* MiniPOS-Prefix.pch */,
			);
			name = "Supporting Files";
			sourceTree = "<group>";
		};
		D8FEB42F19EFF331008BB5D5 /* MiniPOSTests */ = {
			isa = PBXGroup;
			children = (
				D8FEB43519EFF331008BB5D5 /* MiniPOSTests.m */,
				D8FEB43019EFF331008BB5D5 /* Supporting Files */,
			);
			path = MiniPOSTests;
			sourceTree = "<group>";
		};
		D8FEB43019EFF331008BB5D5 /* Supporting Files */ = {
			isa = PBXGroup;
			children = (
				D8FEB43119EFF331008BB5D5 /* MiniPOSTests-Info.plist */,
				D8FEB43219EFF331008BB5D5 /* InfoPlist.strings */,
			);
			name = "Supporting Files";
			sourceTree = "<group>";
		};
		D8FEB43F19EFF61F008BB5D5 /* Controllers */ = {
			isa = PBXGroup;
			children = (
				D8FEB48D19EFFBFE008BB5D5 /* Launch */,
				D8FEB48C19EFFBF4008BB5D5 /* Base */,
				D8FEB48E19EFFC2D008BB5D5 /* STBCenterViewController.h */,
				D8FEB48F19EFFC2D008BB5D5 /* STBCenterViewController.m */,
				D8FEB49419EFFC59008BB5D5 /* STBMessagingViewController.h */,
				D8FEB49519EFFC59008BB5D5 /* STBMessagingViewController.m */,
			);
			path = Controllers;
			sourceTree = "<group>";
		};
		D8FEB44019EFF61F008BB5D5 /* Shared */ = {
			isa = PBXGroup;
			children = (
				D8FEB4CA19F01239008BB5D5 /* Views */,
				D8FEB48219EFFA7C008BB5D5 /* Utils */,
				D8FEB44C19EFF865008BB5D5 /* Categories */,
			);
			path = Shared;
			sourceTree = "<group>";
		};
		D8FEB44119EFF61F008BB5D5 /* Storyboards */ = {
			isa = PBXGroup;
			children = (
				D8FEB41919EFF331008BB5D5 /* Main_iPhone.storyboard */,
				D8FEB41C19EFF331008BB5D5 /* Main_iPad.storyboard */,
				D8FEB44A19EFF839008BB5D5 /* MessagingStoryboard.storyboard */,
			);
			path = Storyboards;
			sourceTree = "<group>";
		};
		D8FEB44219EFF61F008BB5D5 /* Views */ = {
			isa = PBXGroup;
			children = (
				D8FEB4CE19F035D4008BB5D5 /* TransactionInfoCell.h */,
				D8FEB4CF19F035D4008BB5D5 /* TransactionInfoCell.m */,
				D8FEB4D119F035E8008BB5D5 /* SignatureCell.h */,
				D8FEB4D219F035E8008BB5D5 /* SignatureCell.m */,
			);
			path = Views;
			sourceTree = "<group>";
		};
		D8FEB44319EFF632008BB5D5 /* External */ = {
			isa = PBXGroup;
			children = (
				D8FEB49719EFFCBB008BB5D5 /* LibiSMP_v4.01 */,
				D8FEB45019EFF89E008BB5D5 /* iOSBlocks */,
			);
			path = External;
			sourceTree = "<group>";
		};
		D8FEB44C19EFF865008BB5D5 /* Categories */ = {
			isa = PBXGroup;
			children = (
				D8FEB4C419F0120E008BB5D5 /* NSString+DrawText.h */,
				D8FEB4C519F0120E008BB5D5 /* NSString+DrawText.m */,
				D8FEB4C119F01119008BB5D5 /* NSUserDefaults+Utils.h */,
				D8FEB4C219F01119008BB5D5 /* NSUserDefaults+Utils.m */,
				D8FEB4B719F0109A008BB5D5 /* NSDictionary+Additions.h */,
				D8FEB4B819F0109A008BB5D5 /* NSDictionary+Additions.m */,
				D8FEB4B919F0109A008BB5D5 /* NSMutableArray+Extended.h */,
				D8FEB4BA19F0109A008BB5D5 /* NSMutableArray+Extended.m */,
				D8FEB4BB19F0109A008BB5D5 /* NSString+Extended.h */,
				D8FEB4BC19F0109A008BB5D5 /* NSString+Extended.m */,
				D8FEB44D19EFF865008BB5D5 /* NSString+Size.h */,
				D8FEB44E19EFF865008BB5D5 /* NSString+Size.m */,
				D8FEB4B519F0109A008BB5D5 /* GTMNSString+HTML.h */,
				D8FEB4B619F0109A008BB5D5 /* GTMNSString+HTML.m */,
			);
			path = Categories;
			sourceTree = "<group>";
		};
		D8FEB45019EFF89E008BB5D5 /* iOSBlocks */ = {
			isa = PBXGroup;
			children = (
				D8FEB45719EFF89E008BB5D5 /* iOSBlocks.h */,
				D8FEB45819EFF89E008BB5D5 /* iOSBlocksProtocol.h */,
				D8FEB45119EFF89E008BB5D5 /* CoreLocation */,
				D8FEB45419EFF89E008BB5D5 /* Foundation */,
				D8FEB45919EFF89E008BB5D5 /* MessageUI */,
				D8FEB45F19EFF89E008BB5D5 /* UIKit */,
			);
			path = iOSBlocks;
			sourceTree = "<group>";
		};
		D8FEB45119EFF89E008BB5D5 /* CoreLocation */ = {
			isa = PBXGroup;
			children = (
				D8FEB45219EFF89E008BB5D5 /* CLLocationManager+Block.h */,
				D8FEB45319EFF89E008BB5D5 /* CLLocationManager+Block.m */,
			);
			path = CoreLocation;
			sourceTree = "<group>";
		};
		D8FEB45419EFF89E008BB5D5 /* Foundation */ = {
			isa = PBXGroup;
			children = (
				D8FEB45519EFF89E008BB5D5 /* NSURLConnection+Block.h */,
				D8FEB45619EFF89E008BB5D5 /* NSURLConnection+Block.m */,
			);
			path = Foundation;
			sourceTree = "<group>";
		};
		D8FEB45919EFF89E008BB5D5 /* MessageUI */ = {
			isa = PBXGroup;
			children = (
				D8FEB45A19EFF89E008BB5D5 /* MFMailComposeViewController+Block.h */,
				D8FEB45B19EFF89E008BB5D5 /* MFMailComposeViewController+Block.m */,
				D8FEB45C19EFF89E008BB5D5 /* MFMessageComposeViewController+Block.h */,
				D8FEB45D19EFF89E008BB5D5 /* MFMessageComposeViewController+Block.m */,
			);
			path = MessageUI;
			sourceTree = "<group>";
		};
		D8FEB45F19EFF89E008BB5D5 /* UIKit */ = {
			isa = PBXGroup;
			children = (
				D8FEB47419EFF8F1008BB5D5 /* UIPickerView+Block.h */,
				D8FEB47519EFF8F1008BB5D5 /* UIPickerView+Block.m */,
				D8FEB47619EFF8F1008BB5D5 /* UIPopoverController+Block.h */,
				D8FEB47719EFF8F1008BB5D5 /* UIPopoverController+Block.m */,
				D8FEB46019EFF89E008BB5D5 /* UIActionSheet+Block.h */,
				D8FEB46119EFF89E008BB5D5 /* UIActionSheet+Block.m */,
				D8FEB46219EFF89E008BB5D5 /* UIAlertView+Block.h */,
				D8FEB46319EFF89E008BB5D5 /* UIAlertView+Block.m */,
				D8FEB46419EFF89E008BB5D5 /* UINavigationController+Block.h */,
				D8FEB46519EFF89E008BB5D5 /* UINavigationController+Block.m */,
			);
			path = UIKit;
			sourceTree = "<group>";
		};
		D8FEB48219EFFA7C008BB5D5 /* Utils */ = {
			isa = PBXGroup;
			children = (
				D8FEB4B119F0032A008BB5D5 /* STBConstants.h */,
				D8FEB48319EFFA7C008BB5D5 /* AppUtils.h */,
				D8FEB48419EFFA7C008BB5D5 /* AppUtils.m */,
				D8FEB4B219F0066D008BB5D5 /* STBDataFormatter.h */,
				D8FEB4B319F0066D008BB5D5 /* STBDataFormatter.m */,
				D8FEB48519EFFA7C008BB5D5 /* LogReporterManager.h */,
				D8FEB48619EFFA7C008BB5D5 /* LogReporterManager.m */,
				D8FEB48719EFFA7C008BB5D5 /* SettingsManager.h */,
				D8FEB48819EFFA7C008BB5D5 /* SettingsManager.m */,
			);
			path = Utils;
			sourceTree = "<group>";
		};
		D8FEB48C19EFFBF4008BB5D5 /* Base */ = {
			isa = PBXGroup;
			children = (
				D8FEB47C19EFF967008BB5D5 /* STBBaseViewController.h */,
				D8FEB47D19EFF967008BB5D5 /* STBBaseViewController.m */,
				D8FEB47E19EFF967008BB5D5 /* STBNavigationController.h */,
				D8FEB47F19EFF967008BB5D5 /* STBNavigationController.m */,
			);
			name = Base;
			sourceTree = "<group>";
		};
		D8FEB48D19EFFBFE008BB5D5 /* Launch */ = {
			isa = PBXGroup;
			children = (
				D8FEB49119EFFC45008BB5D5 /* STBViewController.h */,
				D8FEB49219EFFC45008BB5D5 /* STBViewController.m */,
			);
			name = Launch;
			sourceTree = "<group>";
		};
		D8FEB49719EFFCBB008BB5D5 /* LibiSMP_v4.01 */ = {
			isa = PBXGroup;
			children = (
				D8FEB49819EFFCBB008BB5D5 /* iSMP.framework */,
			);
			path = LibiSMP_v4.01;
			sourceTree = "<group>";
		};
		D8FEB4A419F0024C008BB5D5 /* Resources */ = {
			isa = PBXGroup;
			children = (
				D8FEB4A819F00279008BB5D5 /* SampleData */,
				D8FEB4A519F0024C008BB5D5 /* Images */,
			);
			path = Resources;
			sourceTree = "<group>";
		};
		D8FEB4A519F0024C008BB5D5 /* Images */ = {
			isa = PBXGroup;
			children = (
				D8FEB4A619F0024C008BB5D5 /* icon_128x128.png */,
			);
			path = Images;
			sourceTree = "<group>";
		};
		D8FEB4A819F00279008BB5D5 /* SampleData */ = {
			isa = PBXGroup;
			children = (
				D8FEB4A919F00279008BB5D5 /* message.json */,
			);
			path = SampleData;
			sourceTree = "<group>";
		};
		D8FEB4AD19F002A6008BB5D5 /* Models */ = {
			isa = PBXGroup;
			children = (
				D8FEB4AE19F002BA008BB5D5 /* PosMessage.h */,
				D8FEB4AF19F002BA008BB5D5 /* PosMessage.m */,
			);
			path = Models;
			sourceTree = "<group>";
		};
		D8FEB4CA19F01239008BB5D5 /* Views */ = {
			isa = PBXGroup;
			children = (
				D8FEB4CB19F01239008BB5D5 /* UILabel+MixFont.h */,
				D8FEB4CC19F01239008BB5D5 /* UILabel+MixFont.m */,
			);
			path = Views;
			sourceTree = "<group>";
		};
/* End PBXGroup section */

/* Begin PBXNativeTarget section */
		D8FEB40319EFF331008BB5D5 /* MiniPOS */ = {
			isa = PBXNativeTarget;
			buildConfigurationList = D8FEB43919EFF331008BB5D5 /* Build configuration list for PBXNativeTarget "MiniPOS" */;
			buildPhases = (
				D8FEB40019EFF331008BB5D5 /* Sources */,
				D8FEB40119EFF331008BB5D5 /* Frameworks */,
				D8FEB40219EFF331008BB5D5 /* Resources */,
			);
			buildRules = (
			);
			dependencies = (
			);
			name = MiniPOS;
			productName = MiniPOS;
			productReference = D8FEB40419EFF331008BB5D5 /* MiniPOS.app */;
			productType = "com.apple.product-type.application";
		};
		D8FEB42719EFF331008BB5D5 /* MiniPOSTests */ = {
			isa = PBXNativeTarget;
			buildConfigurationList = D8FEB43C19EFF331008BB5D5 /* Build configuration list for PBXNativeTarget "MiniPOSTests" */;
			buildPhases = (
				D8FEB42419EFF331008BB5D5 /* Sources */,
				D8FEB42519EFF331008BB5D5 /* Frameworks */,
				D8FEB42619EFF331008BB5D5 /* Resources */,
			);
			buildRules = (
			);
			dependencies = (
				D8FEB42E19EFF331008BB5D5 /* PBXTargetDependency */,
			);
			name = MiniPOSTests;
			productName = MiniPOSTests;
			productReference = D8FEB42819EFF331008BB5D5 /* MiniPOSTests.xctest */;
			productType = "com.apple.product-type.bundle.unit-test";
		};
/* End PBXNativeTarget section */

/* Begin PBXProject section */
		D8FEB3FC19EFF331008BB5D5 /* Project object */ = {
			isa = PBXProject;
			attributes = {
				CLASSPREFIX = STB;
				LastUpgradeCheck = 0510;
				ORGANIZATIONNAME = STB;
				TargetAttributes = {
					D8FEB42719EFF331008BB5D5 = {
						TestTargetID = D8FEB40319EFF331008BB5D5;
					};
				};
			};
			buildConfigurationList = D8FEB3FF19EFF331008BB5D5 /* Build configuration list for PBXProject "MiniPOS" */;
			compatibilityVersion = "Xcode 3.2";
			developmentRegion = English;
			hasScannedForEncodings = 0;
			knownRegions = (
				en,
				Base,
			);
			mainGroup = D8FEB3FB19EFF331008BB5D5;
			productRefGroup = D8FEB40519EFF331008BB5D5 /* Products */;
			projectDirPath = "";
			projectRoot = "";
			targets = (
				D8FEB40319EFF331008BB5D5 /* MiniPOS */,
				D8FEB42719EFF331008BB5D5 /* MiniPOSTests */,
			);
		};
/* End PBXProject section */

/* Begin PBXResourcesBuildPhase section */
		D8FEB40219EFF331008BB5D5 /* Resources */ = {
			isa = PBXResourcesBuildPhase;
			buildActionMask = 2147483647;
			files = (
				D8FEB44B19EFF839008BB5D5 /* MessagingStoryboard.storyboard in Resources */,
				D8FEB41E19EFF331008BB5D5 /* Main_iPad.storyboard in Resources */,
				D8FEB42319EFF331008BB5D5 /* Images.xcassets in Resources */,
				D8FEB4AB19F00279008BB5D5 /* message.json in Resources */,
				D8FEB41B19EFF331008BB5D5 /* Main_iPhone.storyboard in Resources */,
				D8FEB41219EFF331008BB5D5 /* InfoPlist.strings in Resources */,
				D8FEB4A719F0024C008BB5D5 /* icon_128x128.png in Resources */,
			);
			runOnlyForDeploymentPostprocessing = 0;
		};
		D8FEB42619EFF331008BB5D5 /* Resources */ = {
			isa = PBXResourcesBuildPhase;
			buildActionMask = 2147483647;
			files = (
				D8FEB43419EFF331008BB5D5 /* InfoPlist.strings in Resources */,
			);
			runOnlyForDeploymentPostprocessing = 0;
		};
/* End PBXResourcesBuildPhase section */

/* Begin PBXSourcesBuildPhase section */
		D8FEB40019EFF331008BB5D5 /* Sources */ = {
			isa = PBXSourcesBuildPhase;
			buildActionMask = 2147483647;
			files = (
				D8FEB49019EFFC2D008BB5D5 /* STBCenterViewController.m in Sources */,
				D8FEB4D319F035E8008BB5D5 /* SignatureCell.m in Sources */,
				D8FEB44F19EFF865008BB5D5 /* NSString+Size.m in Sources */,
				D8FEB47919EFF8F1008BB5D5 /* UIPopoverController+Block.m in Sources */,
				D8FEB4BE19F0109A008BB5D5 /* NSDictionary+Additions.m in Sources */,
				D8FEB4CD19F01239008BB5D5 /* UILabel+MixFont.m in Sources */,
				D8FEB4BF19F0109A008BB5D5 /* NSMutableArray+Extended.m in Sources */,
				D8FEB48019EFF967008BB5D5 /* STBBaseViewController.m in Sources */,
				D8FEB46F19EFF89E008BB5D5 /* UIActionSheet+Block.m in Sources */,
				D8FEB4BD19F0109A008BB5D5 /* GTMNSString+HTML.m in Sources */,
				D8FEB49619EFFC59008BB5D5 /* STBMessagingViewController.m in Sources */,
				D8FEB4C019F0109A008BB5D5 /* NSString+Extended.m in Sources */,
				D8FEB46B19EFF89E008BB5D5 /* NSURLConnection+Block.m in Sources */,
				D8FEB48119EFF967008BB5D5 /* STBNavigationController.m in Sources */,
				D8FEB48919EFFA7C008BB5D5 /* AppUtils.m in Sources */,
				D8FEB4C819F0120E008BB5D5 /* NSString+DrawText.m in Sources */,
				D8FEB47119EFF89E008BB5D5 /* UINavigationController+Block.m in Sources */,
				D8FEB46C19EFF89E008BB5D5 /* MFMailComposeViewController+Block.m in Sources */,
				D8FEB48B19EFFA7C008BB5D5 /* SettingsManager.m in Sources */,
				D8FEB48A19EFFA7C008BB5D5 /* LogReporterManager.m in Sources */,
				D8FEB46D19EFF89E008BB5D5 /* MFMessageComposeViewController+Block.m in Sources */,
				D8FEB4B419F0066D008BB5D5 /* STBDataFormatter.m in Sources */,
				D8FEB4B019F002BA008BB5D5 /* PosMessage.m in Sources */,
				D8FEB49319EFFC45008BB5D5 /* STBViewController.m in Sources */,
				D8FEB4C319F01119008BB5D5 /* NSUserDefaults+Utils.m in Sources */,
				D8FEB41819EFF331008BB5D5 /* STBAppDelegate.m in Sources */,
				D8FEB47819EFF8F1008BB5D5 /* UIPickerView+Block.m in Sources */,
				D8FEB4D019F035D4008BB5D5 /* TransactionInfoCell.m in Sources */,
				D8FEB47019EFF89E008BB5D5 /* UIAlertView+Block.m in Sources */,
				D8FEB46A19EFF89E008BB5D5 /* CLLocationManager+Block.m in Sources */,
				D8FEB41419EFF331008BB5D5 /* main.m in Sources */,
			);
			runOnlyForDeploymentPostprocessing = 0;
		};
		D8FEB42419EFF331008BB5D5 /* Sources */ = {
			isa = PBXSourcesBuildPhase;
			buildActionMask = 2147483647;
			files = (
				D8FEB43619EFF331008BB5D5 /* MiniPOSTests.m in Sources */,
			);
			runOnlyForDeploymentPostprocessing = 0;
		};
/* End PBXSourcesBuildPhase section */

/* Begin PBXTargetDependency section */
		D8FEB42E19EFF331008BB5D5 /* PBXTargetDependency */ = {
			isa = PBXTargetDependency;
			target = D8FEB40319EFF331008BB5D5 /* MiniPOS */;
			targetProxy = D8FEB42D19EFF331008BB5D5 /* PBXContainerItemProxy */;
		};
/* End PBXTargetDependency section */

/* Begin PBXVariantGroup section */
		D8FEB41019EFF331008BB5D5 /* InfoPlist.strings */ = {
			isa = PBXVariantGroup;
			children = (
				D8FEB41119EFF331008BB5D5 /* en */,
			);
			name = InfoPlist.strings;
			sourceTree = "<group>";
		};
		D8FEB41919EFF331008BB5D5 /* Main_iPhone.storyboard */ = {
			isa = PBXVariantGroup;
			children = (
				D8FEB41A19EFF331008BB5D5 /* Base */,
			);
			name = Main_iPhone.storyboard;
			path = ..;
			sourceTree = "<group>";
		};
		D8FEB41C19EFF331008BB5D5 /* Main_iPad.storyboard */ = {
			isa = PBXVariantGroup;
			children = (
				D8FEB41D19EFF331008BB5D5 /* Base */,
			);
			name = Main_iPad.storyboard;
			path = ..;
			sourceTree = "<group>";
		};
		D8FEB43219EFF331008BB5D5 /* InfoPlist.strings */ = {
			isa = PBXVariantGroup;
			children = (
				D8FEB43319EFF331008BB5D5 /* en */,
			);
			name = InfoPlist.strings;
			sourceTree = "<group>";
		};
/* End PBXVariantGroup section */

/* Begin XCBuildConfiguration section */
		D8FEB43719EFF331008BB5D5 /* Debug */ = {
			isa = XCBuildConfiguration;
			buildSettings = {
				ALWAYS_SEARCH_USER_PATHS = NO;
				CLANG_CXX_LANGUAGE_STANDARD = "gnu++0x";
				CLANG_CXX_LIBRARY = "libc++";
				CLANG_ENABLE_MODULES = YES;
				CLANG_ENABLE_OBJC_ARC = YES;
				CLANG_WARN_BOOL_CONVERSION = YES;
				CLANG_WARN_CONSTANT_CONVERSION = YES;
				CLANG_WARN_DIRECT_OBJC_ISA_USAGE = YES_ERROR;
				CLANG_WARN_EMPTY_BODY = YES;
				CLANG_WARN_ENUM_CONVERSION = YES;
				CLANG_WARN_INT_CONVERSION = YES;
				CLANG_WARN_OBJC_ROOT_CLASS = YES_ERROR;
				CLANG_WARN__DUPLICATE_METHOD_MATCH = YES;
				"CODE_SIGN_IDENTITY[sdk=iphoneos*]" = "iPhone Developer";
				COPY_PHASE_STRIP = NO;
				GCC_C_LANGUAGE_STANDARD = gnu99;
				GCC_DYNAMIC_NO_PIC = NO;
				GCC_OPTIMIZATION_LEVEL = 0;
				GCC_PREPROCESSOR_DEFINITIONS = (
					"DEBUG=1",
					"$(inherited)",
				);
				GCC_SYMBOLS_PRIVATE_EXTERN = NO;
				GCC_WARN_64_TO_32_BIT_CONVERSION = YES;
				GCC_WARN_ABOUT_RETURN_TYPE = YES_ERROR;
				GCC_WARN_UNDECLARED_SELECTOR = YES;
				GCC_WARN_UNINITIALIZED_AUTOS = YES_AGGRESSIVE;
				GCC_WARN_UNUSED_FUNCTION = YES;
				GCC_WARN_UNUSED_VARIABLE = YES;
				IPHONEOS_DEPLOYMENT_TARGET = 6.0;
				ONLY_ACTIVE_ARCH = YES;
				SDKROOT = iphoneos;
				TARGETED_DEVICE_FAMILY = "1,2";
			};
			name = Debug;
		};
		D8FEB43819EFF331008BB5D5 /* Release */ = {
			isa = XCBuildConfiguration;
			buildSettings = {
				ALWAYS_SEARCH_USER_PATHS = NO;
				CLANG_CXX_LANGUAGE_STANDARD = "gnu++0x";
				CLANG_CXX_LIBRARY = "libc++";
				CLANG_ENABLE_MODULES = YES;
				CLANG_ENABLE_OBJC_ARC = YES;
				CLANG_WARN_BOOL_CONVERSION = YES;
				CLANG_WARN_CONSTANT_CONVERSION = YES;
				CLANG_WARN_DIRECT_OBJC_ISA_USAGE = YES_ERROR;
				CLANG_WARN_EMPTY_BODY = YES;
				CLANG_WARN_ENUM_CONVERSION = YES;
				CLANG_WARN_INT_CONVERSION = YES;
				CLANG_WARN_OBJC_ROOT_CLASS = YES_ERROR;
				CLANG_WARN__DUPLICATE_METHOD_MATCH = YES;
				"CODE_SIGN_IDENTITY[sdk=iphoneos*]" = "iPhone Developer";
				COPY_PHASE_STRIP = YES;
				ENABLE_NS_ASSERTIONS = NO;
				GCC_C_LANGUAGE_STANDARD = gnu99;
				GCC_WARN_64_TO_32_BIT_CONVERSION = YES;
				GCC_WARN_ABOUT_RETURN_TYPE = YES_ERROR;
				GCC_WARN_UNDECLARED_SELECTOR = YES;
				GCC_WARN_UNINITIALIZED_AUTOS = YES_AGGRESSIVE;
				GCC_WARN_UNUSED_FUNCTION = YES;
				GCC_WARN_UNUSED_VARIABLE = YES;
				IPHONEOS_DEPLOYMENT_TARGET = 6.0;
				SDKROOT = iphoneos;
				TARGETED_DEVICE_FAMILY = "1,2";
				VALIDATE_PRODUCT = YES;
			};
			name = Release;
		};
		D8FEB43A19EFF331008BB5D5 /* Debug */ = {
			isa = XCBuildConfiguration;
			buildSettings = {
				ASSETCATALOG_COMPILER_APPICON_NAME = AppIcon;
				ASSETCATALOG_COMPILER_LAUNCHIMAGE_NAME = LaunchImage;
				FRAMEWORK_SEARCH_PATHS = (
					"$(inherited)",
					"$(PROJECT_DIR)/External/LibiSMP_v4.01",
				);
				GCC_PRECOMPILE_PREFIX_HEADER = YES;
				GCC_PREFIX_HEADER = "MiniPOS/MiniPOS-Prefix.pch";
				GCC_WARN_UNDECLARED_SELECTOR = NO;
				INFOPLIST_FILE = "MiniPOS/MiniPOS-Info.plist";
				PRODUCT_NAME = "$(TARGET_NAME)";
				WARNING_CFLAGS = "-Wno-arc-performSelector-leaks";
				WRAPPER_EXTENSION = app;
			};
			name = Debug;
		};
		D8FEB43B19EFF331008BB5D5 /* Release */ = {
			isa = XCBuildConfiguration;
			buildSettings = {
				ASSETCATALOG_COMPILER_APPICON_NAME = AppIcon;
				ASSETCATALOG_COMPILER_LAUNCHIMAGE_NAME = LaunchImage;
				FRAMEWORK_SEARCH_PATHS = (
					"$(inherited)",
					"$(PROJECT_DIR)/External/LibiSMP_v4.01",
				);
				GCC_PRECOMPILE_PREFIX_HEADER = YES;
				GCC_PREFIX_HEADER = "MiniPOS/MiniPOS-Prefix.pch";
				GCC_WARN_UNDECLARED_SELECTOR = NO;
				INFOPLIST_FILE = "MiniPOS/MiniPOS-Info.plist";
				PRODUCT_NAME = "$(TARGET_NAME)";
				WARNING_CFLAGS = "-Wno-arc-performSelector-leaks";
				WRAPPER_EXTENSION = app;
			};
			name = Release;
		};
		D8FEB43D19EFF331008BB5D5 /* Debug */ = {
			isa = XCBuildConfiguration;
			buildSettings = {
				BUNDLE_LOADER = "$(BUILT_PRODUCTS_DIR)/MiniPOS.app/MiniPOS";
				FRAMEWORK_SEARCH_PATHS = (
					"$(SDKROOT)/Developer/Library/Frameworks",
					"$(inherited)",
					"$(DEVELOPER_FRAMEWORKS_DIR)",
				);
				GCC_PRECOMPILE_PREFIX_HEADER = YES;
				GCC_PREFIX_HEADER = "MiniPOS/MiniPOS-Prefix.pch";
				GCC_PREPROCESSOR_DEFINITIONS = (
					"DEBUG=1",
					"$(inherited)",
				);
				INFOPLIST_FILE = "MiniPOSTests/MiniPOSTests-Info.plist";
				PRODUCT_NAME = "$(TARGET_NAME)";
				TEST_HOST = "$(BUNDLE_LOADER)";
				WRAPPER_EXTENSION = xctest;
			};
			name = Debug;
		};
		D8FEB43E19EFF331008BB5D5 /* Release */ = {
			isa = XCBuildConfiguration;
			buildSettings = {
				BUNDLE_LOADER = "$(BUILT_PRODUCTS_DIR)/MiniPOS.app/MiniPOS";
				FRAMEWORK_SEARCH_PATHS = (
					"$(SDKROOT)/Developer/Library/Frameworks",
					"$(inherited)",
					"$(DEVELOPER_FRAMEWORKS_DIR)",
				);
				GCC_PRECOMPILE_PREFIX_HEADER = YES;
				GCC_PREFIX_HEADER = "MiniPOS/MiniPOS-Prefix.pch";
				INFOPLIST_FILE = "MiniPOSTests/MiniPOSTests-Info.plist";
				PRODUCT_NAME = "$(TARGET_NAME)";
				TEST_HOST = "$(BUNDLE_LOADER)";
				WRAPPER_EXTENSION = xctest;
			};
			name = Release;
		};
/* End XCBuildConfiguration section */

/* Begin XCConfigurationList section */
		D8FEB3FF19EFF331008BB5D5 /* Build configuration list for PBXProject "MiniPOS" */ = {
			isa = XCConfigurationList;
			buildConfigurations = (
				D8FEB43719EFF331008BB5D5 /* Debug */,
				D8FEB43819EFF331008BB5D5 /* Release */,
			);
			defaultConfigurationIsVisible = 0;
			defaultConfigurationName = Release;
		};
		D8FEB43919EFF331008BB5D5 /* Build configuration list for PBXNativeTarget "MiniPOS" */ = {
			isa = XCConfigurationList;
			buildConfigurations = (
				D8FEB43A19EFF331008BB5D5 /* Debug */,
				D8FEB43B19EFF331008BB5D5 /* Release */,
			);
			defaultConfigurationIsVisible = 0;
		};
		D8FEB43C19EFF331008BB5D5 /* Build configuration list for PBXNativeTarget "MiniPOSTests" */ = {
			isa = XCConfigurationList;
			buildConfigurations = (
				D8FEB43D19EFF331008BB5D5 /* Debug */,
				D8FEB43E19EFF331008BB5D5 /* Release */,
			);
			defaultConfigurationIsVisible = 0;
		};
/* End XCConfigurationList section */
	};
	rootObject = D8FEB3FC19EFF331008BB5D5 /* Project object */;
}
