// !$*UTF8*$!
{
	archiveVersion = 1;
	classes = {
	};
	objectVersion = 46;
	objects = {

/* Begin PBXBuildFile section */
		0110E1FA17423D0D007B64C7 /* SPPTest_003.m in Sources */ = {isa = PBXBuildFile; fileRef = 0110E1F917423D0D007B64C7 /* SPPTest_003.m */; };
		013A2ED9176223AA00F41C80 /* ConfigurationTest_004.m in Sources */ = {isa = PBXBuildFile; fileRef = 013A2ED8176223AA00F41C80 /* ConfigurationTest_004.m */; };
		01479E25175CD043001F6B6E /* BCRTest_007.m in Sources */ = {isa = PBXBuildFile; fileRef = 01479E24175CD043001F6B6E /* BCRTest_007.m */; };
		1D60589F0D05DD5A006BFB54 /* Foundation.framework in Frameworks */ = {isa = PBXBuildFile; fileRef = 1D30AB110D05D00D00671497 /* Foundation.framework */; };
		1DF5F4E00D08C38300B7A737 /* UIKit.framework in Frameworks */ = {isa = PBXBuildFile; fileRef = 1DF5F4DF0D08C38300B7A737 /* UIKit.framework */; };
		288765A50DF7441C002DB57D /* CoreGraphics.framework in Frameworks */ = {isa = PBXBuildFile; fileRef = 288765A40DF7441C002DB57D /* CoreGraphics.framework */; };
		6BEE680215EB9F0B000617F8 /* SPPTest_002.m in Sources */ = {isa = PBXBuildFile; fileRef = 6BEE680115EB9F0B000617F8 /* SPPTest_002.m */; };
		9A082FE31352F0C5008F85E6 /* Security.framework in Frameworks */ = {isa = PBXBuildFile; fileRef = 9A082FE21352F0C5008F85E6 /* Security.framework */; };
		9A082FEB1352F106008F85E6 /* CFNetwork.framework in Frameworks */ = {isa = PBXBuildFile; fileRef = 9A082FEA1352F106008F85E6 /* CFNetwork.framework */; };
		9A17C1AE15AC375A00059E84 /* ConfigurationViewController.m in Sources */ = {isa = PBXBuildFile; fileRef = 9A17C1A515AC375A00059E84 /* ConfigurationViewController.m */; };
		9A17C1AF15AC375A00059E84 /* iSMPTestSuiteAppDelegate.m in Sources */ = {isa = PBXBuildFile; fileRef = 9A17C1A715AC375A00059E84 /* iSMPTestSuiteAppDelegate.m */; };
		9A17C1B015AC375A00059E84 /* iSMPTestSuiteViewController.m in Sources */ = {isa = PBXBuildFile; fileRef = 9A17C1A915AC375A00059E84 /* iSMPTestSuiteViewController.m */; };
		9A17C1B115AC375A00059E84 /* SettingsManager.m in Sources */ = {isa = PBXBuildFile; fileRef = 9A17C1AB15AC375A00059E84 /* SettingsManager.m */; };
		9A17C1B215AC375A00059E84 /* TestTableViewController.m in Sources */ = {isa = PBXBuildFile; fileRef = 9A17C1AD15AC375A00059E84 /* TestTableViewController.m */; };
		9A17C1BD15AC376A00059E84 /* BasicTest.xib in Resources */ = {isa = PBXBuildFile; fileRef = 9A17C1B415AC376A00059E84 /* BasicTest.xib */; };
		9A17C1BE15AC376A00059E84 /* BundleImagePicker.xib in Resources */ = {isa = PBXBuildFile; fileRef = 9A17C1B515AC376A00059E84 /* BundleImagePicker.xib */; };
		9A17C1BF15AC376A00059E84 /* ConfigurationViewController.xib in Resources */ = {isa = PBXBuildFile; fileRef = 9A17C1B615AC376A00059E84 /* ConfigurationViewController.xib */; };
		9A17C1C015AC376A00059E84 /* EfficiencyTest.xib in Resources */ = {isa = PBXBuildFile; fileRef = 9A17C1B715AC376A00059E84 /* EfficiencyTest.xib */; };
		9A17C1C115AC376A00059E84 /* FontPicker.xib in Resources */ = {isa = PBXBuildFile; fileRef = 9A17C1B815AC376A00059E84 /* FontPicker.xib */; };
		9A17C1C215AC376A00059E84 /* iSMPTestSuiteViewController.xib in Resources */ = {isa = PBXBuildFile; fileRef = 9A17C1B915AC376A00059E84 /* iSMPTestSuiteViewController.xib */; };
		9A17C1C315AC376A00059E84 /* MainWindow.xib in Resources */ = {isa = PBXBuildFile; fileRef = 9A17C1BA15AC376A00059E84 /* MainWindow.xib */; };
		9A17C1C415AC376A00059E84 /* TestTableViewController.xib in Resources */ = {isa = PBXBuildFile; fileRef = 9A17C1BB15AC376A00059E84 /* TestTableViewController.xib */; };
		9A17C1D115AC37A400059E84 /* BundleImagePicker.m in Sources */ = {isa = PBXBuildFile; fileRef = 9A17C1C615AC37A400059E84 /* BundleImagePicker.m */; };
		9A17C1D315AC37A400059E84 /* FontPicker.m in Sources */ = {isa = PBXBuildFile; fileRef = 9A17C1CA15AC37A400059E84 /* FontPicker.m */; };
		9A17C1D415AC37A400059E84 /* ICPdfReceipt.m in Sources */ = {isa = PBXBuildFile; fileRef = 9A17C1CC15AC37A400059E84 /* ICPdfReceipt.m */; };
		9A17C1D515AC37A400059E84 /* ICSignatureView.m in Sources */ = {isa = PBXBuildFile; fileRef = 9A17C1CE15AC37A400059E84 /* ICSignatureView.m */; };
		9A17C1D915AC37E800059E84 /* BasicSPPTest.m in Sources */ = {isa = PBXBuildFile; fileRef = 9A17C1D815AC37E800059E84 /* BasicSPPTest.m */; };
		9A17C1DC15AC37F200059E84 /* TestCategoryManager.m in Sources */ = {isa = PBXBuildFile; fileRef = 9A17C1DB15AC37F200059E84 /* TestCategoryManager.m */; };
		9A17C1E015AC380B00059E84 /* BasicBarcodeReaderTest.m in Sources */ = {isa = PBXBuildFile; fileRef = 9A17C1DE15AC380B00059E84 /* BasicBarcodeReaderTest.m */; };
		9A17C1E415AC381E00059E84 /* BasicNetworkTest.m in Sources */ = {isa = PBXBuildFile; fileRef = 9A17C1E315AC381E00059E84 /* BasicNetworkTest.m */; };
		9A17C1E715AC383400059E84 /* BasicTransactionTest.m in Sources */ = {isa = PBXBuildFile; fileRef = 9A17C1E515AC383400059E84 /* BasicTransactionTest.m */; };
		9A17C1EC15AC384300059E84 /* BasicPrintingTest.m in Sources */ = {isa = PBXBuildFile; fileRef = 9A17C1EA15AC384300059E84 /* BasicPrintingTest.m */; };
		9A17C1F115AC386900059E84 /* BasicConfigurationTest.m in Sources */ = {isa = PBXBuildFile; fileRef = 9A17C1EF15AC386900059E84 /* BasicConfigurationTest.m */; };
		9A17C1F615AC388100059E84 /* BasicTest.m in Sources */ = {isa = PBXBuildFile; fileRef = 9A17C1F415AC388100059E84 /* BasicTest.m */; };
		9A17C20515AC39C200059E84 /* SPPTest_001.m in Sources */ = {isa = PBXBuildFile; fileRef = 9A17C20415AC39C200059E84 /* SPPTest_001.m */; };
		9A17C21215AC3A1E00059E84 /* BCRTest_001.m in Sources */ = {isa = PBXBuildFile; fileRef = 9A17C20715AC3A1E00059E84 /* BCRTest_001.m */; };
		9A17C21315AC3A1E00059E84 /* BCRTest_002.m in Sources */ = {isa = PBXBuildFile; fileRef = 9A17C20915AC3A1E00059E84 /* BCRTest_002.m */; };
		9A17C21415AC3A1E00059E84 /* BCRTest_004.m in Sources */ = {isa = PBXBuildFile; fileRef = 9A17C20B15AC3A1E00059E84 /* BCRTest_004.m */; };
		9A17C21515AC3A1E00059E84 /* BCRTest_005.m in Sources */ = {isa = PBXBuildFile; fileRef = 9A17C20D15AC3A1E00059E84 /* BCRTest_005.m */; };
		9A17C21615AC3A1E00059E84 /* BCRTest_006.m in Sources */ = {isa = PBXBuildFile; fileRef = 9A17C20F15AC3A1E00059E84 /* BCRTest_006.m */; };
		9A17C21715AC3A1E00059E84 /* BCRTest_003.m in Sources */ = {isa = PBXBuildFile; fileRef = 9A17C21115AC3A1E00059E84 /* BCRTest_003.m */; };
		9A17C22F15AC4C8900059E84 /* BCRTest_008.m in Sources */ = {isa = PBXBuildFile; fileRef = 9A17C21F15AC4C8900059E84 /* BCRTest_008.m */; };
		9A17C23115AC4C8900059E84 /* BCRTest_010.m in Sources */ = {isa = PBXBuildFile; fileRef = 9A17C22315AC4C8900059E84 /* BCRTest_010.m */; };
		9A17C23215AC4C8900059E84 /* BCRTest_011.m in Sources */ = {isa = PBXBuildFile; fileRef = 9A17C22515AC4C8900059E84 /* BCRTest_011.m */; };
		9A17C23315AC4C8900059E84 /* BCRTest_012.m in Sources */ = {isa = PBXBuildFile; fileRef = 9A17C22715AC4C8900059E84 /* BCRTest_012.m */; };
		9A17C23415AC4C8900059E84 /* CameraOverlayViewController.m in Sources */ = {isa = PBXBuildFile; fileRef = 9A17C22915AC4C8900059E84 /* CameraOverlayViewController.m */; };
		9A17C23515AC4C8900059E84 /* CameraOverlayViewController.xib in Resources */ = {isa = PBXBuildFile; fileRef = 9A17C22A15AC4C8900059E84 /* CameraOverlayViewController.xib */; };
		9A17C23615AC4C8900059E84 /* CustomImagePickerController.m in Sources */ = {isa = PBXBuildFile; fileRef = 9A17C22C15AC4C8900059E84 /* CustomImagePickerController.m */; };
		9A17C23C15AC531500059E84 /* NetworkTest_001.m in Sources */ = {isa = PBXBuildFile; fileRef = 9A17C23B15AC531500059E84 /* NetworkTest_001.m */; };
		9A17C25115AC534900059E84 /* PrinterTest_001.m in Sources */ = {isa = PBXBuildFile; fileRef = 9A17C25015AC534900059E84 /* PrinterTest_001.m */; };
		9A17C25E15AC53A200059E84 /* ConfigurationTest_005.m in Sources */ = {isa = PBXBuildFile; fileRef = 9A17C25315AC53A200059E84 /* ConfigurationTest_005.m */; };
		9A17C25F15AC53A200059E84 /* ConfigurationTest_023.m in Sources */ = {isa = PBXBuildFile; fileRef = 9A17C25515AC53A200059E84 /* ConfigurationTest_023.m */; };
		9A17C26015AC53A200059E84 /* ConfigurationTest_024.m in Sources */ = {isa = PBXBuildFile; fileRef = 9A17C25715AC53A200059E84 /* ConfigurationTest_024.m */; };
		9A17C26115AC53A200059E84 /* ConfigurationTest_026.m in Sources */ = {isa = PBXBuildFile; fileRef = 9A17C25915AC53A200059E84 /* ConfigurationTest_026.m */; };
		9A17C26215AC53A200059E84 /* ConfigurationTest_010.m in Sources */ = {isa = PBXBuildFile; fileRef = 9A17C25B15AC53A200059E84 /* ConfigurationTest_010.m */; };
		9A17C26315AC53A200059E84 /* ConfigurationTest_012.m in Sources */ = {isa = PBXBuildFile; fileRef = 9A17C25D15AC53A200059E84 /* ConfigurationTest_012.m */; };
		9A17C26C15AC53DC00059E84 /* ConfigurationTest_002.m in Sources */ = {isa = PBXBuildFile; fileRef = 9A17C26515AC53DC00059E84 /* ConfigurationTest_002.m */; };
		9A17C27815AC53F600059E84 /* ConfigurationTest_001.m in Sources */ = {isa = PBXBuildFile; fileRef = 9A17C27515AC53F600059E84 /* ConfigurationTest_001.m */; };
		9A17C28715AC543A00059E84 /* ConfigurationTest_003.m in Sources */ = {isa = PBXBuildFile; fileRef = 9A17C27A15AC543A00059E84 /* ConfigurationTest_003.m */; };
		9A17C28815AC543A00059E84 /* ConfigurationTest_022.m in Sources */ = {isa = PBXBuildFile; fileRef = 9A17C27C15AC543A00059E84 /* ConfigurationTest_022.m */; };
		9A17C28915AC543A00059E84 /* ConfigurationTest_006.m in Sources */ = {isa = PBXBuildFile; fileRef = 9A17C27E15AC543A00059E84 /* ConfigurationTest_006.m */; };
		9A17C28A15AC543A00059E84 /* ConfigurationTest_017.m in Sources */ = {isa = PBXBuildFile; fileRef = 9A17C28015AC543A00059E84 /* ConfigurationTest_017.m */; };
		9A17C28B15AC543A00059E84 /* ConfigurationTest_018.m in Sources */ = {isa = PBXBuildFile; fileRef = 9A17C28215AC543A00059E84 /* ConfigurationTest_018.m */; };
		9A17C28C15AC543A00059E84 /* ConfigurationTest_019.m in Sources */ = {isa = PBXBuildFile; fileRef = 9A17C28415AC543A00059E84 /* ConfigurationTest_019.m */; };
		9A17C28D15AC543A00059E84 /* ConfigurationTest_020.m in Sources */ = {isa = PBXBuildFile; fileRef = 9A17C28615AC543A00059E84 /* ConfigurationTest_020.m */; };
		9A17C29815AC546200059E84 /* ConfigurationTest_007.m in Sources */ = {isa = PBXBuildFile; fileRef = 9A17C28F15AC546200059E84 /* ConfigurationTest_007.m */; };
		9A17C29915AC546200059E84 /* ConfigurationTest_008.m in Sources */ = {isa = PBXBuildFile; fileRef = 9A17C29115AC546200059E84 /* ConfigurationTest_008.m */; };
		9A17C29C15AC546200059E84 /* ConfigurationTest_013.m in Sources */ = {isa = PBXBuildFile; fileRef = 9A17C29715AC546200059E84 /* ConfigurationTest_013.m */; };
		9A17C2A115AC547D00059E84 /* ConfigurationTest_009.m in Sources */ = {isa = PBXBuildFile; fileRef = 9A17C29E15AC547D00059E84 /* ConfigurationTest_009.m */; };
		9A17C2A215AC547D00059E84 /* ConfigurationTest_025.m in Sources */ = {isa = PBXBuildFile; fileRef = 9A17C2A015AC547D00059E84 /* ConfigurationTest_025.m */; };
		9A17C2AC15AC54A600059E84 /* ConfigurationTest_014.m in Sources */ = {isa = PBXBuildFile; fileRef = 9A17C2A415AC54A600059E84 /* ConfigurationTest_014.m */; };
		9A17C2AD15AC54A600059E84 /* ConfigurationTest_015.m in Sources */ = {isa = PBXBuildFile; fileRef = 9A17C2A615AC54A600059E84 /* ConfigurationTest_015.m */; };
		9A17C2AE15AC54A600059E84 /* ConfigurationTest_016.m in Sources */ = {isa = PBXBuildFile; fileRef = 9A17C2A815AC54A600059E84 /* ConfigurationTest_016.m */; };
		9A17C2B015AC54A600059E84 /* ConfigurationTest_011.m in Sources */ = {isa = PBXBuildFile; fileRef = 9A17C2AB15AC54A600059E84 /* ConfigurationTest_011.m */; };
		9A17C2B215AC54D400059E84 /* ConfigurationTest_020.xib in Resources */ = {isa = PBXBuildFile; fileRef = 9A17C2B115AC54D400059E84 /* ConfigurationTest_020.xib */; };
		9A17C2DE15AC552900059E84 /* main.m in Sources */ = {isa = PBXBuildFile; fileRef = 9A17C2DC15AC552900059E84 /* main.m */; };
		9A17C2E715AC559200059E84 /* TestGroups.plist in Resources */ = {isa = PBXBuildFile; fileRef = 9A17C2E415AC559200059E84 /* TestGroups.plist */; };
		9A17C2E815AC559200059E84 /* version.h.tpl in Resources */ = {isa = PBXBuildFile; fileRef = 9A17C2E515AC559200059E84 /* version.h.tpl */; };
		9A17C2EB15AC559A00059E84 /* group.png in Resources */ = {isa = PBXBuildFile; fileRef = 9A17C2E915AC559A00059E84 /* group.png */; };
		9A17C2EC15AC559A00059E84 /* icon_128x128.png in Resources */ = {isa = PBXBuildFile; fileRef = 9A17C2EA15AC559A00059E84 /* icon_128x128.png */; };
		9A17C2F715AC55A200059E84 /* iBP_Sample_1.jpg in Resources */ = {isa = PBXBuildFile; fileRef = 9A17C2EE15AC55A200059E84 /* iBP_Sample_1.jpg */; };
		9A17C2F815AC55A200059E84 /* iBP_Sample_2.png in Resources */ = {isa = PBXBuildFile; fileRef = 9A17C2EF15AC55A200059E84 /* iBP_Sample_2.png */; };
		9A17C2F915AC55A200059E84 /* iBP_Sample_3.jpeg in Resources */ = {isa = PBXBuildFile; fileRef = 9A17C2F015AC55A200059E84 /* iBP_Sample_3.jpeg */; };
		9A17C2FA15AC55A200059E84 /* iBP_Sample_4.jpg in Resources */ = {isa = PBXBuildFile; fileRef = 9A17C2F115AC55A200059E84 /* iBP_Sample_4.jpg */; };
		9A17C2FB15AC55A200059E84 /* iBP_Sample_5.jpg in Resources */ = {isa = PBXBuildFile; fileRef = 9A17C2F215AC55A200059E84 /* iBP_Sample_5.jpg */; };
		9A17C2FC15AC55A200059E84 /* iBP_Sample_6.jpg in Resources */ = {isa = PBXBuildFile; fileRef = 9A17C2F315AC55A200059E84 /* iBP_Sample_6.jpg */; };
		9A17C2FD15AC55A200059E84 /* iBP_Sample_7.png in Resources */ = {isa = PBXBuildFile; fileRef = 9A17C2F415AC55A200059E84 /* iBP_Sample_7.png */; };
		9A17C2FE15AC55A200059E84 /* iBP_Sample_8.png in Resources */ = {isa = PBXBuildFile; fileRef = 9A17C2F515AC55A200059E84 /* iBP_Sample_8.png */; };
		9A17C2FF15AC55A200059E84 /* iBP_Sample_9.png in Resources */ = {isa = PBXBuildFile; fileRef = 9A17C2F615AC55A200059E84 /* iBP_Sample_9.png */; };
		9A3C172D1609F8D3005C38E3 /* ConfigurationTest_021.m in Sources */ = {isa = PBXBuildFile; fileRef = 9A3C172C1609F8D3005C38E3 /* ConfigurationTest_021.m */; };
		9AC88C3712C8E29500F3D8E7 /* SystemConfiguration.framework in Frameworks */ = {isa = PBXBuildFile; fileRef = 9AC88C3612C8E29500F3D8E7 /* SystemConfiguration.framework */; };
		D573F3911670DD8D00821A1E /* MainWindow-iPad.xib in Resources */ = {isa = PBXBuildFile; fileRef = D573F3901670DD8D00821A1E /* MainWindow-iPad.xib */; };
		D579CF36164D64DC009CAD48 /* AVFoundation.framework in Frameworks */ = {isa = PBXBuildFile; fileRef = D579CF35164D64DC009CAD48 /* AVFoundation.framework */; };
		D579CF43164D6675009CAD48 /* AudioToolbox.framework in Frameworks */ = {isa = PBXBuildFile; fileRef = D579CF42164D6675009CAD48 /* AudioToolbox.framework */; };
		D579CF4B164D6D40009CAD48 /* tone_saw_tooth_225_200hz.caf in Resources */ = {isa = PBXBuildFile; fileRef = D579CF45164D6D40009CAD48 /* tone_saw_tooth_225_200hz.caf */; };
		D579CF4C164D6D40009CAD48 /* tone_sine_2700_3000hz.caf in Resources */ = {isa = PBXBuildFile; fileRef = D579CF46164D6D40009CAD48 /* tone_sine_2700_3000hz.caf */; };
		D579CF4D164D6D40009CAD48 /* tone_sine_2700hz.caf in Resources */ = {isa = PBXBuildFile; fileRef = D579CF47164D6D40009CAD48 /* tone_sine_2700hz.caf */; };
		D579CF4E164D6D40009CAD48 /* tone_sine_3000_3300hz.caf in Resources */ = {isa = PBXBuildFile; fileRef = D579CF48164D6D40009CAD48 /* tone_sine_3000_3300hz.caf */; };
		D579CF4F164D6D40009CAD48 /* tone_sine_3000hz.caf in Resources */ = {isa = PBXBuildFile; fileRef = D579CF49164D6D40009CAD48 /* tone_sine_3000hz.caf */; };
		D579CF50164D6D40009CAD48 /* tone_sine_3700_4000hz.caf in Resources */ = {isa = PBXBuildFile; fileRef = D579CF4A164D6D40009CAD48 /* tone_sine_3700_4000hz.caf */; };
		D5C08C5317A92E3A003BA6A8 /* LogReporterManager.m in Sources */ = {isa = PBXBuildFile; fileRef = D5C08C5217A92E3A003BA6A8 /* LogReporterManager.m */; };
		D5C08C5517A92E64003BA6A8 /* MessageUI.framework in Frameworks */ = {isa = PBXBuildFile; fileRef = D5C08C5417A92E64003BA6A8 /* MessageUI.framework */; };
		D826AD7719E83AFC00624CB4 /* ExternalAccessory.framework in Frameworks */ = {isa = PBXBuildFile; fileRef = D826AD7619E83AFC00624CB4 /* ExternalAccessory.framework */; };
		D826AD7919E842C100624CB4 /* iSMP.framework in Frameworks */ = {isa = PBXBuildFile; fileRef = D826AD7819E842C100624CB4 /* iSMP.framework */; };
		D827E22019ED987400951388 /* Default-568h@2x.png in Resources */ = {isa = PBXBuildFile; fileRef = D827E21F19ED987400951388 /* Default-568h@2x.png */; };
/* End PBXBuildFile section */

/* Begin PBXFileReference section */
		0105D68417FEBDFD00129E6E /* CompanionTest_Prefix.pch */ = {isa = PBXFileReference; fileEncoding = 4; lastKnownFileType = sourcecode.c.h; name = CompanionTest_Prefix.pch; path = OtherSources/CompanionTest_Prefix.pch; sourceTree = "<group>"; };
		0110E1F817423D0D007B64C7 /* SPPTest_003.h */ = {isa = PBXFileReference; fileEncoding = 4; lastKnownFileType = sourcecode.c.h; name = SPPTest_003.h; path = TestUnits/SPPTest/SPPTest_003.h; sourceTree = "<group>"; };
		0110E1F917423D0D007B64C7 /* SPPTest_003.m */ = {isa = PBXFileReference; fileEncoding = 4; lastKnownFileType = sourcecode.c.objc; name = SPPTest_003.m; path = TestUnits/SPPTest/SPPTest_003.m; sourceTree = "<group>"; };
		013A2ED7176223AA00F41C80 /* ConfigurationTest_004.h */ = {isa = PBXFileReference; fileEncoding = 4; lastKnownFileType = sourcecode.c.h; name = ConfigurationTest_004.h; path = TestUnits/ConfigurationTest/ConfigurationTest_004.h; sourceTree = "<group>"; };
		013A2ED8176223AA00F41C80 /* ConfigurationTest_004.m */ = {isa = PBXFileReference; fileEncoding = 4; lastKnownFileType = sourcecode.c.objc; name = ConfigurationTest_004.m; path = TestUnits/ConfigurationTest/ConfigurationTest_004.m; sourceTree = "<group>"; };
		01479E23175CD043001F6B6E /* BCRTest_007.h */ = {isa = PBXFileReference; fileEncoding = 4; lastKnownFileType = sourcecode.c.h; name = BCRTest_007.h; path = TestUnits/BCRTest/BCRTest_007.h; sourceTree = "<group>"; };
		01479E24175CD043001F6B6E /* BCRTest_007.m */ = {isa = PBXFileReference; fileEncoding = 4; lastKnownFileType = sourcecode.c.objc; name = BCRTest_007.m; path = TestUnits/BCRTest/BCRTest_007.m; sourceTree = "<group>"; };
		1D30AB110D05D00D00671497 /* Foundation.framework */ = {isa = PBXFileReference; lastKnownFileType = wrapper.framework; name = Foundation.framework; path = System/Library/Frameworks/Foundation.framework; sourceTree = SDKROOT; };
		1D6058910D05DD3D006BFB54 /* CompanionTest.app */ = {isa = PBXFileReference; explicitFileType = wrapper.application; includeInIndex = 0; path = CompanionTest.app; sourceTree = BUILT_PRODUCTS_DIR; };
		1DF5F4DF0D08C38300B7A737 /* UIKit.framework */ = {isa = PBXFileReference; lastKnownFileType = wrapper.framework; name = UIKit.framework; path = System/Library/Frameworks/UIKit.framework; sourceTree = SDKROOT; };
		288765A40DF7441C002DB57D /* CoreGraphics.framework */ = {isa = PBXFileReference; lastKnownFileType = wrapper.framework; name = CoreGraphics.framework; path = System/Library/Frameworks/CoreGraphics.framework; sourceTree = SDKROOT; };
		6BEE680015EB9F0B000617F8 /* SPPTest_002.h */ = {isa = PBXFileReference; fileEncoding = 4; lastKnownFileType = sourcecode.c.h; name = SPPTest_002.h; path = TestUnits/SPPTest/SPPTest_002.h; sourceTree = "<group>"; };
		6BEE680115EB9F0B000617F8 /* SPPTest_002.m */ = {isa = PBXFileReference; fileEncoding = 4; lastKnownFileType = sourcecode.c.objc; name = SPPTest_002.m; path = TestUnits/SPPTest/SPPTest_002.m; sourceTree = "<group>"; };
		9A082FE21352F0C5008F85E6 /* Security.framework */ = {isa = PBXFileReference; lastKnownFileType = wrapper.framework; name = Security.framework; path = System/Library/Frameworks/Security.framework; sourceTree = SDKROOT; };
		9A082FEA1352F106008F85E6 /* CFNetwork.framework */ = {isa = PBXFileReference; lastKnownFileType = wrapper.framework; name = CFNetwork.framework; path = System/Library/Frameworks/CFNetwork.framework; sourceTree = SDKROOT; };
		9A17C1A415AC375A00059E84 /* ConfigurationViewController.h */ = {isa = PBXFileReference; fileEncoding = 4; lastKnownFileType = sourcecode.c.h; name = ConfigurationViewController.h; path = App/ConfigurationViewController.h; sourceTree = SOURCE_ROOT; };
		9A17C1A515AC375A00059E84 /* ConfigurationViewController.m */ = {isa = PBXFileReference; fileEncoding = 4; lastKnownFileType = sourcecode.c.objc; name = ConfigurationViewController.m; path = App/ConfigurationViewController.m; sourceTree = SOURCE_ROOT; };
		9A17C1A615AC375A00059E84 /* iSMPTestSuiteAppDelegate.h */ = {isa = PBXFileReference; fileEncoding = 4; lastKnownFileType = sourcecode.c.h; name = iSMPTestSuiteAppDelegate.h; path = App/iSMPTestSuiteAppDelegate.h; sourceTree = SOURCE_ROOT; };
		9A17C1A715AC375A00059E84 /* iSMPTestSuiteAppDelegate.m */ = {isa = PBXFileReference; fileEncoding = 4; lastKnownFileType = sourcecode.c.objc; name = iSMPTestSuiteAppDelegate.m; path = App/iSMPTestSuiteAppDelegate.m; sourceTree = SOURCE_ROOT; };
		9A17C1A815AC375A00059E84 /* iSMPTestSuiteViewController.h */ = {isa = PBXFileReference; fileEncoding = 4; lastKnownFileType = sourcecode.c.h; name = iSMPTestSuiteViewController.h; path = App/iSMPTestSuiteViewController.h; sourceTree = SOURCE_ROOT; };
		9A17C1A915AC375A00059E84 /* iSMPTestSuiteViewController.m */ = {isa = PBXFileReference; fileEncoding = 4; lastKnownFileType = sourcecode.c.objc; name = iSMPTestSuiteViewController.m; path = App/iSMPTestSuiteViewController.m; sourceTree = SOURCE_ROOT; };
		9A17C1AA15AC375A00059E84 /* SettingsManager.h */ = {isa = PBXFileReference; fileEncoding = 4; lastKnownFileType = sourcecode.c.h; name = SettingsManager.h; path = App/SettingsManager.h; sourceTree = SOURCE_ROOT; };
		9A17C1AB15AC375A00059E84 /* SettingsManager.m */ = {isa = PBXFileReference; fileEncoding = 4; lastKnownFileType = sourcecode.c.objc; name = SettingsManager.m; path = App/SettingsManager.m; sourceTree = SOURCE_ROOT; };
		9A17C1AC15AC375A00059E84 /* TestTableViewController.h */ = {isa = PBXFileReference; fileEncoding = 4; lastKnownFileType = sourcecode.c.h; name = TestTableViewController.h; path = App/TestTableViewController.h; sourceTree = SOURCE_ROOT; };
		9A17C1AD15AC375A00059E84 /* TestTableViewController.m */ = {isa = PBXFileReference; fileEncoding = 4; lastKnownFileType = sourcecode.c.objc; name = TestTableViewController.m; path = App/TestTableViewController.m; sourceTree = SOURCE_ROOT; };
		9A17C1B415AC376A00059E84 /* BasicTest.xib */ = {isa = PBXFileReference; fileEncoding = 4; lastKnownFileType = file.xib; name = BasicTest.xib; path = Xibs/BasicTest.xib; sourceTree = "<group>"; };
		9A17C1B515AC376A00059E84 /* BundleImagePicker.xib */ = {isa = PBXFileReference; fileEncoding = 4; lastKnownFileType = file.xib; name = BundleImagePicker.xib; path = Xibs/BundleImagePicker.xib; sourceTree = "<group>"; };
		9A17C1B615AC376A00059E84 /* ConfigurationViewController.xib */ = {isa = PBXFileReference; fileEncoding = 4; lastKnownFileType = file.xib; name = ConfigurationViewController.xib; path = Xibs/ConfigurationViewController.xib; sourceTree = "<group>"; };
		9A17C1B715AC376A00059E84 /* EfficiencyTest.xib */ = {isa = PBXFileReference; fileEncoding = 4; lastKnownFileType = file.xib; name = EfficiencyTest.xib; path = Xibs/EfficiencyTest.xib; sourceTree = "<group>"; };
		9A17C1B815AC376A00059E84 /* FontPicker.xib */ = {isa = PBXFileReference; fileEncoding = 4; lastKnownFileType = file.xib; name = FontPicker.xib; path = Xibs/FontPicker.xib; sourceTree = "<group>"; };
		9A17C1B915AC376A00059E84 /* iSMPTestSuiteViewController.xib */ = {isa = PBXFileReference; fileEncoding = 4; lastKnownFileType = file.xib; name = iSMPTestSuiteViewController.xib; path = Xibs/iSMPTestSuiteViewController.xib; sourceTree = "<group>"; };
		9A17C1BA15AC376A00059E84 /* MainWindow.xib */ = {isa = PBXFileReference; fileEncoding = 4; lastKnownFileType = file.xib; name = MainWindow.xib; path = Xibs/MainWindow.xib; sourceTree = "<group>"; };
		9A17C1BB15AC376A00059E84 /* TestTableViewController.xib */ = {isa = PBXFileReference; fileEncoding = 4; lastKnownFileType = file.xib; name = TestTableViewController.xib; path = Xibs/TestTableViewController.xib; sourceTree = "<group>"; };
		9A17C1C515AC37A400059E84 /* BundleImagePicker.h */ = {isa = PBXFileReference; fileEncoding = 4; lastKnownFileType = sourcecode.c.h; name = BundleImagePicker.h; path = Helpers/BundleImagePicker.h; sourceTree = "<group>"; };
		9A17C1C615AC37A400059E84 /* BundleImagePicker.m */ = {isa = PBXFileReference; fileEncoding = 4; lastKnownFileType = sourcecode.c.objc; name = BundleImagePicker.m; path = Helpers/BundleImagePicker.m; sourceTree = "<group>"; };
		9A17C1C915AC37A400059E84 /* FontPicker.h */ = {isa = PBXFileReference; fileEncoding = 4; lastKnownFileType = sourcecode.c.h; name = FontPicker.h; path = Helpers/FontPicker.h; sourceTree = "<group>"; };
		9A17C1CA15AC37A400059E84 /* FontPicker.m */ = {isa = PBXFileReference; fileEncoding = 4; lastKnownFileType = sourcecode.c.objc; name = FontPicker.m; path = Helpers/FontPicker.m; sourceTree = "<group>"; };
		9A17C1CB15AC37A400059E84 /* ICPdfReceipt.h */ = {isa = PBXFileReference; fileEncoding = 4; lastKnownFileType = sourcecode.c.h; name = ICPdfReceipt.h; path = Helpers/ICPdfReceipt.h; sourceTree = "<group>"; };
		9A17C1CC15AC37A400059E84 /* ICPdfReceipt.m */ = {isa = PBXFileReference; fileEncoding = 4; lastKnownFileType = sourcecode.c.objc; name = ICPdfReceipt.m; path = Helpers/ICPdfReceipt.m; sourceTree = "<group>"; };
		9A17C1CD15AC37A400059E84 /* ICSignatureView.h */ = {isa = PBXFileReference; fileEncoding = 4; lastKnownFileType = sourcecode.c.h; name = ICSignatureView.h; path = Helpers/ICSignatureView.h; sourceTree = "<group>"; };
		9A17C1CE15AC37A400059E84 /* ICSignatureView.m */ = {isa = PBXFileReference; fileEncoding = 4; lastKnownFileType = sourcecode.c.objc; name = ICSignatureView.m; path = Helpers/ICSignatureView.m; sourceTree = "<group>"; };
		9A17C1D715AC37E800059E84 /* BasicSPPTest.h */ = {isa = PBXFileReference; fileEncoding = 4; lastKnownFileType = sourcecode.c.h; name = BasicSPPTest.h; path = TestGroups/BasicSPPTest.h; sourceTree = "<group>"; };
		9A17C1D815AC37E800059E84 /* BasicSPPTest.m */ = {isa = PBXFileReference; fileEncoding = 4; lastKnownFileType = sourcecode.c.objc; name = BasicSPPTest.m; path = TestGroups/BasicSPPTest.m; sourceTree = "<group>"; };
		9A17C1DA15AC37F200059E84 /* TestCategoryManager.h */ = {isa = PBXFileReference; fileEncoding = 4; lastKnownFileType = sourcecode.c.h; name = TestCategoryManager.h; path = TestGroups/TestCategoryManager.h; sourceTree = "<group>"; };
		9A17C1DB15AC37F200059E84 /* TestCategoryManager.m */ = {isa = PBXFileReference; fileEncoding = 4; lastKnownFileType = sourcecode.c.objc; name = TestCategoryManager.m; path = TestGroups/TestCategoryManager.m; sourceTree = "<group>"; };
		9A17C1DD15AC380B00059E84 /* BasicBarcodeReaderTest.h */ = {isa = PBXFileReference; fileEncoding = 4; lastKnownFileType = sourcecode.c.h; name = BasicBarcodeReaderTest.h; path = TestGroups/BasicBarcodeReaderTest.h; sourceTree = "<group>"; };
		9A17C1DE15AC380B00059E84 /* BasicBarcodeReaderTest.m */ = {isa = PBXFileReference; fileEncoding = 4; lastKnownFileType = sourcecode.c.objc; name = BasicBarcodeReaderTest.m; path = TestGroups/BasicBarcodeReaderTest.m; sourceTree = "<group>"; };
		9A17C1E215AC381E00059E84 /* BasicNetworkTest.h */ = {isa = PBXFileReference; fileEncoding = 4; lastKnownFileType = sourcecode.c.h; name = BasicNetworkTest.h; path = TestGroups/BasicNetworkTest.h; sourceTree = "<group>"; };
		9A17C1E315AC381E00059E84 /* BasicNetworkTest.m */ = {isa = PBXFileReference; fileEncoding = 4; lastKnownFileType = sourcecode.c.objc; name = BasicNetworkTest.m; path = TestGroups/BasicNetworkTest.m; sourceTree = "<group>"; };
		9A17C1E515AC383400059E84 /* BasicTransactionTest.m */ = {isa = PBXFileReference; fileEncoding = 4; lastKnownFileType = sourcecode.c.objc; name = BasicTransactionTest.m; path = TestGroups/BasicTransactionTest.m; sourceTree = "<group>"; };
		9A17C1E915AC384300059E84 /* BasicPrintingTest.h */ = {isa = PBXFileReference; fileEncoding = 4; lastKnownFileType = sourcecode.c.h; name = BasicPrintingTest.h; path = TestGroups/BasicPrintingTest.h; sourceTree = "<group>"; };
		9A17C1EA15AC384300059E84 /* BasicPrintingTest.m */ = {isa = PBXFileReference; fileEncoding = 4; lastKnownFileType = sourcecode.c.objc; name = BasicPrintingTest.m; path = TestGroups/BasicPrintingTest.m; sourceTree = "<group>"; };
		9A17C1EE15AC386900059E84 /* BasicConfigurationTest.h */ = {isa = PBXFileReference; fileEncoding = 4; lastKnownFileType = sourcecode.c.h; name = BasicConfigurationTest.h; path = TestGroups/BasicConfigurationTest.h; sourceTree = "<group>"; };
		9A17C1EF15AC386900059E84 /* BasicConfigurationTest.m */ = {isa = PBXFileReference; fileEncoding = 4; lastKnownFileType = sourcecode.c.objc; name = BasicConfigurationTest.m; path = TestGroups/BasicConfigurationTest.m; sourceTree = "<group>"; };
		9A17C1F315AC388100059E84 /* BasicTest.h */ = {isa = PBXFileReference; fileEncoding = 4; lastKnownFileType = sourcecode.c.h; name = BasicTest.h; path = TestGroups/BasicTest.h; sourceTree = "<group>"; };
		9A17C1F415AC388100059E84 /* BasicTest.m */ = {isa = PBXFileReference; fileEncoding = 4; lastKnownFileType = sourcecode.c.objc; name = BasicTest.m; path = TestGroups/BasicTest.m; sourceTree = "<group>"; };
		9A17C1F515AC388100059E84 /* BasicTransactionTest.h */ = {isa = PBXFileReference; fileEncoding = 4; lastKnownFileType = sourcecode.c.h; name = BasicTransactionTest.h; path = TestGroups/BasicTransactionTest.h; sourceTree = "<group>"; };
		9A17C20315AC39C200059E84 /* SPPTest_001.h */ = {isa = PBXFileReference; fileEncoding = 4; lastKnownFileType = sourcecode.c.h; name = SPPTest_001.h; path = TestUnits/SPPTest/SPPTest_001.h; sourceTree = "<group>"; };
		9A17C20415AC39C200059E84 /* SPPTest_001.m */ = {isa = PBXFileReference; fileEncoding = 4; lastKnownFileType = sourcecode.c.objc; name = SPPTest_001.m; path = TestUnits/SPPTest/SPPTest_001.m; sourceTree = "<group>"; };
		9A17C20615AC3A1E00059E84 /* BCRTest_001.h */ = {isa = PBXFileReference; fileEncoding = 4; lastKnownFileType = sourcecode.c.h; name = BCRTest_001.h; path = TestUnits/BCRTest/BCRTest_001.h; sourceTree = "<group>"; };
		9A17C20715AC3A1E00059E84 /* BCRTest_001.m */ = {isa = PBXFileReference; fileEncoding = 4; lastKnownFileType = sourcecode.c.objc; name = BCRTest_001.m; path = TestUnits/BCRTest/BCRTest_001.m; sourceTree = "<group>"; };
		9A17C20815AC3A1E00059E84 /* BCRTest_002.h */ = {isa = PBXFileReference; fileEncoding = 4; lastKnownFileType = sourcecode.c.h; name = BCRTest_002.h; path = TestUnits/BCRTest/BCRTest_002.h; sourceTree = "<group>"; };
		9A17C20915AC3A1E00059E84 /* BCRTest_002.m */ = {isa = PBXFileReference; fileEncoding = 4; lastKnownFileType = sourcecode.c.objc; name = BCRTest_002.m; path = TestUnits/BCRTest/BCRTest_002.m; sourceTree = "<group>"; };
		9A17C20A15AC3A1E00059E84 /* BCRTest_004.h */ = {isa = PBXFileReference; fileEncoding = 4; lastKnownFileType = sourcecode.c.h; name = BCRTest_004.h; path = TestUnits/BCRTest/BCRTest_004.h; sourceTree = "<group>"; };
		9A17C20B15AC3A1E00059E84 /* BCRTest_004.m */ = {isa = PBXFileReference; fileEncoding = 4; lastKnownFileType = sourcecode.c.objc; name = BCRTest_004.m; path = TestUnits/BCRTest/BCRTest_004.m; sourceTree = "<group>"; };
		9A17C20C15AC3A1E00059E84 /* BCRTest_005.h */ = {isa = PBXFileReference; fileEncoding = 4; lastKnownFileType = sourcecode.c.h; name = BCRTest_005.h; path = TestUnits/BCRTest/BCRTest_005.h; sourceTree = "<group>"; };
		9A17C20D15AC3A1E00059E84 /* BCRTest_005.m */ = {isa = PBXFileReference; fileEncoding = 4; lastKnownFileType = sourcecode.c.objc; name = BCRTest_005.m; path = TestUnits/BCRTest/BCRTest_005.m; sourceTree = "<group>"; };
		9A17C20E15AC3A1E00059E84 /* BCRTest_006.h */ = {isa = PBXFileReference; fileEncoding = 4; lastKnownFileType = sourcecode.c.h; name = BCRTest_006.h; path = TestUnits/BCRTest/BCRTest_006.h; sourceTree = "<group>"; };
		9A17C20F15AC3A1E00059E84 /* BCRTest_006.m */ = {isa = PBXFileReference; fileEncoding = 4; lastKnownFileType = sourcecode.c.objc; name = BCRTest_006.m; path = TestUnits/BCRTest/BCRTest_006.m; sourceTree = "<group>"; };
		9A17C21015AC3A1E00059E84 /* BCRTest_003.h */ = {isa = PBXFileReference; fileEncoding = 4; lastKnownFileType = sourcecode.c.h; name = BCRTest_003.h; path = TestUnits/BCRTest/BCRTest_003.h; sourceTree = "<group>"; };
		9A17C21115AC3A1E00059E84 /* BCRTest_003.m */ = {isa = PBXFileReference; fileEncoding = 4; lastKnownFileType = sourcecode.c.objc; name = BCRTest_003.m; path = TestUnits/BCRTest/BCRTest_003.m; sourceTree = "<group>"; };
		9A17C21E15AC4C8900059E84 /* BCRTest_008.h */ = {isa = PBXFileReference; fileEncoding = 4; lastKnownFileType = sourcecode.c.h; name = BCRTest_008.h; path = TestUnits/BCRTest/BCRTest_008.h; sourceTree = "<group>"; };
		9A17C21F15AC4C8900059E84 /* BCRTest_008.m */ = {isa = PBXFileReference; fileEncoding = 4; lastKnownFileType = sourcecode.c.objc; name = BCRTest_008.m; path = TestUnits/BCRTest/BCRTest_008.m; sourceTree = "<group>"; };
		9A17C22215AC4C8900059E84 /* BCRTest_010.h */ = {isa = PBXFileReference; fileEncoding = 4; lastKnownFileType = sourcecode.c.h; name = BCRTest_010.h; path = TestUnits/BCRTest/BCRTest_010.h; sourceTree = "<group>"; };
		9A17C22315AC4C8900059E84 /* BCRTest_010.m */ = {isa = PBXFileReference; fileEncoding = 4; lastKnownFileType = sourcecode.c.objc; name = BCRTest_010.m; path = TestUnits/BCRTest/BCRTest_010.m; sourceTree = "<group>"; };
		9A17C22415AC4C8900059E84 /* BCRTest_011.h */ = {isa = PBXFileReference; fileEncoding = 4; lastKnownFileType = sourcecode.c.h; name = BCRTest_011.h; path = TestUnits/BCRTest/BCRTest_011.h; sourceTree = "<group>"; };
		9A17C22515AC4C8900059E84 /* BCRTest_011.m */ = {isa = PBXFileReference; fileEncoding = 4; lastKnownFileType = sourcecode.c.objc; name = BCRTest_011.m; path = TestUnits/BCRTest/BCRTest_011.m; sourceTree = "<group>"; };
		9A17C22615AC4C8900059E84 /* BCRTest_012.h */ = {isa = PBXFileReference; fileEncoding = 4; lastKnownFileType = sourcecode.c.h; name = BCRTest_012.h; path = TestUnits/BCRTest/BCRTest_012.h; sourceTree = "<group>"; };
		9A17C22715AC4C8900059E84 /* BCRTest_012.m */ = {isa = PBXFileReference; fileEncoding = 4; lastKnownFileType = sourcecode.c.objc; name = BCRTest_012.m; path = TestUnits/BCRTest/BCRTest_012.m; sourceTree = "<group>"; };
		9A17C22815AC4C8900059E84 /* CameraOverlayViewController.h */ = {isa = PBXFileReference; fileEncoding = 4; lastKnownFileType = sourcecode.c.h; name = CameraOverlayViewController.h; path = TestUnits/BCRTest/CameraOverlayViewController.h; sourceTree = "<group>"; };
		9A17C22915AC4C8900059E84 /* CameraOverlayViewController.m */ = {isa = PBXFileReference; fileEncoding = 4; lastKnownFileType = sourcecode.c.objc; name = CameraOverlayViewController.m; path = TestUnits/BCRTest/CameraOverlayViewController.m; sourceTree = "<group>"; };
		9A17C22A15AC4C8900059E84 /* CameraOverlayViewController.xib */ = {isa = PBXFileReference; fileEncoding = 4; lastKnownFileType = file.xib; name = CameraOverlayViewController.xib; path = TestUnits/BCRTest/CameraOverlayViewController.xib; sourceTree = "<group>"; };
		9A17C22B15AC4C8900059E84 /* CustomImagePickerController.h */ = {isa = PBXFileReference; fileEncoding = 4; lastKnownFileType = sourcecode.c.h; name = CustomImagePickerController.h; path = TestUnits/BCRTest/CustomImagePickerController.h; sourceTree = "<group>"; };
		9A17C22C15AC4C8900059E84 /* CustomImagePickerController.m */ = {isa = PBXFileReference; fileEncoding = 4; lastKnownFileType = sourcecode.c.objc; name = CustomImagePickerController.m; path = TestUnits/BCRTest/CustomImagePickerController.m; sourceTree = "<group>"; };
		9A17C23A15AC531500059E84 /* NetworkTest_001.h */ = {isa = PBXFileReference; fileEncoding = 4; lastKnownFileType = sourcecode.c.h; name = NetworkTest_001.h; path = TestUnits/NetworkTest/NetworkTest_001.h; sourceTree = "<group>"; };
		9A17C23B15AC531500059E84 /* NetworkTest_001.m */ = {isa = PBXFileReference; fileEncoding = 4; lastKnownFileType = sourcecode.c.objc; name = NetworkTest_001.m; path = TestUnits/NetworkTest/NetworkTest_001.m; sourceTree = "<group>"; };
		9A17C24F15AC534900059E84 /* PrinterTest_001.h */ = {isa = PBXFileReference; fileEncoding = 4; lastKnownFileType = sourcecode.c.h; name = PrinterTest_001.h; path = TestUnits/PrinterTest/PrinterTest_001.h; sourceTree = "<group>"; };
		9A17C25015AC534900059E84 /* PrinterTest_001.m */ = {isa = PBXFileReference; fileEncoding = 4; lastKnownFileType = sourcecode.c.objc; name = PrinterTest_001.m; path = TestUnits/PrinterTest/PrinterTest_001.m; sourceTree = "<group>"; };
		9A17C25215AC53A200059E84 /* ConfigurationTest_005.h */ = {isa = PBXFileReference; fileEncoding = 4; lastKnownFileType = sourcecode.c.h; name = ConfigurationTest_005.h; path = TestUnits/ConfigurationTest/ConfigurationTest_005.h; sourceTree = "<group>"; };
		9A17C25315AC53A200059E84 /* ConfigurationTest_005.m */ = {isa = PBXFileReference; fileEncoding = 4; lastKnownFileType = sourcecode.c.objc; name = ConfigurationTest_005.m; path = TestUnits/ConfigurationTest/ConfigurationTest_005.m; sourceTree = "<group>"; };
		9A17C25415AC53A200059E84 /* ConfigurationTest_023.h */ = {isa = PBXFileReference; fileEncoding = 4; lastKnownFileType = sourcecode.c.h; name = ConfigurationTest_023.h; path = TestUnits/ConfigurationTest/ConfigurationTest_023.h; sourceTree = "<group>"; };
		9A17C25515AC53A200059E84 /* ConfigurationTest_023.m */ = {isa = PBXFileReference; fileEncoding = 4; lastKnownFileType = sourcecode.c.objc; name = ConfigurationTest_023.m; path = TestUnits/ConfigurationTest/ConfigurationTest_023.m; sourceTree = "<group>"; };
		9A17C25615AC53A200059E84 /* ConfigurationTest_024.h */ = {isa = PBXFileReference; fileEncoding = 4; lastKnownFileType = sourcecode.c.h; name = ConfigurationTest_024.h; path = TestUnits/ConfigurationTest/ConfigurationTest_024.h; sourceTree = "<group>"; };
		9A17C25715AC53A200059E84 /* ConfigurationTest_024.m */ = {isa = PBXFileReference; fileEncoding = 4; lastKnownFileType = sourcecode.c.objc; name = ConfigurationTest_024.m; path = TestUnits/ConfigurationTest/ConfigurationTest_024.m; sourceTree = "<group>"; };
		9A17C25815AC53A200059E84 /* ConfigurationTest_026.h */ = {isa = PBXFileReference; fileEncoding = 4; lastKnownFileType = sourcecode.c.h; name = ConfigurationTest_026.h; path = TestUnits/ConfigurationTest/ConfigurationTest_026.h; sourceTree = "<group>"; };
		9A17C25915AC53A200059E84 /* ConfigurationTest_026.m */ = {isa = PBXFileReference; fileEncoding = 4; lastKnownFileType = sourcecode.c.objc; name = ConfigurationTest_026.m; path = TestUnits/ConfigurationTest/ConfigurationTest_026.m; sourceTree = "<group>"; };
		9A17C25A15AC53A200059E84 /* ConfigurationTest_010.h */ = {isa = PBXFileReference; fileEncoding = 4; lastKnownFileType = sourcecode.c.h; name = ConfigurationTest_010.h; path = TestUnits/ConfigurationTest/ConfigurationTest_010.h; sourceTree = "<group>"; };
		9A17C25B15AC53A200059E84 /* ConfigurationTest_010.m */ = {isa = PBXFileReference; fileEncoding = 4; lastKnownFileType = sourcecode.c.objc; name = ConfigurationTest_010.m; path = TestUnits/ConfigurationTest/ConfigurationTest_010.m; sourceTree = "<group>"; };
		9A17C25C15AC53A200059E84 /* ConfigurationTest_012.h */ = {isa = PBXFileReference; fileEncoding = 4; lastKnownFileType = sourcecode.c.h; name = ConfigurationTest_012.h; path = TestUnits/ConfigurationTest/ConfigurationTest_012.h; sourceTree = "<group>"; };
		9A17C25D15AC53A200059E84 /* ConfigurationTest_012.m */ = {isa = PBXFileReference; fileEncoding = 4; lastKnownFileType = sourcecode.c.objc; name = ConfigurationTest_012.m; path = TestUnits/ConfigurationTest/ConfigurationTest_012.m; sourceTree = "<group>"; };
		9A17C26415AC53DC00059E84 /* ConfigurationTest_002.h */ = {isa = PBXFileReference; fileEncoding = 4; lastKnownFileType = sourcecode.c.h; name = ConfigurationTest_002.h; path = TestUnits/ConfigurationTest/ConfigurationTest_002.h; sourceTree = "<group>"; };
		9A17C26515AC53DC00059E84 /* ConfigurationTest_002.m */ = {isa = PBXFileReference; fileEncoding = 4; lastKnownFileType = sourcecode.c.objc; name = ConfigurationTest_002.m; path = TestUnits/ConfigurationTest/ConfigurationTest_002.m; sourceTree = "<group>"; };
		9A17C27415AC53F600059E84 /* ConfigurationTest_001.h */ = {isa = PBXFileReference; fileEncoding = 4; lastKnownFileType = sourcecode.c.h; name = ConfigurationTest_001.h; path = TestUnits/ConfigurationTest/ConfigurationTest_001.h; sourceTree = "<group>"; };
		9A17C27515AC53F600059E84 /* ConfigurationTest_001.m */ = {isa = PBXFileReference; fileEncoding = 4; lastKnownFileType = sourcecode.c.objc; name = ConfigurationTest_001.m; path = TestUnits/ConfigurationTest/ConfigurationTest_001.m; sourceTree = "<group>"; };
		9A17C27915AC543A00059E84 /* ConfigurationTest_003.h */ = {isa = PBXFileReference; fileEncoding = 4; lastKnownFileType = sourcecode.c.h; name = ConfigurationTest_003.h; path = TestUnits/ConfigurationTest/ConfigurationTest_003.h; sourceTree = "<group>"; };
		9A17C27A15AC543A00059E84 /* ConfigurationTest_003.m */ = {isa = PBXFileReference; fileEncoding = 4; lastKnownFileType = sourcecode.c.objc; name = ConfigurationTest_003.m; path = TestUnits/ConfigurationTest/ConfigurationTest_003.m; sourceTree = "<group>"; };
		9A17C27B15AC543A00059E84 /* ConfigurationTest_022.h */ = {isa = PBXFileReference; fileEncoding = 4; lastKnownFileType = sourcecode.c.h; name = ConfigurationTest_022.h; path = TestUnits/ConfigurationTest/ConfigurationTest_022.h; sourceTree = "<group>"; };
		9A17C27C15AC543A00059E84 /* ConfigurationTest_022.m */ = {isa = PBXFileReference; fileEncoding = 4; lastKnownFileType = sourcecode.c.objc; name = ConfigurationTest_022.m; path = TestUnits/ConfigurationTest/ConfigurationTest_022.m; sourceTree = "<group>"; };
		9A17C27D15AC543A00059E84 /* ConfigurationTest_006.h */ = {isa = PBXFileReference; fileEncoding = 4; lastKnownFileType = sourcecode.c.h; name = ConfigurationTest_006.h; path = TestUnits/ConfigurationTest/ConfigurationTest_006.h; sourceTree = "<group>"; };
		9A17C27E15AC543A00059E84 /* ConfigurationTest_006.m */ = {isa = PBXFileReference; fileEncoding = 4; lastKnownFileType = sourcecode.c.objc; name = ConfigurationTest_006.m; path = TestUnits/ConfigurationTest/ConfigurationTest_006.m; sourceTree = "<group>"; };
		9A17C27F15AC543A00059E84 /* ConfigurationTest_017.h */ = {isa = PBXFileReference; fileEncoding = 4; lastKnownFileType = sourcecode.c.h; name = ConfigurationTest_017.h; path = TestUnits/ConfigurationTest/ConfigurationTest_017.h; sourceTree = "<group>"; };
		9A17C28015AC543A00059E84 /* ConfigurationTest_017.m */ = {isa = PBXFileReference; fileEncoding = 4; lastKnownFileType = sourcecode.c.objc; name = ConfigurationTest_017.m; path = TestUnits/ConfigurationTest/ConfigurationTest_017.m; sourceTree = "<group>"; };
		9A17C28115AC543A00059E84 /* ConfigurationTest_018.h */ = {isa = PBXFileReference; fileEncoding = 4; lastKnownFileType = sourcecode.c.h; name = ConfigurationTest_018.h; path = TestUnits/ConfigurationTest/ConfigurationTest_018.h; sourceTree = "<group>"; };
		9A17C28215AC543A00059E84 /* ConfigurationTest_018.m */ = {isa = PBXFileReference; fileEncoding = 4; lastKnownFileType = sourcecode.c.objc; name = ConfigurationTest_018.m; path = TestUnits/ConfigurationTest/ConfigurationTest_018.m; sourceTree = "<group>"; };
		9A17C28315AC543A00059E84 /* ConfigurationTest_019.h */ = {isa = PBXFileReference; fileEncoding = 4; lastKnownFileType = sourcecode.c.h; name = ConfigurationTest_019.h; path = TestUnits/ConfigurationTest/ConfigurationTest_019.h; sourceTree = "<group>"; };
		9A17C28415AC543A00059E84 /* ConfigurationTest_019.m */ = {isa = PBXFileReference; fileEncoding = 4; lastKnownFileType = sourcecode.c.objc; name = ConfigurationTest_019.m; path = TestUnits/ConfigurationTest/ConfigurationTest_019.m; sourceTree = "<group>"; };
		9A17C28515AC543A00059E84 /* ConfigurationTest_020.h */ = {isa = PBXFileReference; fileEncoding = 4; lastKnownFileType = sourcecode.c.h; name = ConfigurationTest_020.h; path = TestUnits/ConfigurationTest/ConfigurationTest_020.h; sourceTree = "<group>"; };
		9A17C28615AC543A00059E84 /* ConfigurationTest_020.m */ = {isa = PBXFileReference; fileEncoding = 4; lastKnownFileType = sourcecode.c.objc; name = ConfigurationTest_020.m; path = TestUnits/ConfigurationTest/ConfigurationTest_020.m; sourceTree = "<group>"; };
		9A17C28E15AC546200059E84 /* ConfigurationTest_007.h */ = {isa = PBXFileReference; fileEncoding = 4; lastKnownFileType = sourcecode.c.h; name = ConfigurationTest_007.h; path = TestUnits/ConfigurationTest/ConfigurationTest_007.h; sourceTree = "<group>"; };
		9A17C28F15AC546200059E84 /* ConfigurationTest_007.m */ = {isa = PBXFileReference; fileEncoding = 4; lastKnownFileType = sourcecode.c.objc; name = ConfigurationTest_007.m; path = TestUnits/ConfigurationTest/ConfigurationTest_007.m; sourceTree = "<group>"; };
		9A17C29015AC546200059E84 /* ConfigurationTest_008.h */ = {isa = PBXFileReference; fileEncoding = 4; lastKnownFileType = sourcecode.c.h; name = ConfigurationTest_008.h; path = TestUnits/ConfigurationTest/ConfigurationTest_008.h; sourceTree = "<group>"; };
		9A17C29115AC546200059E84 /* ConfigurationTest_008.m */ = {isa = PBXFileReference; fileEncoding = 4; lastKnownFileType = sourcecode.c.objc; name = ConfigurationTest_008.m; path = TestUnits/ConfigurationTest/ConfigurationTest_008.m; sourceTree = "<group>"; };
		9A17C29615AC546200059E84 /* ConfigurationTest_013.h */ = {isa = PBXFileReference; fileEncoding = 4; lastKnownFileType = sourcecode.c.h; name = ConfigurationTest_013.h; path = TestUnits/ConfigurationTest/ConfigurationTest_013.h; sourceTree = "<group>"; };
		9A17C29715AC546200059E84 /* ConfigurationTest_013.m */ = {isa = PBXFileReference; fileEncoding = 4; lastKnownFileType = sourcecode.c.objc; name = ConfigurationTest_013.m; path = TestUnits/ConfigurationTest/ConfigurationTest_013.m; sourceTree = "<group>"; };
		9A17C29D15AC547D00059E84 /* ConfigurationTest_009.h */ = {isa = PBXFileReference; fileEncoding = 4; lastKnownFileType = sourcecode.c.h; name = ConfigurationTest_009.h; path = TestUnits/ConfigurationTest/ConfigurationTest_009.h; sourceTree = "<group>"; };
		9A17C29E15AC547D00059E84 /* ConfigurationTest_009.m */ = {isa = PBXFileReference; fileEncoding = 4; lastKnownFileType = sourcecode.c.objc; name = ConfigurationTest_009.m; path = TestUnits/ConfigurationTest/ConfigurationTest_009.m; sourceTree = "<group>"; };
		9A17C29F15AC547D00059E84 /* ConfigurationTest_025.h */ = {isa = PBXFileReference; fileEncoding = 4; lastKnownFileType = sourcecode.c.h; name = ConfigurationTest_025.h; path = TestUnits/ConfigurationTest/ConfigurationTest_025.h; sourceTree = "<group>"; };
		9A17C2A015AC547D00059E84 /* ConfigurationTest_025.m */ = {isa = PBXFileReference; fileEncoding = 4; lastKnownFileType = sourcecode.c.objc; name = ConfigurationTest_025.m; path = TestUnits/ConfigurationTest/ConfigurationTest_025.m; sourceTree = "<group>"; };
		9A17C2A315AC54A600059E84 /* ConfigurationTest_014.h */ = {isa = PBXFileReference; fileEncoding = 4; lastKnownFileType = sourcecode.c.h; name = ConfigurationTest_014.h; path = TestUnits/ConfigurationTest/ConfigurationTest_014.h; sourceTree = "<group>"; };
		9A17C2A415AC54A600059E84 /* ConfigurationTest_014.m */ = {isa = PBXFileReference; fileEncoding = 4; lastKnownFileType = sourcecode.c.objc; name = ConfigurationTest_014.m; path = TestUnits/ConfigurationTest/ConfigurationTest_014.m; sourceTree = "<group>"; };
		9A17C2A515AC54A600059E84 /* ConfigurationTest_015.h */ = {isa = PBXFileReference; fileEncoding = 4; lastKnownFileType = sourcecode.c.h; name = ConfigurationTest_015.h; path = TestUnits/ConfigurationTest/ConfigurationTest_015.h; sourceTree = "<group>"; };
		9A17C2A615AC54A600059E84 /* ConfigurationTest_015.m */ = {isa = PBXFileReference; fileEncoding = 4; lastKnownFileType = sourcecode.c.objc; name = ConfigurationTest_015.m; path = TestUnits/ConfigurationTest/ConfigurationTest_015.m; sourceTree = "<group>"; };
		9A17C2A715AC54A600059E84 /* ConfigurationTest_016.h */ = {isa = PBXFileReference; fileEncoding = 4; lastKnownFileType = sourcecode.c.h; name = ConfigurationTest_016.h; path = TestUnits/ConfigurationTest/ConfigurationTest_016.h; sourceTree = "<group>"; };
		9A17C2A815AC54A600059E84 /* ConfigurationTest_016.m */ = {isa = PBXFileReference; fileEncoding = 4; lastKnownFileType = sourcecode.c.objc; name = ConfigurationTest_016.m; path = TestUnits/ConfigurationTest/ConfigurationTest_016.m; sourceTree = "<group>"; };
		9A17C2AA15AC54A600059E84 /* ConfigurationTest_011.h */ = {isa = PBXFileReference; fileEncoding = 4; lastKnownFileType = sourcecode.c.h; name = ConfigurationTest_011.h; path = TestUnits/ConfigurationTest/ConfigurationTest_011.h; sourceTree = "<group>"; };
		9A17C2AB15AC54A600059E84 /* ConfigurationTest_011.m */ = {isa = PBXFileReference; fileEncoding = 4; lastKnownFileType = sourcecode.c.objc; name = ConfigurationTest_011.m; path = TestUnits/ConfigurationTest/ConfigurationTest_011.m; sourceTree = "<group>"; };
		9A17C2B115AC54D400059E84 /* ConfigurationTest_020.xib */ = {isa = PBXFileReference; fileEncoding = 4; lastKnownFileType = file.xib; name = ConfigurationTest_020.xib; path = TestUnits/ConfigurationTest/ConfigurationTest_020.xib; sourceTree = "<group>"; };
		9A17C2DC15AC552900059E84 /* main.m */ = {isa = PBXFileReference; fileEncoding = 4; lastKnownFileType = sourcecode.c.objc; name = main.m; path = OtherSources/main.m; sourceTree = "<group>"; };
		9A17C2E315AC559200059E84 /* CompanionTest-Info.plist */ = {isa = PBXFileReference; fileEncoding = 4; lastKnownFileType = text.plist.xml; name = "CompanionTest-Info.plist"; path = "Resources/App/CompanionTest-Info.plist"; sourceTree = "<group>"; };
		9A17C2E415AC559200059E84 /* TestGroups.plist */ = {isa = PBXFileReference; fileEncoding = 4; lastKnownFileType = text.plist.xml; name = TestGroups.plist; path = Resources/App/TestGroups.plist; sourceTree = "<group>"; };
		9A17C2E515AC559200059E84 /* version.h.tpl */ = {isa = PBXFileReference; fileEncoding = 4; lastKnownFileType = text; name = version.h.tpl; path = Resources/App/version.h.tpl; sourceTree = "<group>"; };
		9A17C2E915AC559A00059E84 /* group.png */ = {isa = PBXFileReference; lastKnownFileType = image.png; name = group.png; path = Resources/Bitmaps/group.png; sourceTree = "<group>"; };
		9A17C2EA15AC559A00059E84 /* icon_128x128.png */ = {isa = PBXFileReference; lastKnownFileType = image.png; name = icon_128x128.png; path = Resources/Bitmaps/icon_128x128.png; sourceTree = "<group>"; };
		9A17C2EE15AC55A200059E84 /* iBP_Sample_1.jpg */ = {isa = PBXFileReference; lastKnownFileType = image.jpeg; name = iBP_Sample_1.jpg; path = Resources/iBPTesting/iBP_Sample_1.jpg; sourceTree = "<group>"; };
		9A17C2EF15AC55A200059E84 /* iBP_Sample_2.png */ = {isa = PBXFileReference; lastKnownFileType = image.png; name = iBP_Sample_2.png; path = Resources/iBPTesting/iBP_Sample_2.png; sourceTree = "<group>"; };
		9A17C2F015AC55A200059E84 /* iBP_Sample_3.jpeg */ = {isa = PBXFileReference; lastKnownFileType = image.jpeg; name = iBP_Sample_3.jpeg; path = Resources/iBPTesting/iBP_Sample_3.jpeg; sourceTree = "<group>"; };
		9A17C2F115AC55A200059E84 /* iBP_Sample_4.jpg */ = {isa = PBXFileReference; lastKnownFileType = image.jpeg; name = iBP_Sample_4.jpg; path = Resources/iBPTesting/iBP_Sample_4.jpg; sourceTree = "<group>"; };
		9A17C2F215AC55A200059E84 /* iBP_Sample_5.jpg */ = {isa = PBXFileReference; lastKnownFileType = image.jpeg; name = iBP_Sample_5.jpg; path = Resources/iBPTesting/iBP_Sample_5.jpg; sourceTree = "<group>"; };
		9A17C2F315AC55A200059E84 /* iBP_Sample_6.jpg */ = {isa = PBXFileReference; lastKnownFileType = image.jpeg; name = iBP_Sample_6.jpg; path = Resources/iBPTesting/iBP_Sample_6.jpg; sourceTree = "<group>"; };
		9A17C2F415AC55A200059E84 /* iBP_Sample_7.png */ = {isa = PBXFileReference; lastKnownFileType = image.png; name = iBP_Sample_7.png; path = Resources/iBPTesting/iBP_Sample_7.png; sourceTree = "<group>"; };
		9A17C2F515AC55A200059E84 /* iBP_Sample_8.png */ = {isa = PBXFileReference; lastKnownFileType = image.png; name = iBP_Sample_8.png; path = Resources/iBPTesting/iBP_Sample_8.png; sourceTree = "<group>"; };
		9A17C2F615AC55A200059E84 /* iBP_Sample_9.png */ = {isa = PBXFileReference; lastKnownFileType = image.png; name = iBP_Sample_9.png; path = Resources/iBPTesting/iBP_Sample_9.png; sourceTree = "<group>"; };
		9A3C172B1609F8D3005C38E3 /* ConfigurationTest_021.h */ = {isa = PBXFileReference; fileEncoding = 4; lastKnownFileType = sourcecode.c.h; name = ConfigurationTest_021.h; path = TestUnits/ConfigurationTest/ConfigurationTest_021.h; sourceTree = "<group>"; };
		9A3C172C1609F8D3005C38E3 /* ConfigurationTest_021.m */ = {isa = PBXFileReference; fileEncoding = 4; lastKnownFileType = sourcecode.c.objc; name = ConfigurationTest_021.m; path = TestUnits/ConfigurationTest/ConfigurationTest_021.m; sourceTree = "<group>"; };
		9AC88C3612C8E29500F3D8E7 /* SystemConfiguration.framework */ = {isa = PBXFileReference; lastKnownFileType = wrapper.framework; name = SystemConfiguration.framework; path = System/Library/Frameworks/SystemConfiguration.framework; sourceTree = SDKROOT; };
		D573F3901670DD8D00821A1E /* MainWindow-iPad.xib */ = {isa = PBXFileReference; lastKnownFileType = file.xib; name = "MainWindow-iPad.xib"; path = "Xibs/iPad/MainWindow-iPad.xib"; sourceTree = "<group>"; };
		D579CF35164D64DC009CAD48 /* AVFoundation.framework */ = {isa = PBXFileReference; lastKnownFileType = wrapper.framework; name = AVFoundation.framework; path = System/Library/Frameworks/AVFoundation.framework; sourceTree = SDKROOT; };
		D579CF40164D65B1009CAD48 /* CoreAudio.framework */ = {isa = PBXFileReference; lastKnownFileType = wrapper.framework; name = CoreAudio.framework; path = System/Library/Frameworks/CoreAudio.framework; sourceTree = SDKROOT; };
		D579CF42164D6675009CAD48 /* AudioToolbox.framework */ = {isa = PBXFileReference; lastKnownFileType = wrapper.framework; name = AudioToolbox.framework; path = System/Library/Frameworks/AudioToolbox.framework; sourceTree = SDKROOT; };
		D579CF45164D6D40009CAD48 /* tone_saw_tooth_225_200hz.caf */ = {isa = PBXFileReference; lastKnownFileType = file; name = tone_saw_tooth_225_200hz.caf; path = Resources/Sounds/tone_saw_tooth_225_200hz.caf; sourceTree = "<group>"; };
		D579CF46164D6D40009CAD48 /* tone_sine_2700_3000hz.caf */ = {isa = PBXFileReference; lastKnownFileType = file; name = tone_sine_2700_3000hz.caf; path = Resources/Sounds/tone_sine_2700_3000hz.caf; sourceTree = "<group>"; };
		D579CF47164D6D40009CAD48 /* tone_sine_2700hz.caf */ = {isa = PBXFileReference; lastKnownFileType = file; name = tone_sine_2700hz.caf; path = Resources/Sounds/tone_sine_2700hz.caf; sourceTree = "<group>"; };
		D579CF48164D6D40009CAD48 /* tone_sine_3000_3300hz.caf */ = {isa = PBXFileReference; lastKnownFileType = file; name = tone_sine_3000_3300hz.caf; path = Resources/Sounds/tone_sine_3000_3300hz.caf; sourceTree = "<group>"; };
		D579CF49164D6D40009CAD48 /* tone_sine_3000hz.caf */ = {isa = PBXFileReference; lastKnownFileType = file; name = tone_sine_3000hz.caf; path = Resources/Sounds/tone_sine_3000hz.caf; sourceTree = "<group>"; };
		D579CF4A164D6D40009CAD48 /* tone_sine_3700_4000hz.caf */ = {isa = PBXFileReference; lastKnownFileType = file; name = tone_sine_3700_4000hz.caf; path = Resources/Sounds/tone_sine_3700_4000hz.caf; sourceTree = "<group>"; };
		D5C08C5117A92E3A003BA6A8 /* LogReporterManager.h */ = {isa = PBXFileReference; fileEncoding = 4; lastKnownFileType = sourcecode.c.h; name = LogReporterManager.h; path = App/LogReporterManager.h; sourceTree = SOURCE_ROOT; };
		D5C08C5217A92E3A003BA6A8 /* LogReporterManager.m */ = {isa = PBXFileReference; fileEncoding = 4; lastKnownFileType = sourcecode.c.objc; name = LogReporterManager.m; path = App/LogReporterManager.m; sourceTree = SOURCE_ROOT; };
		D5C08C5417A92E64003BA6A8 /* MessageUI.framework */ = {isa = PBXFileReference; lastKnownFileType = wrapper.framework; name = MessageUI.framework; path = System/Library/Frameworks/MessageUI.framework; sourceTree = SDKROOT; };
		D826AD7619E83AFC00624CB4 /* ExternalAccessory.framework */ = {isa = PBXFileReference; lastKnownFileType = wrapper.framework; name = ExternalAccessory.framework; path = System/Library/Frameworks/ExternalAccessory.framework; sourceTree = SDKROOT; };
		D826AD7819E842C100624CB4 /* iSMP.framework */ = {isa = PBXFileReference; lastKnownFileType = wrapper.framework; name = iSMP.framework; path = ExternalLibs/iSMP.framework; sourceTree = "<group>"; };
		D827E21F19ED987400951388 /* Default-568h@2x.png */ = {isa = PBXFileReference; lastKnownFileType = image.png; path = "Default-568h@2x.png"; sourceTree = "<group>"; };
/* End PBXFileReference section */

/* Begin PBXFrameworksBuildPhase section */
		1D60588F0D05DD3D006BFB54 /* Frameworks */ = {
			isa = PBXFrameworksBuildPhase;
			buildActionMask = 2147483647;
			files = (
				D826AD7719E83AFC00624CB4 /* ExternalAccessory.framework in Frameworks */,
				D5C08C5517A92E64003BA6A8 /* MessageUI.framework in Frameworks */,
				D579CF43164D6675009CAD48 /* AudioToolbox.framework in Frameworks */,
				D579CF36164D64DC009CAD48 /* AVFoundation.framework in Frameworks */,
				1D60589F0D05DD5A006BFB54 /* Foundation.framework in Frameworks */,
				1DF5F4E00D08C38300B7A737 /* UIKit.framework in Frameworks */,
				288765A50DF7441C002DB57D /* CoreGraphics.framework in Frameworks */,
				9AC88C3712C8E29500F3D8E7 /* SystemConfiguration.framework in Frameworks */,
				9A082FE31352F0C5008F85E6 /* Security.framework in Frameworks */,
				D826AD7919E842C100624CB4 /* iSMP.framework in Frameworks */,
				9A082FEB1352F106008F85E6 /* CFNetwork.framework in Frameworks */,
			);
			runOnlyForDeploymentPostprocessing = 0;
		};
/* End PBXFrameworksBuildPhase section */

/* Begin PBXGroup section */
		080E96DDFE201D6D7F000001 /* App */ = {
			isa = PBXGroup;
			children = (
				9A17C1A615AC375A00059E84 /* iSMPTestSuiteAppDelegate.h */,
				9A17C1A715AC375A00059E84 /* iSMPTestSuiteAppDelegate.m */,
				9A17C1A415AC375A00059E84 /* ConfigurationViewController.h */,
				9A17C1A515AC375A00059E84 /* ConfigurationViewController.m */,
				9A17C1A815AC375A00059E84 /* iSMPTestSuiteViewController.h */,
				9A17C1A915AC375A00059E84 /* iSMPTestSuiteViewController.m */,
				9A17C1AC15AC375A00059E84 /* TestTableViewController.h */,
				9A17C1AD15AC375A00059E84 /* TestTableViewController.m */,
				9A17C1AA15AC375A00059E84 /* SettingsManager.h */,
				9A17C1AB15AC375A00059E84 /* SettingsManager.m */,
				D5C08C5117A92E3A003BA6A8 /* LogReporterManager.h */,
				D5C08C5217A92E3A003BA6A8 /* LogReporterManager.m */,
			);
			name = App;
			path = Classes;
			sourceTree = "<group>";
		};
		19C28FACFE9D520D11CA2CBB /* Products */ = {
			isa = PBXGroup;
			children = (
				1D6058910D05DD3D006BFB54 /* CompanionTest.app */,
			);
			name = Products;
			sourceTree = "<group>";
		};
		29B97314FDCFA39411CA2CEA /* CustomTemplate */ = {
			isa = PBXGroup;
			children = (
				D827E21F19ED987400951388 /* Default-568h@2x.png */,
				080E96DDFE201D6D7F000001 /* App */,
				9A17C1A315AC373A00059E84 /* Xibs */,
				9AB85C3012CB8F6D0026AB85 /* Helper */,
				9AC421C712BF819F007EA873 /* Testing */,
				29B97315FDCFA39411CA2CEA /* Other Sources */,
				29B97317FDCFA39411CA2CEA /* Resources */,
				D573F38F1670DD8C00821A1E /* iPad */,
				9A17C30215AC55BB00059E84 /* ExternalLibs */,
				29B97323FDCFA39411CA2CEA /* Frameworks */,
				19C28FACFE9D520D11CA2CBB /* Products */,
			);
			name = CustomTemplate;
			sourceTree = "<group>";
		};
		29B97315FDCFA39411CA2CEA /* Other Sources */ = {
			isa = PBXGroup;
			children = (
				0105D68417FEBDFD00129E6E /* CompanionTest_Prefix.pch */,
				9A17C2DC15AC552900059E84 /* main.m */,
			);
			name = "Other Sources";
			sourceTree = "<group>";
		};
		29B97317FDCFA39411CA2CEA /* Resources */ = {
			isa = PBXGroup;
			children = (
				D579CF44164D6D24009CAD48 /* Sounds */,
				9A17C2E215AC555500059E84 /* App */,
				9A17C2E115AC554F00059E84 /* Bitmaps */,
				9A17C2E015AC554B00059E84 /* iBPTesting */,
			);
			name = Resources;
			sourceTree = "<group>";
		};
		29B97323FDCFA39411CA2CEA /* Frameworks */ = {
			isa = PBXGroup;
			children = (
				D826AD7619E83AFC00624CB4 /* ExternalAccessory.framework */,
				D5C08C5417A92E64003BA6A8 /* MessageUI.framework */,
				D579CF42164D6675009CAD48 /* AudioToolbox.framework */,
				D579CF40164D65B1009CAD48 /* CoreAudio.framework */,
				D579CF35164D64DC009CAD48 /* AVFoundation.framework */,
				1DF5F4DF0D08C38300B7A737 /* UIKit.framework */,
				1D30AB110D05D00D00671497 /* Foundation.framework */,
				288765A40DF7441C002DB57D /* CoreGraphics.framework */,
				9AC88C3612C8E29500F3D8E7 /* SystemConfiguration.framework */,
				9A082FE21352F0C5008F85E6 /* Security.framework */,
				9A082FEA1352F106008F85E6 /* CFNetwork.framework */,
			);
			name = Frameworks;
			sourceTree = "<group>";
		};
		9A17C1A315AC373A00059E84 /* Xibs */ = {
			isa = PBXGroup;
			children = (
				9A17C1BA15AC376A00059E84 /* MainWindow.xib */,
				9A17C1B915AC376A00059E84 /* iSMPTestSuiteViewController.xib */,
				9A17C1BB15AC376A00059E84 /* TestTableViewController.xib */,
				9A17C1B615AC376A00059E84 /* ConfigurationViewController.xib */,
				9A17C1B415AC376A00059E84 /* BasicTest.xib */,
				9A17C1B515AC376A00059E84 /* BundleImagePicker.xib */,
				9A17C1B715AC376A00059E84 /* EfficiencyTest.xib */,
				9A17C1B815AC376A00059E84 /* FontPicker.xib */,
			);
			name = Xibs;
			sourceTree = "<group>";
		};
		9A17C23815AC4C9800059E84 /* TriggerCameraSnapshot */ = {
			isa = PBXGroup;
			children = (
				9A17C22815AC4C8900059E84 /* CameraOverlayViewController.h */,
				9A17C22915AC4C8900059E84 /* CameraOverlayViewController.m */,
				9A17C22A15AC4C8900059E84 /* CameraOverlayViewController.xib */,
				9A17C22B15AC4C8900059E84 /* CustomImagePickerController.h */,
				9A17C22C15AC4C8900059E84 /* CustomImagePickerController.m */,
				9A17C22615AC4C8900059E84 /* BCRTest_012.h */,
				9A17C22715AC4C8900059E84 /* BCRTest_012.m */,
			);
			name = TriggerCameraSnapshot;
			sourceTree = "<group>";
		};
		9A17C2E015AC554B00059E84 /* iBPTesting */ = {
			isa = PBXGroup;
			children = (
				9A17C2EE15AC55A200059E84 /* iBP_Sample_1.jpg */,
				9A17C2EF15AC55A200059E84 /* iBP_Sample_2.png */,
				9A17C2F015AC55A200059E84 /* iBP_Sample_3.jpeg */,
				9A17C2F115AC55A200059E84 /* iBP_Sample_4.jpg */,
				9A17C2F215AC55A200059E84 /* iBP_Sample_5.jpg */,
				9A17C2F315AC55A200059E84 /* iBP_Sample_6.jpg */,
				9A17C2F415AC55A200059E84 /* iBP_Sample_7.png */,
				9A17C2F515AC55A200059E84 /* iBP_Sample_8.png */,
				9A17C2F615AC55A200059E84 /* iBP_Sample_9.png */,
			);
			name = iBPTesting;
			sourceTree = "<group>";
		};
		9A17C2E115AC554F00059E84 /* Bitmaps */ = {
			isa = PBXGroup;
			children = (
				9A17C2E915AC559A00059E84 /* group.png */,
				9A17C2EA15AC559A00059E84 /* icon_128x128.png */,
			);
			name = Bitmaps;
			sourceTree = "<group>";
		};
		9A17C2E215AC555500059E84 /* App */ = {
			isa = PBXGroup;
			children = (
				9A17C2E315AC559200059E84 /* CompanionTest-Info.plist */,
				9A17C2E415AC559200059E84 /* TestGroups.plist */,
				9A17C2E515AC559200059E84 /* version.h.tpl */,
			);
			name = App;
			sourceTree = "<group>";
		};
		9A17C30215AC55BB00059E84 /* ExternalLibs */ = {
			isa = PBXGroup;
			children = (
				D826AD7819E842C100624CB4 /* iSMP.framework */,
			);
			name = ExternalLibs;
			sourceTree = "<group>";
		};
		9A92305A156E8ACD0079C57B /* SPP */ = {
			isa = PBXGroup;
			children = (
				9A17C1D715AC37E800059E84 /* BasicSPPTest.h */,
				9A17C1D815AC37E800059E84 /* BasicSPPTest.m */,
			);
			name = SPP;
			sourceTree = "<group>";
		};
		9A923064156E8DC70079C57B /* SPP */ = {
			isa = PBXGroup;
			children = (
				9A17C20315AC39C200059E84 /* SPPTest_001.h */,
				9A17C20415AC39C200059E84 /* SPPTest_001.m */,
				6BEE680015EB9F0B000617F8 /* SPPTest_002.h */,
				6BEE680115EB9F0B000617F8 /* SPPTest_002.m */,
				0110E1F817423D0D007B64C7 /* SPPTest_003.h */,
				0110E1F917423D0D007B64C7 /* SPPTest_003.m */,
			);
			name = SPP;
			sourceTree = "<group>";
		};
		9AB85C3012CB8F6D0026AB85 /* Helper */ = {
			isa = PBXGroup;
			children = (
				9A17C1C515AC37A400059E84 /* BundleImagePicker.h */,
				9A17C1C615AC37A400059E84 /* BundleImagePicker.m */,
				9A17C1C915AC37A400059E84 /* FontPicker.h */,
				9A17C1CA15AC37A400059E84 /* FontPicker.m */,
				9A17C1CB15AC37A400059E84 /* ICPdfReceipt.h */,
				9A17C1CC15AC37A400059E84 /* ICPdfReceipt.m */,
				9A17C1CD15AC37A400059E84 /* ICSignatureView.h */,
				9A17C1CE15AC37A400059E84 /* ICSignatureView.m */,
			);
			name = Helper;
			sourceTree = "<group>";
		};
		9AC421C712BF819F007EA873 /* Testing */ = {
			isa = PBXGroup;
			children = (
				9AC88B3212C8A63D00F3D8E7 /* TestGroups */,
				9AC88B3312C8A65300F3D8E7 /* TestUnits */,
			);
			name = Testing;
			sourceTree = "<group>";
		};
		9AC51B9013AA5A9500E08E26 /* Stress Tests */ = {
			isa = PBXGroup;
			children = (
				01479E23175CD043001F6B6E /* BCRTest_007.h */,
				01479E24175CD043001F6B6E /* BCRTest_007.m */,
				9A17C20615AC3A1E00059E84 /* BCRTest_001.h */,
				9A17C20715AC3A1E00059E84 /* BCRTest_001.m */,
				9A17C20815AC3A1E00059E84 /* BCRTest_002.h */,
				9A17C20915AC3A1E00059E84 /* BCRTest_002.m */,
				9A17C20A15AC3A1E00059E84 /* BCRTest_004.h */,
				9A17C20B15AC3A1E00059E84 /* BCRTest_004.m */,
				9A17C20C15AC3A1E00059E84 /* BCRTest_005.h */,
				9A17C20D15AC3A1E00059E84 /* BCRTest_005.m */,
				9A17C20E15AC3A1E00059E84 /* BCRTest_006.h */,
				9A17C20F15AC3A1E00059E84 /* BCRTest_006.m */,
				9A17C21015AC3A1E00059E84 /* BCRTest_003.h */,
				9A17C21115AC3A1E00059E84 /* BCRTest_003.m */,
			);
			name = "Stress Tests";
			sourceTree = "<group>";
		};
		9AC737CD12F1D987007F8976 /* Power Management */ = {
			isa = PBXGroup;
			children = (
				9A17C27415AC53F600059E84 /* ConfigurationTest_001.h */,
				9A17C27515AC53F600059E84 /* ConfigurationTest_001.m */,
			);
			name = "Power Management";
			sourceTree = "<group>";
		};
		9AC737CE12F1D9DD007F8976 /* Device Configuration */ = {
			isa = PBXGroup;
			children = (
				9A17C27915AC543A00059E84 /* ConfigurationTest_003.h */,
				9A17C27A15AC543A00059E84 /* ConfigurationTest_003.m */,
				9A17C27B15AC543A00059E84 /* ConfigurationTest_022.h */,
				9A17C27C15AC543A00059E84 /* ConfigurationTest_022.m */,
				9A17C27D15AC543A00059E84 /* ConfigurationTest_006.h */,
				9A17C27E15AC543A00059E84 /* ConfigurationTest_006.m */,
				9A17C27F15AC543A00059E84 /* ConfigurationTest_017.h */,
				9A17C28015AC543A00059E84 /* ConfigurationTest_017.m */,
				9A17C28115AC543A00059E84 /* ConfigurationTest_018.h */,
				9A17C28215AC543A00059E84 /* ConfigurationTest_018.m */,
				9A17C28315AC543A00059E84 /* ConfigurationTest_019.h */,
				9A17C28415AC543A00059E84 /* ConfigurationTest_019.m */,
				9A17C28515AC543A00059E84 /* ConfigurationTest_020.h */,
				9A17C28615AC543A00059E84 /* ConfigurationTest_020.m */,
				9A17C2B115AC54D400059E84 /* ConfigurationTest_020.xib */,
				013A2ED7176223AA00F41C80 /* ConfigurationTest_004.h */,
				013A2ED8176223AA00F41C80 /* ConfigurationTest_004.m */,
			);
			name = "Device Configuration";
			sourceTree = "<group>";
		};
		9AC737CF12F1D9F8007F8976 /* Miscellaneous */ = {
			isa = PBXGroup;
			children = (
				9A17C28E15AC546200059E84 /* ConfigurationTest_007.h */,
				9A17C28F15AC546200059E84 /* ConfigurationTest_007.m */,
				9A17C29015AC546200059E84 /* ConfigurationTest_008.h */,
				9A17C29115AC546200059E84 /* ConfigurationTest_008.m */,
				9A17C29615AC546200059E84 /* ConfigurationTest_013.h */,
				9A17C29715AC546200059E84 /* ConfigurationTest_013.m */,
			);
			name = Miscellaneous;
			sourceTree = "<group>";
		};
		9AC737D012F1DA23007F8976 /* Payment */ = {
			isa = PBXGroup;
			children = (
				9A17C29D15AC547D00059E84 /* ConfigurationTest_009.h */,
				9A17C29E15AC547D00059E84 /* ConfigurationTest_009.m */,
				9A17C29F15AC547D00059E84 /* ConfigurationTest_025.h */,
				9A17C2A015AC547D00059E84 /* ConfigurationTest_025.m */,
			);
			name = Payment;
			sourceTree = "<group>";
		};
		9AC737D112F1DA47007F8976 /* Stress */ = {
			isa = PBXGroup;
			children = (
				9A17C2A315AC54A600059E84 /* ConfigurationTest_014.h */,
				9A17C2A415AC54A600059E84 /* ConfigurationTest_014.m */,
				9A17C2A515AC54A600059E84 /* ConfigurationTest_015.h */,
				9A17C2A615AC54A600059E84 /* ConfigurationTest_015.m */,
				9A17C2A715AC54A600059E84 /* ConfigurationTest_016.h */,
				9A17C2A815AC54A600059E84 /* ConfigurationTest_016.m */,
				9A17C2AA15AC54A600059E84 /* ConfigurationTest_011.h */,
				9A17C2AB15AC54A600059E84 /* ConfigurationTest_011.m */,
			);
			name = Stress;
			sourceTree = "<group>";
		};
		9AC88B3212C8A63D00F3D8E7 /* TestGroups */ = {
			isa = PBXGroup;
			children = (
				9A17C1F315AC388100059E84 /* BasicTest.h */,
				9A17C1F415AC388100059E84 /* BasicTest.m */,
				9A17C1DA15AC37F200059E84 /* TestCategoryManager.h */,
				9A17C1DB15AC37F200059E84 /* TestCategoryManager.m */,
				9A92305A156E8ACD0079C57B /* SPP */,
				9AC88B4C12C8A74300F3D8E7 /* Barcode Reader */,
				9AC88B4612C8A72C00F3D8E7 /* Network */,
				9AC88B4012C8A71300F3D8E7 /* Transaction */,
				9AC88B3F12C8A70300F3D8E7 /* Printer */,
				9AC88B3E12C8A6F500F3D8E7 /* Configuration */,
			);
			name = TestGroups;
			sourceTree = "<group>";
		};
		9AC88B3312C8A65300F3D8E7 /* TestUnits */ = {
			isa = PBXGroup;
			children = (
				9A923064156E8DC70079C57B /* SPP */,
				9AC88BB612C8B07C00F3D8E7 /* Barcode Reader */,
				9AC88BB512C8B07300F3D8E7 /* Network */,
				9AC88BB312C8B06600F3D8E7 /* Printer */,
				9AC88BB212C8B05D00F3D8E7 /* Configuration */,
			);
			name = TestUnits;
			sourceTree = "<group>";
		};
		9AC88B3E12C8A6F500F3D8E7 /* Configuration */ = {
			isa = PBXGroup;
			children = (
				9A17C1EE15AC386900059E84 /* BasicConfigurationTest.h */,
				9A17C1EF15AC386900059E84 /* BasicConfigurationTest.m */,
			);
			name = Configuration;
			sourceTree = "<group>";
		};
		9AC88B3F12C8A70300F3D8E7 /* Printer */ = {
			isa = PBXGroup;
			children = (
				9A17C1E915AC384300059E84 /* BasicPrintingTest.h */,
				9A17C1EA15AC384300059E84 /* BasicPrintingTest.m */,
			);
			name = Printer;
			sourceTree = "<group>";
		};
		9AC88B4012C8A71300F3D8E7 /* Transaction */ = {
			isa = PBXGroup;
			children = (
				9A17C1F515AC388100059E84 /* BasicTransactionTest.h */,
				9A17C1E515AC383400059E84 /* BasicTransactionTest.m */,
			);
			name = Transaction;
			sourceTree = "<group>";
		};
		9AC88B4612C8A72C00F3D8E7 /* Network */ = {
			isa = PBXGroup;
			children = (
				9A17C1E215AC381E00059E84 /* BasicNetworkTest.h */,
				9A17C1E315AC381E00059E84 /* BasicNetworkTest.m */,
			);
			name = Network;
			sourceTree = "<group>";
		};
		9AC88B4C12C8A74300F3D8E7 /* Barcode Reader */ = {
			isa = PBXGroup;
			children = (
				9A17C1DD15AC380B00059E84 /* BasicBarcodeReaderTest.h */,
				9A17C1DE15AC380B00059E84 /* BasicBarcodeReaderTest.m */,
			);
			name = "Barcode Reader";
			sourceTree = "<group>";
		};
		9AC88BB212C8B05D00F3D8E7 /* Configuration */ = {
			isa = PBXGroup;
			children = (
				9AFA535614B4D74F00218C74 /* iBP */,
				9AE24BDA12F858580095198F /* Device Update */,
				9AC737CD12F1D987007F8976 /* Power Management */,
				9AC737CE12F1D9DD007F8976 /* Device Configuration */,
				9AC737CF12F1D9F8007F8976 /* Miscellaneous */,
				9AC737D012F1DA23007F8976 /* Payment */,
				9AC737D112F1DA47007F8976 /* Stress */,
			);
			name = Configuration;
			sourceTree = "<group>";
		};
		9AC88BB312C8B06600F3D8E7 /* Printer */ = {
			isa = PBXGroup;
			children = (
				9A17C24F15AC534900059E84 /* PrinterTest_001.h */,
				9A17C25015AC534900059E84 /* PrinterTest_001.m */,
			);
			name = Printer;
			sourceTree = "<group>";
		};
		9AC88BB512C8B07300F3D8E7 /* Network */ = {
			isa = PBXGroup;
			children = (
				9A17C23A15AC531500059E84 /* NetworkTest_001.h */,
				9A17C23B15AC531500059E84 /* NetworkTest_001.m */,
			);
			name = Network;
			sourceTree = "<group>";
		};
		9AC88BB612C8B07C00F3D8E7 /* Barcode Reader */ = {
			isa = PBXGroup;
			children = (
				9A17C21E15AC4C8900059E84 /* BCRTest_008.h */,
				9A17C21F15AC4C8900059E84 /* BCRTest_008.m */,
				9A17C22215AC4C8900059E84 /* BCRTest_010.h */,
				9A17C22315AC4C8900059E84 /* BCRTest_010.m */,
				9A17C22415AC4C8900059E84 /* BCRTest_011.h */,
				9A17C22515AC4C8900059E84 /* BCRTest_011.m */,
				9A17C23815AC4C9800059E84 /* TriggerCameraSnapshot */,
				9AC51B9013AA5A9500E08E26 /* Stress Tests */,
			);
			name = "Barcode Reader";
			sourceTree = "<group>";
		};
		9AE24BDA12F858580095198F /* Device Update */ = {
			isa = PBXGroup;
			children = (
				9A17C26415AC53DC00059E84 /* ConfigurationTest_002.h */,
				9A17C26515AC53DC00059E84 /* ConfigurationTest_002.m */,
			);
			name = "Device Update";
			sourceTree = "<group>";
		};
		9AFA535614B4D74F00218C74 /* iBP */ = {
			isa = PBXGroup;
			children = (
				9A17C25215AC53A200059E84 /* ConfigurationTest_005.h */,
				9A17C25315AC53A200059E84 /* ConfigurationTest_005.m */,
				9A17C25415AC53A200059E84 /* ConfigurationTest_023.h */,
				9A17C25515AC53A200059E84 /* ConfigurationTest_023.m */,
				9A17C25615AC53A200059E84 /* ConfigurationTest_024.h */,
				9A17C25715AC53A200059E84 /* ConfigurationTest_024.m */,
				9A17C25815AC53A200059E84 /* ConfigurationTest_026.h */,
				9A17C25915AC53A200059E84 /* ConfigurationTest_026.m */,
				9A17C25A15AC53A200059E84 /* ConfigurationTest_010.h */,
				9A17C25B15AC53A200059E84 /* ConfigurationTest_010.m */,
				9A17C25C15AC53A200059E84 /* ConfigurationTest_012.h */,
				9A17C25D15AC53A200059E84 /* ConfigurationTest_012.m */,
				9A3C172B1609F8D3005C38E3 /* ConfigurationTest_021.h */,
				9A3C172C1609F8D3005C38E3 /* ConfigurationTest_021.m */,
			);
			name = iBP;
			sourceTree = "<group>";
		};
		D573F38F1670DD8C00821A1E /* iPad */ = {
			isa = PBXGroup;
			children = (
				D573F3901670DD8D00821A1E /* MainWindow-iPad.xib */,
			);
			name = iPad;
			sourceTree = "<group>";
		};
		D579CF44164D6D24009CAD48 /* Sounds */ = {
			isa = PBXGroup;
			children = (
				D579CF45164D6D40009CAD48 /* tone_saw_tooth_225_200hz.caf */,
				D579CF46164D6D40009CAD48 /* tone_sine_2700_3000hz.caf */,
				D579CF47164D6D40009CAD48 /* tone_sine_2700hz.caf */,
				D579CF48164D6D40009CAD48 /* tone_sine_3000_3300hz.caf */,
				D579CF49164D6D40009CAD48 /* tone_sine_3000hz.caf */,
				D579CF4A164D6D40009CAD48 /* tone_sine_3700_4000hz.caf */,
			);
			name = Sounds;
			sourceTree = "<group>";
		};
/* End PBXGroup section */

/* Begin PBXNativeTarget section */
		1D6058900D05DD3D006BFB54 /* CompanionTest */ = {
			isa = PBXNativeTarget;
			buildConfigurationList = 1D6058960D05DD3E006BFB54 /* Build configuration list for PBXNativeTarget "CompanionTest" */;
			buildPhases = (
				9AC7B31E12DC5A0800459F99 /* Get App Version */,
				1D60588D0D05DD3D006BFB54 /* Resources */,
				1D60588E0D05DD3D006BFB54 /* Sources */,
				1D60588F0D05DD3D006BFB54 /* Frameworks */,
			);
			buildRules = (
			);
			dependencies = (
			);
			name = CompanionTest;
			productName = iSMPTestSuite;
			productReference = 1D6058910D05DD3D006BFB54 /* CompanionTest.app */;
			productType = "com.apple.product-type.application";
		};
/* End PBXNativeTarget section */

/* Begin PBXProject section */
		29B97313FDCFA39411CA2CEA /* Project object */ = {
			isa = PBXProject;
			attributes = {
				LastUpgradeCheck = 0460;
				ORGANIZATIONNAME = Ingenico;
				TargetAttributes = {
					1D6058900D05DD3D006BFB54 = {
						DevelopmentTeam = PU4TZ8JJCC;
					};
				};
			};
			buildConfigurationList = C01FCF4E08A954540054247B /* Build configuration list for PBXProject "CompanionTest" */;
			compatibilityVersion = "Xcode 3.2";
			developmentRegion = English;
			hasScannedForEncodings = 1;
			knownRegions = (
				English,
				Japanese,
				French,
				German,
			);
			mainGroup = 29B97314FDCFA39411CA2CEA /* CustomTemplate */;
			projectDirPath = "";
			projectRoot = "";
			targets = (
				1D6058900D05DD3D006BFB54 /* CompanionTest */,
			);
		};
/* End PBXProject section */

/* Begin PBXResourcesBuildPhase section */
		1D60588D0D05DD3D006BFB54 /* Resources */ = {
			isa = PBXResourcesBuildPhase;
			buildActionMask = 2147483647;
			files = (
				9A17C1BD15AC376A00059E84 /* BasicTest.xib in Resources */,
				9A17C1BE15AC376A00059E84 /* BundleImagePicker.xib in Resources */,
				9A17C1BF15AC376A00059E84 /* ConfigurationViewController.xib in Resources */,
				9A17C1C015AC376A00059E84 /* EfficiencyTest.xib in Resources */,
				9A17C1C115AC376A00059E84 /* FontPicker.xib in Resources */,
				9A17C1C215AC376A00059E84 /* iSMPTestSuiteViewController.xib in Resources */,
				9A17C1C315AC376A00059E84 /* MainWindow.xib in Resources */,
				9A17C1C415AC376A00059E84 /* TestTableViewController.xib in Resources */,
				9A17C23515AC4C8900059E84 /* CameraOverlayViewController.xib in Resources */,
				9A17C2B215AC54D400059E84 /* ConfigurationTest_020.xib in Resources */,
				9A17C2E715AC559200059E84 /* TestGroups.plist in Resources */,
				9A17C2E815AC559200059E84 /* version.h.tpl in Resources */,
				9A17C2EB15AC559A00059E84 /* group.png in Resources */,
				9A17C2EC15AC559A00059E84 /* icon_128x128.png in Resources */,
				9A17C2F715AC55A200059E84 /* iBP_Sample_1.jpg in Resources */,
				9A17C2F815AC55A200059E84 /* iBP_Sample_2.png in Resources */,
				9A17C2F915AC55A200059E84 /* iBP_Sample_3.jpeg in Resources */,
				D827E22019ED987400951388 /* Default-568h@2x.png in Resources */,
				9A17C2FA15AC55A200059E84 /* iBP_Sample_4.jpg in Resources */,
				9A17C2FB15AC55A200059E84 /* iBP_Sample_5.jpg in Resources */,
				9A17C2FC15AC55A200059E84 /* iBP_Sample_6.jpg in Resources */,
				9A17C2FD15AC55A200059E84 /* iBP_Sample_7.png in Resources */,
				9A17C2FE15AC55A200059E84 /* iBP_Sample_8.png in Resources */,
				9A17C2FF15AC55A200059E84 /* iBP_Sample_9.png in Resources */,
				D579CF4B164D6D40009CAD48 /* tone_saw_tooth_225_200hz.caf in Resources */,
				D579CF4C164D6D40009CAD48 /* tone_sine_2700_3000hz.caf in Resources */,
				D579CF4D164D6D40009CAD48 /* tone_sine_2700hz.caf in Resources */,
				D579CF4E164D6D40009CAD48 /* tone_sine_3000_3300hz.caf in Resources */,
				D579CF4F164D6D40009CAD48 /* tone_sine_3000hz.caf in Resources */,
				D579CF50164D6D40009CAD48 /* tone_sine_3700_4000hz.caf in Resources */,
				D573F3911670DD8D00821A1E /* MainWindow-iPad.xib in Resources */,
			);
			runOnlyForDeploymentPostprocessing = 0;
		};
/* End PBXResourcesBuildPhase section */

/* Begin PBXShellScriptBuildPhase section */
		9AC7B31E12DC5A0800459F99 /* Get App Version */ = {
			isa = PBXShellScriptBuildPhase;
			buildActionMask = 8;
			files = (
			);
			inputPaths = (
			);
			name = "Get App Version";
			outputPaths = (
			);
			runOnlyForDeploymentPostprocessing = 1;
			shellPath = /bin/sh;
			shellScript = "Version=`agvtool vers -terse`\nsed -e \"s/CURRENT_VERSION/$Version/g\" Resources/App/version.h.tpl > GeneratedFiles/version.h";
		};
/* End PBXShellScriptBuildPhase section */

/* Begin PBXSourcesBuildPhase section */
		1D60588E0D05DD3D006BFB54 /* Sources */ = {
			isa = PBXSourcesBuildPhase;
			buildActionMask = 2147483647;
			files = (
				9A17C1AE15AC375A00059E84 /* ConfigurationViewController.m in Sources */,
				9A17C1AF15AC375A00059E84 /* iSMPTestSuiteAppDelegate.m in Sources */,
				9A17C1B015AC375A00059E84 /* iSMPTestSuiteViewController.m in Sources */,
				9A17C1B115AC375A00059E84 /* SettingsManager.m in Sources */,
				9A17C1B215AC375A00059E84 /* TestTableViewController.m in Sources */,
				9A17C1D115AC37A400059E84 /* BundleImagePicker.m in Sources */,
				9A17C1D315AC37A400059E84 /* FontPicker.m in Sources */,
				9A17C1D415AC37A400059E84 /* ICPdfReceipt.m in Sources */,
				9A17C1D515AC37A400059E84 /* ICSignatureView.m in Sources */,
				9A17C1D915AC37E800059E84 /* BasicSPPTest.m in Sources */,
				9A17C1DC15AC37F200059E84 /* TestCategoryManager.m in Sources */,
				9A17C1E015AC380B00059E84 /* BasicBarcodeReaderTest.m in Sources */,
				9A17C1E415AC381E00059E84 /* BasicNetworkTest.m in Sources */,
				9A17C1E715AC383400059E84 /* BasicTransactionTest.m in Sources */,
				9A17C1EC15AC384300059E84 /* BasicPrintingTest.m in Sources */,
				9A17C1F115AC386900059E84 /* BasicConfigurationTest.m in Sources */,
				9A17C1F615AC388100059E84 /* BasicTest.m in Sources */,
				9A17C20515AC39C200059E84 /* SPPTest_001.m in Sources */,
				9A17C21215AC3A1E00059E84 /* BCRTest_001.m in Sources */,
				9A17C21315AC3A1E00059E84 /* BCRTest_002.m in Sources */,
				9A17C21415AC3A1E00059E84 /* BCRTest_004.m in Sources */,
				9A17C21515AC3A1E00059E84 /* BCRTest_005.m in Sources */,
				9A17C21615AC3A1E00059E84 /* BCRTest_006.m in Sources */,
				9A17C21715AC3A1E00059E84 /* BCRTest_003.m in Sources */,
				9A17C22F15AC4C8900059E84 /* BCRTest_008.m in Sources */,
				9A17C23115AC4C8900059E84 /* BCRTest_010.m in Sources */,
				9A17C23215AC4C8900059E84 /* BCRTest_011.m in Sources */,
				9A17C23315AC4C8900059E84 /* BCRTest_012.m in Sources */,
				9A17C23415AC4C8900059E84 /* CameraOverlayViewController.m in Sources */,
				9A17C23615AC4C8900059E84 /* CustomImagePickerController.m in Sources */,
				9A17C23C15AC531500059E84 /* NetworkTest_001.m in Sources */,
				9A17C25115AC534900059E84 /* PrinterTest_001.m in Sources */,
				9A17C25E15AC53A200059E84 /* ConfigurationTest_005.m in Sources */,
				9A17C25F15AC53A200059E84 /* ConfigurationTest_023.m in Sources */,
				9A17C26015AC53A200059E84 /* ConfigurationTest_024.m in Sources */,
				9A17C26115AC53A200059E84 /* ConfigurationTest_026.m in Sources */,
				9A17C26215AC53A200059E84 /* ConfigurationTest_010.m in Sources */,
				9A17C26315AC53A200059E84 /* ConfigurationTest_012.m in Sources */,
				9A17C26C15AC53DC00059E84 /* ConfigurationTest_002.m in Sources */,
				9A17C27815AC53F600059E84 /* ConfigurationTest_001.m in Sources */,
				9A17C28715AC543A00059E84 /* ConfigurationTest_003.m in Sources */,
				9A17C28815AC543A00059E84 /* ConfigurationTest_022.m in Sources */,
				9A17C28915AC543A00059E84 /* ConfigurationTest_006.m in Sources */,
				9A17C28A15AC543A00059E84 /* ConfigurationTest_017.m in Sources */,
				9A17C28B15AC543A00059E84 /* ConfigurationTest_018.m in Sources */,
				9A17C28C15AC543A00059E84 /* ConfigurationTest_019.m in Sources */,
				9A17C28D15AC543A00059E84 /* ConfigurationTest_020.m in Sources */,
				9A17C29815AC546200059E84 /* ConfigurationTest_007.m in Sources */,
				9A17C29915AC546200059E84 /* ConfigurationTest_008.m in Sources */,
				9A17C29C15AC546200059E84 /* ConfigurationTest_013.m in Sources */,
				9A17C2A115AC547D00059E84 /* ConfigurationTest_009.m in Sources */,
				9A17C2A215AC547D00059E84 /* ConfigurationTest_025.m in Sources */,
				9A17C2AC15AC54A600059E84 /* ConfigurationTest_014.m in Sources */,
				9A17C2AD15AC54A600059E84 /* ConfigurationTest_015.m in Sources */,
				9A17C2AE15AC54A600059E84 /* ConfigurationTest_016.m in Sources */,
				9A17C2B015AC54A600059E84 /* ConfigurationTest_011.m in Sources */,
				9A17C2DE15AC552900059E84 /* main.m in Sources */,
				6BEE680215EB9F0B000617F8 /* SPPTest_002.m in Sources */,
				9A3C172D1609F8D3005C38E3 /* ConfigurationTest_021.m in Sources */,
				0110E1FA17423D0D007B64C7 /* SPPTest_003.m in Sources */,
				01479E25175CD043001F6B6E /* BCRTest_007.m in Sources */,
				013A2ED9176223AA00F41C80 /* ConfigurationTest_004.m in Sources */,
				D5C08C5317A92E3A003BA6A8 /* LogReporterManager.m in Sources */,
			);
			runOnlyForDeploymentPostprocessing = 0;
		};
/* End PBXSourcesBuildPhase section */

/* Begin XCBuildConfiguration section */
		1D6058940D05DD3E006BFB54 /* Debug */ = {
			isa = XCBuildConfiguration;
			buildSettings = {
				ALWAYS_SEARCH_USER_PATHS = YES;
				ARCHS = armv7;
				CODE_SIGN_IDENTITY = "iPhone Developer: Nam Nguyen Thi (5H9M5739AH)";
				"CODE_SIGN_IDENTITY[sdk=iphoneos*]" = "iPhone Developer: Nam Nguyen Thi (5H9M5739AH)";
				COPY_PHASE_STRIP = YES;
				"COPY_PHASE_STRIP[sdk=*]" = YES;
				FRAMEWORK_SEARCH_PATHS = (
					"$(inherited)",
					"$(PROJECT_DIR)/ExternalLibs",
				);
				GCC_DYNAMIC_NO_PIC = NO;
				GCC_OPTIMIZATION_LEVEL = 0;
				GCC_PRECOMPILE_PREFIX_HEADER = YES;
				GCC_PREFIX_HEADER = OtherSources/CompanionTest_Prefix.pch;
				GCC_THUMB_SUPPORT = NO;
				INFOPLIST_FILE = "Resources/App/CompanionTest-Info.plist";
				IPHONEOS_DEPLOYMENT_TARGET = 4.0;
				PRODUCT_NAME = CompanionTest;
				PROVISIONING_PROFILE = "24160ac9-2ad9-418e-9fad-a1b96d1ed1c7";
				"PROVISIONING_PROFILE[sdk=iphoneos*]" = "24160ac9-2ad9-418e-9fad-a1b96d1ed1c7";
				TARGETED_DEVICE_FAMILY = "1,2";
			};
			name = Debug;
		};
		1D6058950D05DD3E006BFB54 /* Release */ = {
			isa = XCBuildConfiguration;
			buildSettings = {
				ALWAYS_SEARCH_USER_PATHS = YES;
				ARCHS = armv7;
				CODE_SIGN_IDENTITY = "iPhone Developer: Nam Nguyen Thi (5H9M5739AH)";
				"CODE_SIGN_IDENTITY[sdk=iphoneos*]" = "iPhone Developer: Nam Nguyen Thi (5H9M5739AH)";
				COPY_PHASE_STRIP = YES;
				FRAMEWORK_SEARCH_PATHS = (
					"$(inherited)",
					"$(PROJECT_DIR)/ExternalLibs",
				);
				GCC_PRECOMPILE_PREFIX_HEADER = YES;
				GCC_PREFIX_HEADER = OtherSources/CompanionTest_Prefix.pch;
				GCC_THUMB_SUPPORT = NO;
				INFOPLIST_FILE = "Resources/App/CompanionTest-Info.plist";
				IPHONEOS_DEPLOYMENT_TARGET = 4.0;
				PRODUCT_NAME = CompanionTest;
				PROVISIONING_PROFILE = "24160ac9-2ad9-418e-9fad-a1b96d1ed1c7";
				TARGETED_DEVICE_FAMILY = "1,2";
				VALIDATE_PRODUCT = YES;
			};
			name = Release;
		};
		9A030D451448655100347DAE /* In-House */ = {
			isa = XCBuildConfiguration;
			buildSettings = {
				CLANG_WARN_CONSTANT_CONVERSION = YES;
				CLANG_WARN_ENUM_CONVERSION = YES;
				CLANG_WARN_INT_CONVERSION = YES;
				CLANG_WARN__DUPLICATE_METHOD_MATCH = YES;
				CODE_SIGN_IDENTITY = "iPhone Developer";
				"CODE_SIGN_IDENTITY[sdk=iphoneos*]" = "iPhone Developer";
				CURRENT_PROJECT_VERSION = 1.02;
				GCC_C_LANGUAGE_STANDARD = c99;
				GCC_PRECOMPILE_PREFIX_HEADER = YES;
				GCC_THUMB_SUPPORT = NO;
				GCC_VERSION = com.apple.compilers.llvm.clang.1_0;
				GCC_WARN_ABOUT_RETURN_TYPE = YES;
				GCC_WARN_UNINITIALIZED_AUTOS = YES;
				GCC_WARN_UNUSED_VARIABLE = YES;
				IPHONEOS_DEPLOYMENT_TARGET = 4.0;
				ONLY_ACTIVE_ARCH = NO;
				OTHER_CFLAGS = "-DNS_BLOCK_ASSERTIONS=1";
				OTHER_LDFLAGS = (
					"-ObjC",
					"-lz",
					"-lstdc++",
				);
				PROVISIONING_PROFILE = "";
				"PROVISIONING_PROFILE[sdk=iphoneos*]" = "";
				RUN_CLANG_STATIC_ANALYZER = YES;
				SDKROOT = iphoneos;
				VALID_ARCHS = armv7;
				VERSIONING_SYSTEM = "apple-generic";
			};
			name = "In-House";
		};
		9A030D461448655100347DAE /* In-House */ = {
			isa = XCBuildConfiguration;
			buildSettings = {
				ALWAYS_SEARCH_USER_PATHS = YES;
				ARCHS = armv7;
				CODE_SIGN_IDENTITY = "iPhone Developer: Nam Nguyen Thi (5H9M5739AH)";
				"CODE_SIGN_IDENTITY[sdk=iphoneos*]" = "iPhone Developer: Nam Nguyen Thi (5H9M5739AH)";
				COPY_PHASE_STRIP = YES;
				FRAMEWORK_SEARCH_PATHS = (
					"$(inherited)",
					"$(PROJECT_DIR)/ExternalLibs",
				);
				GCC_PRECOMPILE_PREFIX_HEADER = YES;
				GCC_PREFIX_HEADER = OtherSources/CompanionTest_Prefix.pch;
				GCC_THUMB_SUPPORT = NO;
				INFOPLIST_FILE = "Resources/App/CompanionTest-Info.plist";
				IPHONEOS_DEPLOYMENT_TARGET = 4.0;
				PRODUCT_NAME = CompanionTest;
				PROVISIONING_PROFILE = "24160ac9-2ad9-418e-9fad-a1b96d1ed1c7";
				TARGETED_DEVICE_FAMILY = "1,2";
				VALIDATE_PRODUCT = YES;
			};
			name = "In-House";
		};
		C01FCF4F08A954540054247B /* Debug */ = {
			isa = XCBuildConfiguration;
			buildSettings = {
				CLANG_WARN_CONSTANT_CONVERSION = YES;
				CLANG_WARN_ENUM_CONVERSION = YES;
				CLANG_WARN_INT_CONVERSION = YES;
				CLANG_WARN__DUPLICATE_METHOD_MATCH = YES;
				CODE_SIGN_IDENTITY = "iPhone Developer";
				"CODE_SIGN_IDENTITY[sdk=iphoneos*]" = "iPhone Developer";
				CURRENT_PROJECT_VERSION = 1.02;
				"FRAMEWORK_SEARCH_PATHS[arch=*]" = "";
				GCC_C_LANGUAGE_STANDARD = c99;
				GCC_PRECOMPILE_PREFIX_HEADER = YES;
				GCC_THUMB_SUPPORT = NO;
				GCC_VERSION = com.apple.compilers.llvm.clang.1_0;
				GCC_WARN_ABOUT_RETURN_TYPE = YES;
				GCC_WARN_UNINITIALIZED_AUTOS = YES;
				GCC_WARN_UNUSED_VARIABLE = YES;
				IPHONEOS_DEPLOYMENT_TARGET = 4.0;
				ONLY_ACTIVE_ARCH = NO;
				OTHER_LDFLAGS = (
					"-ObjC",
					"-lz",
					"-lstdc++",
				);
				PROVISIONING_PROFILE = "";
				"PROVISIONING_PROFILE[sdk=iphoneos*]" = "";
				RUN_CLANG_STATIC_ANALYZER = YES;
				SDKROOT = iphoneos;
				VALID_ARCHS = armv7;
				VERSIONING_SYSTEM = "apple-generic";
			};
			name = Debug;
		};
		C01FCF5008A954540054247B /* Release */ = {
			isa = XCBuildConfiguration;
			buildSettings = {
				CLANG_WARN_CONSTANT_CONVERSION = YES;
				CLANG_WARN_ENUM_CONVERSION = YES;
				CLANG_WARN_INT_CONVERSION = YES;
				CLANG_WARN__DUPLICATE_METHOD_MATCH = YES;
				CODE_SIGN_IDENTITY = "iPhone Developer";
				"CODE_SIGN_IDENTITY[sdk=iphoneos*]" = "iPhone Developer";
				CURRENT_PROJECT_VERSION = 1.02;
				GCC_C_LANGUAGE_STANDARD = c99;
				GCC_PRECOMPILE_PREFIX_HEADER = YES;
				GCC_THUMB_SUPPORT = NO;
				GCC_VERSION = com.apple.compilers.llvm.clang.1_0;
				GCC_WARN_ABOUT_RETURN_TYPE = YES;
				GCC_WARN_UNINITIALIZED_AUTOS = YES;
				GCC_WARN_UNUSED_VARIABLE = YES;
				IPHONEOS_DEPLOYMENT_TARGET = 4.0;
				ONLY_ACTIVE_ARCH = NO;
				OTHER_CFLAGS = "-DNS_BLOCK_ASSERTIONS=1";
				OTHER_LDFLAGS = (
					"-ObjC",
					"-lz",
					"-lstdc++",
				);
				PROVISIONING_PROFILE = "";
				"PROVISIONING_PROFILE[sdk=iphoneos*]" = "";
				RUN_CLANG_STATIC_ANALYZER = YES;
				SDKROOT = iphoneos;
				VALID_ARCHS = armv7;
				VERSIONING_SYSTEM = "apple-generic";
			};
			name = Release;
		};
/* End XCBuildConfiguration section */

/* Begin XCConfigurationList section */
		1D6058960D05DD3E006BFB54 /* Build configuration list for PBXNativeTarget "CompanionTest" */ = {
			isa = XCConfigurationList;
			buildConfigurations = (
				1D6058940D05DD3E006BFB54 /* Debug */,
				1D6058950D05DD3E006BFB54 /* Release */,
				9A030D461448655100347DAE /* In-House */,
			);
			defaultConfigurationIsVisible = 0;
			defaultConfigurationName = Release;
		};
		C01FCF4E08A954540054247B /* Build configuration list for PBXProject "CompanionTest" */ = {
			isa = XCConfigurationList;
			buildConfigurations = (
				C01FCF4F08A954540054247B /* Debug */,
				C01FCF5008A954540054247B /* Release */,
				9A030D451448655100347DAE /* In-House */,
			);
			defaultConfigurationIsVisible = 0;
			defaultConfigurationName = Release;
		};
/* End XCConfigurationList section */
	};
	rootObject = 29B97313FDCFA39411CA2CEA /* Project object */;
}
