// !$*UTF8*$!
{
	archiveVersion = 1;
	classes = {
	};
	objectVersion = 46;
	objects = {

/* Begin PBXBuildFile section */
		9A0EBDB4148FF1D700BE8F89 /* UIKit.framework in Frameworks */ = {isa = PBXBuildFile; fileRef = 9A0EBDB3148FF1D700BE8F89 /* UIKit.framework */; };
		9A0EBDB6148FF1D700BE8F89 /* Foundation.framework in Frameworks */ = {isa = PBXBuildFile; fileRef = 9A0EBDB5148FF1D700BE8F89 /* Foundation.framework */; };
		9A0EBDB8148FF1D700BE8F89 /* CoreGraphics.framework in Frameworks */ = {isa = PBXBuildFile; fileRef = 9A0EBDB7148FF1D700BE8F89 /* CoreGraphics.framework */; };
		9A0EBDE6148FF28800BE8F89 /* ExternalAccessory.framework in Frameworks */ = {isa = PBXBuildFile; fileRef = 9A0EBDE5148FF28800BE8F89 /* ExternalAccessory.framework */; };
		9A0EBDE8148FF29000BE8F89 /* SystemConfiguration.framework in Frameworks */ = {isa = PBXBuildFile; fileRef = 9A0EBDE7148FF29000BE8F89 /* SystemConfiguration.framework */; };
		9A0EBDEA148FF29900BE8F89 /* CFNetwork.framework in Frameworks */ = {isa = PBXBuildFile; fileRef = 9A0EBDE9148FF29900BE8F89 /* CFNetwork.framework */; };
		9A18DE841580AD480038DFF4 /* CoreText.framework in Frameworks */ = {isa = PBXBuildFile; fileRef = 9A18DE831580AD480038DFF4 /* CoreText.framework */; };
		9AA1B20F159A0BD400B1F4E5 /* AppInfoController.m in Sources */ = {isa = PBXBuildFile; fileRef = 9AA1B20A159A0BD400B1F4E5 /* AppInfoController.m */; };
		9AA1B210159A0BD400B1F4E5 /* ConfigurationController.m in Sources */ = {isa = PBXBuildFile; fileRef = 9AA1B20B159A0BD400B1F4E5 /* ConfigurationController.m */; };
		9AA1B211159A0BD400B1F4E5 /* FirstViewController.m in Sources */ = {isa = PBXBuildFile; fileRef = 9AA1B20C159A0BD400B1F4E5 /* FirstViewController.m */; };
		9AA1B212159A0BD400B1F4E5 /* SecondViewController.m in Sources */ = {isa = PBXBuildFile; fileRef = 9AA1B20D159A0BD400B1F4E5 /* SecondViewController.m */; };
		9AA1B213159A0BD400B1F4E5 /* SignatureViewController.m in Sources */ = {isa = PBXBuildFile; fileRef = 9AA1B20E159A0BD400B1F4E5 /* SignatureViewController.m */; };
		9AA1B218159A0BF700B1F4E5 /* AppInfoController.xib in Resources */ = {isa = PBXBuildFile; fileRef = 9AA1B214159A0BF700B1F4E5 /* AppInfoController.xib */; };
		9AA1B219159A0BF700B1F4E5 /* ConfigurationController.xib in Resources */ = {isa = PBXBuildFile; fileRef = 9AA1B215159A0BF700B1F4E5 /* ConfigurationController.xib */; };
		9AA1B21A159A0BF700B1F4E5 /* InputAmount.xib in Resources */ = {isa = PBXBuildFile; fileRef = 9AA1B216159A0BF700B1F4E5 /* InputAmount.xib */; };
		9AA1B220159A0C0600B1F4E5 /* FirstViewController.xib in Resources */ = {isa = PBXBuildFile; fileRef = 9AA1B21C159A0C0600B1F4E5 /* FirstViewController.xib */; };
		9AA1B221159A0C0600B1F4E5 /* SecondViewController.xib in Resources */ = {isa = PBXBuildFile; fileRef = 9AA1B21E159A0C0600B1F4E5 /* SecondViewController.xib */; };
		9AA1B224159A0C2200B1F4E5 /* InputAmount.m in Sources */ = {isa = PBXBuildFile; fileRef = 9AA1B223159A0C2200B1F4E5 /* InputAmount.m */; };
		9AA1B22B159A17BB00B1F4E5 /* derTlv.m in Sources */ = {isa = PBXBuildFile; fileRef = 9AA1B225159A17BB00B1F4E5 /* derTlv.m */; };
		9AA1B22C159A17BB00B1F4E5 /* ICBitmapReceipt.m in Sources */ = {isa = PBXBuildFile; fileRef = 9AA1B226159A17BB00B1F4E5 /* ICBitmapReceipt.m */; };
		9AA1B22E159A17BB00B1F4E5 /* ICSignatureView.m in Sources */ = {isa = PBXBuildFile; fileRef = 9AA1B228159A17BB00B1F4E5 /* ICSignatureView.m */; };
		9AA1B22F159A17BB00B1F4E5 /* SettingsManager.m in Sources */ = {isa = PBXBuildFile; fileRef = 9AA1B229159A17BB00B1F4E5 /* SettingsManager.m */; };
		9AA1B230159A17BB00B1F4E5 /* UIImage-Extensions.m in Sources */ = {isa = PBXBuildFile; fileRef = 9AA1B22A159A17BB00B1F4E5 /* UIImage-Extensions.m */; };
		9AA1B238159A17F400B1F4E5 /* NumberKeypadDecimalPoint.m in Sources */ = {isa = PBXBuildFile; fileRef = 9AA1B237159A17F400B1F4E5 /* NumberKeypadDecimalPoint.m */; };
		9AA1B23F159A192500B1F4E5 /* StandalonePaymentManager.m in Sources */ = {isa = PBXBuildFile; fileRef = 9AA1B23D159A192500B1F4E5 /* StandalonePaymentManager.m */; };
		9AA1B243159A193D00B1F4E5 /* GateWayManager.m in Sources */ = {isa = PBXBuildFile; fileRef = 9AA1B240159A193D00B1F4E5 /* GateWayManager.m */; };
		9AA1B244159A193D00B1F4E5 /* iSMPControlManager.m in Sources */ = {isa = PBXBuildFile; fileRef = 9AA1B241159A193D00B1F4E5 /* iSMPControlManager.m */; };
		9AA1B245159A193D00B1F4E5 /* PrinterManager.m in Sources */ = {isa = PBXBuildFile; fileRef = 9AA1B242159A193D00B1F4E5 /* PrinterManager.m */; };
		9AA1B24A159A195500B1F4E5 /* CrashReporterManager.m in Sources */ = {isa = PBXBuildFile; fileRef = 9AA1B249159A195500B1F4E5 /* CrashReporterManager.m */; };
		9AA1B24C159A198E00B1F4E5 /* AppDelegate.m in Sources */ = {isa = PBXBuildFile; fileRef = 9AA1B24B159A198E00B1F4E5 /* AppDelegate.m */; };
		9AA1B24F159A19C300B1F4E5 /* main.m in Sources */ = {isa = PBXBuildFile; fileRef = 9AA1B24E159A19C300B1F4E5 /* main.m */; };
		9AA1B257159A1A0300B1F4E5 /* 185-printer.png in Resources */ = {isa = PBXBuildFile; fileRef = 9AA1B253159A1A0300B1F4E5 /* 185-printer.png */; };
		9AA1B258159A1A0300B1F4E5 /* 192-credit-card.png in Resources */ = {isa = PBXBuildFile; fileRef = 9AA1B254159A1A0300B1F4E5 /* 192-credit-card.png */; };
		9AA1B259159A1A0300B1F4E5 /* decimalKeyDownBackground.png in Resources */ = {isa = PBXBuildFile; fileRef = 9AA1B255159A1A0300B1F4E5 /* decimalKeyDownBackground.png */; };
		9AA1B25A159A1A0300B1F4E5 /* iphone_payment.png in Resources */ = {isa = PBXBuildFile; fileRef = 9AA1B256159A1A0300B1F4E5 /* iphone_payment.png */; };
		9AA1B25E159A1A1000B1F4E5 /* version.h.tpl in Resources */ = {isa = PBXBuildFile; fileRef = 9AA1B25C159A1A1000B1F4E5 /* version.h.tpl */; };
		9AA1B261159A1A1A00B1F4E5 /* InfoPlist.strings in Resources */ = {isa = PBXBuildFile; fileRef = 9AA1B25F159A1A1A00B1F4E5 /* InfoPlist.strings */; };
		9AA1B264159A1BEB00B1F4E5 /* CrashReporter.framework in Frameworks */ = {isa = PBXBuildFile; fileRef = 9AA1B262159A1BEB00B1F4E5 /* CrashReporter.framework */; };
		9AF2043B14C9D88A00D1B056 /* MessageUI.framework in Frameworks */ = {isa = PBXBuildFile; fileRef = 9AF2043A14C9D88A00D1B056 /* MessageUI.framework */; };
		9AF4264C1563DF2300F8396C /* Security.framework in Frameworks */ = {isa = PBXBuildFile; fileRef = 9AF4264B1563DF2300F8396C /* Security.framework */; };
		D5024894175E1FF9005BAD7B /* QuartzCore.framework in Frameworks */ = {isa = PBXBuildFile; fileRef = D5024893175E1FF9005BAD7B /* QuartzCore.framework */; };
		D52C1213167F288200821C02 /* SignatureViewController.xib in Resources */ = {isa = PBXBuildFile; fileRef = D52C1215167F288200821C02 /* SignatureViewController.xib */; };
		D52C1229167F2D7C00821C02 /* VerifySignatureViewController.xib in Resources */ = {isa = PBXBuildFile; fileRef = D52C122B167F2D7C00821C02 /* VerifySignatureViewController.xib */; };
		D52C128C1680EEC700821C02 /* Localizable.strings in Resources */ = {isa = PBXBuildFile; fileRef = D52C128A1680EEC700821C02 /* Localizable.strings */; };
		D545265E16568352007F699A /* ImageIO.framework in Frameworks */ = {isa = PBXBuildFile; fileRef = D545265D16568352007F699A /* ImageIO.framework */; };
		D54526691656A91E007F699A /* 19-gear.png in Resources */ = {isa = PBXBuildFile; fileRef = D54526681656A91E007F699A /* 19-gear.png */; };
		D5C08C1617A7D514003BA6A8 /* AppInfoController.m in Sources */ = {isa = PBXBuildFile; fileRef = 9AA1B20A159A0BD400B1F4E5 /* AppInfoController.m */; };
		D5C08C1717A7D514003BA6A8 /* ConfigurationController.m in Sources */ = {isa = PBXBuildFile; fileRef = 9AA1B20B159A0BD400B1F4E5 /* ConfigurationController.m */; };
		D5C08C1817A7D514003BA6A8 /* FirstViewController.m in Sources */ = {isa = PBXBuildFile; fileRef = 9AA1B20C159A0BD400B1F4E5 /* FirstViewController.m */; };
		D5C08C1917A7D514003BA6A8 /* SecondViewController.m in Sources */ = {isa = PBXBuildFile; fileRef = 9AA1B20D159A0BD400B1F4E5 /* SecondViewController.m */; };
		D5C08C1A17A7D514003BA6A8 /* SignatureViewController.m in Sources */ = {isa = PBXBuildFile; fileRef = 9AA1B20E159A0BD400B1F4E5 /* SignatureViewController.m */; };
		D5C08C1B17A7D514003BA6A8 /* InputAmount.m in Sources */ = {isa = PBXBuildFile; fileRef = 9AA1B223159A0C2200B1F4E5 /* InputAmount.m */; };
		D5C08C1C17A7D514003BA6A8 /* derTlv.m in Sources */ = {isa = PBXBuildFile; fileRef = 9AA1B225159A17BB00B1F4E5 /* derTlv.m */; };
		D5C08C1D17A7D514003BA6A8 /* ICBitmapReceipt.m in Sources */ = {isa = PBXBuildFile; fileRef = 9AA1B226159A17BB00B1F4E5 /* ICBitmapReceipt.m */; };
		D5C08C1E17A7D514003BA6A8 /* ICSignatureView.m in Sources */ = {isa = PBXBuildFile; fileRef = 9AA1B228159A17BB00B1F4E5 /* ICSignatureView.m */; };
		D5C08C1F17A7D514003BA6A8 /* SettingsManager.m in Sources */ = {isa = PBXBuildFile; fileRef = 9AA1B229159A17BB00B1F4E5 /* SettingsManager.m */; };
		D5C08C2017A7D514003BA6A8 /* UIImage-Extensions.m in Sources */ = {isa = PBXBuildFile; fileRef = 9AA1B22A159A17BB00B1F4E5 /* UIImage-Extensions.m */; };
		D5C08C2117A7D514003BA6A8 /* NumberKeypadDecimalPoint.m in Sources */ = {isa = PBXBuildFile; fileRef = 9AA1B237159A17F400B1F4E5 /* NumberKeypadDecimalPoint.m */; };
		D5C08C2317A7D514003BA6A8 /* StandalonePaymentManager.m in Sources */ = {isa = PBXBuildFile; fileRef = 9AA1B23D159A192500B1F4E5 /* StandalonePaymentManager.m */; };
		D5C08C2417A7D514003BA6A8 /* GateWayManager.m in Sources */ = {isa = PBXBuildFile; fileRef = 9AA1B240159A193D00B1F4E5 /* GateWayManager.m */; };
		D5C08C2517A7D514003BA6A8 /* iSMPControlManager.m in Sources */ = {isa = PBXBuildFile; fileRef = 9AA1B241159A193D00B1F4E5 /* iSMPControlManager.m */; };
		D5C08C2617A7D514003BA6A8 /* PrinterManager.m in Sources */ = {isa = PBXBuildFile; fileRef = 9AA1B242159A193D00B1F4E5 /* PrinterManager.m */; };
		D5C08C2717A7D514003BA6A8 /* CrashReporterManager.m in Sources */ = {isa = PBXBuildFile; fileRef = 9AA1B249159A195500B1F4E5 /* CrashReporterManager.m */; };
		D5C08C2817A7D514003BA6A8 /* AppDelegate.m in Sources */ = {isa = PBXBuildFile; fileRef = 9AA1B24B159A198E00B1F4E5 /* AppDelegate.m */; };
		D5C08C2917A7D514003BA6A8 /* main.m in Sources */ = {isa = PBXBuildFile; fileRef = 9AA1B24E159A19C300B1F4E5 /* main.m */; };
		D5C08C2A17A7D514003BA6A8 /* VerifySignatureViewController.m in Sources */ = {isa = PBXBuildFile; fileRef = D5F379231637029900C861B2 /* VerifySignatureViewController.m */; };
		D5C08C2C17A7D514003BA6A8 /* QuartzCore.framework in Frameworks */ = {isa = PBXBuildFile; fileRef = D5024893175E1FF9005BAD7B /* QuartzCore.framework */; };
		D5C08C2D17A7D514003BA6A8 /* ImageIO.framework in Frameworks */ = {isa = PBXBuildFile; fileRef = D545265D16568352007F699A /* ImageIO.framework */; };
		D5C08C2E17A7D514003BA6A8 /* CrashReporter.framework in Frameworks */ = {isa = PBXBuildFile; fileRef = 9AA1B262159A1BEB00B1F4E5 /* CrashReporter.framework */; };
		D5C08C3017A7D514003BA6A8 /* CoreText.framework in Frameworks */ = {isa = PBXBuildFile; fileRef = 9A18DE831580AD480038DFF4 /* CoreText.framework */; };
		D5C08C3117A7D514003BA6A8 /* Security.framework in Frameworks */ = {isa = PBXBuildFile; fileRef = 9AF4264B1563DF2300F8396C /* Security.framework */; };
		D5C08C3217A7D514003BA6A8 /* MessageUI.framework in Frameworks */ = {isa = PBXBuildFile; fileRef = 9AF2043A14C9D88A00D1B056 /* MessageUI.framework */; };
		D5C08C3317A7D514003BA6A8 /* CFNetwork.framework in Frameworks */ = {isa = PBXBuildFile; fileRef = 9A0EBDE9148FF29900BE8F89 /* CFNetwork.framework */; };
		D5C08C3417A7D514003BA6A8 /* SystemConfiguration.framework in Frameworks */ = {isa = PBXBuildFile; fileRef = 9A0EBDE7148FF29000BE8F89 /* SystemConfiguration.framework */; };
		D5C08C3517A7D514003BA6A8 /* ExternalAccessory.framework in Frameworks */ = {isa = PBXBuildFile; fileRef = 9A0EBDE5148FF28800BE8F89 /* ExternalAccessory.framework */; };
		D5C08C3617A7D514003BA6A8 /* UIKit.framework in Frameworks */ = {isa = PBXBuildFile; fileRef = 9A0EBDB3148FF1D700BE8F89 /* UIKit.framework */; };
		D5C08C3717A7D514003BA6A8 /* Foundation.framework in Frameworks */ = {isa = PBXBuildFile; fileRef = 9A0EBDB5148FF1D700BE8F89 /* Foundation.framework */; };
		D5C08C3817A7D514003BA6A8 /* CoreGraphics.framework in Frameworks */ = {isa = PBXBuildFile; fileRef = 9A0EBDB7148FF1D700BE8F89 /* CoreGraphics.framework */; };
		D5C08C3A17A7D514003BA6A8 /* AppInfoController.xib in Resources */ = {isa = PBXBuildFile; fileRef = 9AA1B214159A0BF700B1F4E5 /* AppInfoController.xib */; };
		D5C08C3B17A7D514003BA6A8 /* ConfigurationController.xib in Resources */ = {isa = PBXBuildFile; fileRef = 9AA1B215159A0BF700B1F4E5 /* ConfigurationController.xib */; };
		D5C08C3C17A7D514003BA6A8 /* InputAmount.xib in Resources */ = {isa = PBXBuildFile; fileRef = 9AA1B216159A0BF700B1F4E5 /* InputAmount.xib */; };
		D5C08C3D17A7D514003BA6A8 /* SignatureViewController.xib in Resources */ = {isa = PBXBuildFile; fileRef = D52C1215167F288200821C02 /* SignatureViewController.xib */; };
		D5C08C3E17A7D514003BA6A8 /* FirstViewController.xib in Resources */ = {isa = PBXBuildFile; fileRef = 9AA1B21C159A0C0600B1F4E5 /* FirstViewController.xib */; };
		D5C08C3F17A7D514003BA6A8 /* SecondViewController.xib in Resources */ = {isa = PBXBuildFile; fileRef = 9AA1B21E159A0C0600B1F4E5 /* SecondViewController.xib */; };
		D5C08C4017A7D514003BA6A8 /* 185-printer.png in Resources */ = {isa = PBXBuildFile; fileRef = 9AA1B253159A1A0300B1F4E5 /* 185-printer.png */; };
		D5C08C4117A7D514003BA6A8 /* 192-credit-card.png in Resources */ = {isa = PBXBuildFile; fileRef = 9AA1B254159A1A0300B1F4E5 /* 192-credit-card.png */; };
		D5C08C4217A7D514003BA6A8 /* decimalKeyDownBackground.png in Resources */ = {isa = PBXBuildFile; fileRef = 9AA1B255159A1A0300B1F4E5 /* decimalKeyDownBackground.png */; };
		D5C08C4317A7D514003BA6A8 /* iphone_payment.png in Resources */ = {isa = PBXBuildFile; fileRef = 9AA1B256159A1A0300B1F4E5 /* iphone_payment.png */; };
		D5C08C4417A7D514003BA6A8 /* version.h.tpl in Resources */ = {isa = PBXBuildFile; fileRef = 9AA1B25C159A1A1000B1F4E5 /* version.h.tpl */; };
		D5C08C4517A7D514003BA6A8 /* InfoPlist.strings in Resources */ = {isa = PBXBuildFile; fileRef = 9AA1B25F159A1A1A00B1F4E5 /* InfoPlist.strings */; };
		D5C08C4617A7D514003BA6A8 /* VerifySignatureViewController.xib in Resources */ = {isa = PBXBuildFile; fileRef = D52C122B167F2D7C00821C02 /* VerifySignatureViewController.xib */; };
		D5C08C4717A7D514003BA6A8 /* 19-gear.png in Resources */ = {isa = PBXBuildFile; fileRef = D54526681656A91E007F699A /* 19-gear.png */; };
		D5C08C4817A7D514003BA6A8 /* Localizable.strings in Resources */ = {isa = PBXBuildFile; fileRef = D52C128A1680EEC700821C02 /* Localizable.strings */; };
		D5C08C5017A7D54C003BA6A8 /* iSMP.framework in Frameworks */ = {isa = PBXBuildFile; fileRef = D5C08C4F17A7D54C003BA6A8 /* iSMP.framework */; };
		D5F379241637029900C861B2 /* VerifySignatureViewController.m in Sources */ = {isa = PBXBuildFile; fileRef = D5F379231637029900C861B2 /* VerifySignatureViewController.m */; };
		D84D28F219FEA83E00288FE0 /* iSMP_SEA.framework in Frameworks */ = {isa = PBXBuildFile; fileRef = D84D28F119FEA83E00288FE0 /* iSMP_SEA.framework */; };
/* End PBXBuildFile section */

/* Begin PBXFileReference section */
		9A0EBDAF148FF1D700BE8F89 /* InteractivePayment.app */ = {isa = PBXFileReference; explicitFileType = wrapper.application; includeInIndex = 0; path = InteractivePayment.app; sourceTree = BUILT_PRODUCTS_DIR; };
		9A0EBDB3148FF1D700BE8F89 /* UIKit.framework */ = {isa = PBXFileReference; lastKnownFileType = wrapper.framework; name = UIKit.framework; path = System/Library/Frameworks/UIKit.framework; sourceTree = SDKROOT; };
		9A0EBDB5148FF1D700BE8F89 /* Foundation.framework */ = {isa = PBXFileReference; lastKnownFileType = wrapper.framework; name = Foundation.framework; path = System/Library/Frameworks/Foundation.framework; sourceTree = SDKROOT; };
		9A0EBDB7148FF1D700BE8F89 /* CoreGraphics.framework */ = {isa = PBXFileReference; lastKnownFileType = wrapper.framework; name = CoreGraphics.framework; path = System/Library/Frameworks/CoreGraphics.framework; sourceTree = SDKROOT; };
		9A0EBDE5148FF28800BE8F89 /* ExternalAccessory.framework */ = {isa = PBXFileReference; lastKnownFileType = wrapper.framework; name = ExternalAccessory.framework; path = System/Library/Frameworks/ExternalAccessory.framework; sourceTree = SDKROOT; };
		9A0EBDE7148FF29000BE8F89 /* SystemConfiguration.framework */ = {isa = PBXFileReference; lastKnownFileType = wrapper.framework; name = SystemConfiguration.framework; path = System/Library/Frameworks/SystemConfiguration.framework; sourceTree = SDKROOT; };
		9A0EBDE9148FF29900BE8F89 /* CFNetwork.framework */ = {isa = PBXFileReference; lastKnownFileType = wrapper.framework; name = CFNetwork.framework; path = System/Library/Frameworks/CFNetwork.framework; sourceTree = SDKROOT; };
		9A18DE831580AD480038DFF4 /* CoreText.framework */ = {isa = PBXFileReference; lastKnownFileType = wrapper.framework; name = CoreText.framework; path = System/Library/Frameworks/CoreText.framework; sourceTree = SDKROOT; };
		9AA1B204159A0BB900B1F4E5 /* AppInfoController.h */ = {isa = PBXFileReference; fileEncoding = 4; lastKnownFileType = sourcecode.c.h; name = AppInfoController.h; path = Headers/AppInfoController.h; sourceTree = "<group>"; };
		9AA1B205159A0BB900B1F4E5 /* ConfigurationController.h */ = {isa = PBXFileReference; fileEncoding = 4; lastKnownFileType = sourcecode.c.h; name = ConfigurationController.h; path = Headers/ConfigurationController.h; sourceTree = "<group>"; };
		9AA1B206159A0BB900B1F4E5 /* CrashReporterManager.h */ = {isa = PBXFileReference; fileEncoding = 4; lastKnownFileType = sourcecode.c.h; name = CrashReporterManager.h; path = Headers/CrashReporterManager.h; sourceTree = "<group>"; };
		9AA1B207159A0BB900B1F4E5 /* FirstViewController.h */ = {isa = PBXFileReference; fileEncoding = 4; lastKnownFileType = sourcecode.c.h; name = FirstViewController.h; path = Headers/FirstViewController.h; sourceTree = "<group>"; };
		9AA1B208159A0BB900B1F4E5 /* SecondViewController.h */ = {isa = PBXFileReference; fileEncoding = 4; lastKnownFileType = sourcecode.c.h; name = SecondViewController.h; path = Headers/SecondViewController.h; sourceTree = "<group>"; };
		9AA1B209159A0BB900B1F4E5 /* SignatureViewController.h */ = {isa = PBXFileReference; fileEncoding = 4; lastKnownFileType = sourcecode.c.h; name = SignatureViewController.h; path = Headers/SignatureViewController.h; sourceTree = "<group>"; };
		9AA1B20A159A0BD400B1F4E5 /* AppInfoController.m */ = {isa = PBXFileReference; fileEncoding = 4; lastKnownFileType = sourcecode.c.objc; name = AppInfoController.m; path = Sources/AppInfoController.m; sourceTree = "<group>"; };
		9AA1B20B159A0BD400B1F4E5 /* ConfigurationController.m */ = {isa = PBXFileReference; fileEncoding = 4; lastKnownFileType = sourcecode.c.objc; name = ConfigurationController.m; path = Sources/ConfigurationController.m; sourceTree = "<group>"; };
		9AA1B20C159A0BD400B1F4E5 /* FirstViewController.m */ = {isa = PBXFileReference; fileEncoding = 4; lastKnownFileType = sourcecode.c.objc; name = FirstViewController.m; path = Sources/FirstViewController.m; sourceTree = "<group>"; };
		9AA1B20D159A0BD400B1F4E5 /* SecondViewController.m */ = {isa = PBXFileReference; fileEncoding = 4; lastKnownFileType = sourcecode.c.objc; name = SecondViewController.m; path = Sources/SecondViewController.m; sourceTree = "<group>"; };
		9AA1B20E159A0BD400B1F4E5 /* SignatureViewController.m */ = {isa = PBXFileReference; fileEncoding = 4; lastKnownFileType = sourcecode.c.objc; name = SignatureViewController.m; path = Sources/SignatureViewController.m; sourceTree = "<group>"; };
		9AA1B214159A0BF700B1F4E5 /* AppInfoController.xib */ = {isa = PBXFileReference; fileEncoding = 4; lastKnownFileType = file.xib; name = AppInfoController.xib; path = Xibs/AppInfoController.xib; sourceTree = "<group>"; };
		9AA1B215159A0BF700B1F4E5 /* ConfigurationController.xib */ = {isa = PBXFileReference; fileEncoding = 4; lastKnownFileType = file.xib; name = ConfigurationController.xib; path = Xibs/ConfigurationController.xib; sourceTree = "<group>"; };
		9AA1B216159A0BF700B1F4E5 /* InputAmount.xib */ = {isa = PBXFileReference; fileEncoding = 4; lastKnownFileType = file.xib; name = InputAmount.xib; path = Xibs/InputAmount.xib; sourceTree = "<group>"; };
		9AA1B21D159A0C0600B1F4E5 /* en */ = {isa = PBXFileReference; lastKnownFileType = file.xib; name = en; path = Xibs/en.lproj/FirstViewController.xib; sourceTree = "<group>"; };
		9AA1B21F159A0C0600B1F4E5 /* en */ = {isa = PBXFileReference; lastKnownFileType = file.xib; name = en; path = Xibs/en.lproj/SecondViewController.xib; sourceTree = "<group>"; };
		9AA1B222159A0C1600B1F4E5 /* InputAmount.h */ = {isa = PBXFileReference; fileEncoding = 4; lastKnownFileType = sourcecode.c.h; name = InputAmount.h; path = Headers/InputAmount.h; sourceTree = "<group>"; };
		9AA1B223159A0C2200B1F4E5 /* InputAmount.m */ = {isa = PBXFileReference; fileEncoding = 4; lastKnownFileType = sourcecode.c.objc; name = InputAmount.m; path = Sources/InputAmount.m; sourceTree = "<group>"; };
		9AA1B225159A17BB00B1F4E5 /* derTlv.m */ = {isa = PBXFileReference; fileEncoding = 4; lastKnownFileType = sourcecode.c.objc; name = derTlv.m; path = Sources/derTlv.m; sourceTree = "<group>"; };
		9AA1B226159A17BB00B1F4E5 /* ICBitmapReceipt.m */ = {isa = PBXFileReference; fileEncoding = 4; lastKnownFileType = sourcecode.c.objc; name = ICBitmapReceipt.m; path = Sources/ICBitmapReceipt.m; sourceTree = "<group>"; };
		9AA1B228159A17BB00B1F4E5 /* ICSignatureView.m */ = {isa = PBXFileReference; fileEncoding = 4; lastKnownFileType = sourcecode.c.objc; name = ICSignatureView.m; path = Sources/ICSignatureView.m; sourceTree = "<group>"; };
		9AA1B229159A17BB00B1F4E5 /* SettingsManager.m */ = {isa = PBXFileReference; fileEncoding = 4; lastKnownFileType = sourcecode.c.objc; name = SettingsManager.m; path = Sources/SettingsManager.m; sourceTree = "<group>"; };
		9AA1B22A159A17BB00B1F4E5 /* UIImage-Extensions.m */ = {isa = PBXFileReference; fileEncoding = 4; lastKnownFileType = sourcecode.c.objc; name = "UIImage-Extensions.m"; path = "Sources/UIImage-Extensions.m"; sourceTree = "<group>"; };
		9AA1B231159A17DC00B1F4E5 /* derTlv.h */ = {isa = PBXFileReference; fileEncoding = 4; lastKnownFileType = sourcecode.c.h; name = derTlv.h; path = Headers/derTlv.h; sourceTree = "<group>"; };
		9AA1B232159A17DC00B1F4E5 /* ICBitmapReceipt.h */ = {isa = PBXFileReference; fileEncoding = 4; lastKnownFileType = sourcecode.c.h; name = ICBitmapReceipt.h; path = Headers/ICBitmapReceipt.h; sourceTree = "<group>"; };
		9AA1B234159A17DC00B1F4E5 /* ICSignatureView.h */ = {isa = PBXFileReference; fileEncoding = 4; lastKnownFileType = sourcecode.c.h; name = ICSignatureView.h; path = Headers/ICSignatureView.h; sourceTree = "<group>"; };
		9AA1B235159A17DC00B1F4E5 /* NumberKeypadDecimalPoint.h */ = {isa = PBXFileReference; fileEncoding = 4; lastKnownFileType = sourcecode.c.h; name = NumberKeypadDecimalPoint.h; path = Headers/NumberKeypadDecimalPoint.h; sourceTree = "<group>"; };
		9AA1B236159A17DC00B1F4E5 /* UIImage-Extensions.h */ = {isa = PBXFileReference; fileEncoding = 4; lastKnownFileType = sourcecode.c.h; name = "UIImage-Extensions.h"; path = "Headers/UIImage-Extensions.h"; sourceTree = "<group>"; };
		9AA1B237159A17F400B1F4E5 /* NumberKeypadDecimalPoint.m */ = {isa = PBXFileReference; fileEncoding = 4; lastKnownFileType = sourcecode.c.objc; name = NumberKeypadDecimalPoint.m; path = Sources/NumberKeypadDecimalPoint.m; sourceTree = "<group>"; };
		9AA1B239159A180B00B1F4E5 /* SettingsManager.h */ = {isa = PBXFileReference; fileEncoding = 4; lastKnownFileType = sourcecode.c.h; name = SettingsManager.h; path = Headers/SettingsManager.h; sourceTree = "<group>"; };
		9AA1B23B159A191600B1F4E5 /* StandalonePaymentManager.h */ = {isa = PBXFileReference; fileEncoding = 4; lastKnownFileType = sourcecode.c.h; name = StandalonePaymentManager.h; path = Headers/StandalonePaymentManager.h; sourceTree = "<group>"; };
		9AA1B23D159A192500B1F4E5 /* StandalonePaymentManager.m */ = {isa = PBXFileReference; fileEncoding = 4; lastKnownFileType = sourcecode.c.objc; name = StandalonePaymentManager.m; path = Sources/StandalonePaymentManager.m; sourceTree = "<group>"; };
		9AA1B240159A193D00B1F4E5 /* GateWayManager.m */ = {isa = PBXFileReference; fileEncoding = 4; lastKnownFileType = sourcecode.c.objc; name = GateWayManager.m; path = Sources/GateWayManager.m; sourceTree = "<group>"; };
		9AA1B241159A193D00B1F4E5 /* iSMPControlManager.m */ = {isa = PBXFileReference; fileEncoding = 4; lastKnownFileType = sourcecode.c.objc; name = iSMPControlManager.m; path = Sources/iSMPControlManager.m; sourceTree = "<group>"; };
		9AA1B242159A193D00B1F4E5 /* PrinterManager.m */ = {isa = PBXFileReference; fileEncoding = 4; lastKnownFileType = sourcecode.c.objc; name = PrinterManager.m; path = Sources/PrinterManager.m; sourceTree = "<group>"; };
		9AA1B246159A194800B1F4E5 /* GateWayManager.h */ = {isa = PBXFileReference; fileEncoding = 4; lastKnownFileType = sourcecode.c.h; name = GateWayManager.h; path = Headers/GateWayManager.h; sourceTree = "<group>"; };
		9AA1B247159A194800B1F4E5 /* iSMPControlManager.h */ = {isa = PBXFileReference; fileEncoding = 4; lastKnownFileType = sourcecode.c.h; name = iSMPControlManager.h; path = Headers/iSMPControlManager.h; sourceTree = "<group>"; };
		9AA1B248159A194800B1F4E5 /* PrinterManager.h */ = {isa = PBXFileReference; fileEncoding = 4; lastKnownFileType = sourcecode.c.h; name = PrinterManager.h; path = Headers/PrinterManager.h; sourceTree = "<group>"; };
		9AA1B249159A195500B1F4E5 /* CrashReporterManager.m */ = {isa = PBXFileReference; fileEncoding = 4; lastKnownFileType = sourcecode.c.objc; name = CrashReporterManager.m; path = Sources/CrashReporterManager.m; sourceTree = "<group>"; };
		9AA1B24B159A198E00B1F4E5 /* AppDelegate.m */ = {isa = PBXFileReference; fileEncoding = 4; lastKnownFileType = sourcecode.c.objc; name = AppDelegate.m; path = Sources/AppDelegate.m; sourceTree = SOURCE_ROOT; };
		9AA1B24D159A19AA00B1F4E5 /* AppDelegate.h */ = {isa = PBXFileReference; fileEncoding = 4; lastKnownFileType = sourcecode.c.h; name = AppDelegate.h; path = Headers/AppDelegate.h; sourceTree = SOURCE_ROOT; };
		9AA1B24E159A19C300B1F4E5 /* main.m */ = {isa = PBXFileReference; fileEncoding = 4; lastKnownFileType = sourcecode.c.objc; name = main.m; path = Sources/main.m; sourceTree = SOURCE_ROOT; };
		9AA1B250159A19CE00B1F4E5 /* InteractivePayment-Prefix.pch */ = {isa = PBXFileReference; fileEncoding = 4; lastKnownFileType = sourcecode.c.h; name = "InteractivePayment-Prefix.pch"; path = "Headers/InteractivePayment-Prefix.pch"; sourceTree = SOURCE_ROOT; };
		9AA1B253159A1A0300B1F4E5 /* 185-printer.png */ = {isa = PBXFileReference; lastKnownFileType = image.png; name = "185-printer.png"; path = "Resources/Bitmaps/185-printer.png"; sourceTree = SOURCE_ROOT; };
		9AA1B254159A1A0300B1F4E5 /* 192-credit-card.png */ = {isa = PBXFileReference; lastKnownFileType = image.png; name = "192-credit-card.png"; path = "Resources/Bitmaps/192-credit-card.png"; sourceTree = SOURCE_ROOT; };
		9AA1B255159A1A0300B1F4E5 /* decimalKeyDownBackground.png */ = {isa = PBXFileReference; lastKnownFileType = image.png; name = decimalKeyDownBackground.png; path = Resources/Bitmaps/decimalKeyDownBackground.png; sourceTree = SOURCE_ROOT; };
		9AA1B256159A1A0300B1F4E5 /* iphone_payment.png */ = {isa = PBXFileReference; lastKnownFileType = image.png; name = iphone_payment.png; path = Resources/Bitmaps/iphone_payment.png; sourceTree = SOURCE_ROOT; };
		9AA1B25B159A1A1000B1F4E5 /* InteractivePayment-Info.plist */ = {isa = PBXFileReference; fileEncoding = 4; lastKnownFileType = text.plist.xml; name = "InteractivePayment-Info.plist"; path = "Resources/App/InteractivePayment-Info.plist"; sourceTree = SOURCE_ROOT; };
		9AA1B25C159A1A1000B1F4E5 /* version.h.tpl */ = {isa = PBXFileReference; fileEncoding = 4; lastKnownFileType = text; name = version.h.tpl; path = Resources/App/version.h.tpl; sourceTree = SOURCE_ROOT; };
		9AA1B260159A1A1A00B1F4E5 /* en */ = {isa = PBXFileReference; lastKnownFileType = text.plist.strings; name = en; path = Resources/App/en.lproj/InfoPlist.strings; sourceTree = SOURCE_ROOT; };
		9AA1B262159A1BEB00B1F4E5 /* CrashReporter.framework */ = {isa = PBXFileReference; lastKnownFileType = wrapper.framework; name = CrashReporter.framework; path = ExternalLibs/CrashReporter.framework; sourceTree = "<group>"; };
		9AF2043A14C9D88A00D1B056 /* MessageUI.framework */ = {isa = PBXFileReference; lastKnownFileType = wrapper.framework; name = MessageUI.framework; path = System/Library/Frameworks/MessageUI.framework; sourceTree = SDKROOT; };
		9AF4264B1563DF2300F8396C /* Security.framework */ = {isa = PBXFileReference; lastKnownFileType = wrapper.framework; name = Security.framework; path = System/Library/Frameworks/Security.framework; sourceTree = SDKROOT; };
		D5024893175E1FF9005BAD7B /* QuartzCore.framework */ = {isa = PBXFileReference; lastKnownFileType = wrapper.framework; name = QuartzCore.framework; path = System/Library/Frameworks/QuartzCore.framework; sourceTree = SDKROOT; };
		D52C1214167F288200821C02 /* en */ = {isa = PBXFileReference; lastKnownFileType = file.xib; name = en; path = en.lproj/SignatureViewController.xib; sourceTree = "<group>"; };
		D52C121E167F2AEA00821C02 /* zh-Hans */ = {isa = PBXFileReference; lastKnownFileType = file.xib; name = "zh-Hans"; path = "zh-Hans.lproj/SignatureViewController.xib"; sourceTree = "<group>"; };
		D52C1225167F2BB500821C02 /* zh-Hans */ = {isa = PBXFileReference; lastKnownFileType = file.xib; name = "zh-Hans"; path = "Xibs/zh-Hans.lproj/FirstViewController.xib"; sourceTree = "<group>"; };
		D52C1226167F2BC900821C02 /* zh-Hans */ = {isa = PBXFileReference; lastKnownFileType = file.xib; name = "zh-Hans"; path = "Xibs/zh-Hans.lproj/SecondViewController.xib"; sourceTree = "<group>"; };
		D52C1227167F2BE000821C02 /* zh-Hans */ = {isa = PBXFileReference; lastKnownFileType = text.plist.strings; name = "zh-Hans"; path = "Resources/App/zh-Hans.lproj/InfoPlist.strings"; sourceTree = SOURCE_ROOT; };
		D52C122A167F2D7C00821C02 /* en */ = {isa = PBXFileReference; lastKnownFileType = file.xib; name = en; path = en.lproj/VerifySignatureViewController.xib; sourceTree = "<group>"; };
		D52C122C167F2D8200821C02 /* zh-Hans */ = {isa = PBXFileReference; lastKnownFileType = file.xib; name = "zh-Hans"; path = "zh-Hans.lproj/VerifySignatureViewController.xib"; sourceTree = "<group>"; };
		D52C128B1680EEC700821C02 /* en */ = {isa = PBXFileReference; lastKnownFileType = text.plist.strings; name = en; path = Resources/App/en.lproj/Localizable.strings; sourceTree = SOURCE_ROOT; };
		D52C128E1680EED100821C02 /* zh-Hans */ = {isa = PBXFileReference; lastKnownFileType = text.plist.strings; name = "zh-Hans"; path = "Resources/App/zh-Hans.lproj/Localizable.strings"; sourceTree = SOURCE_ROOT; };
		D52C12991681D2ED00821C02 /* zh-Hant */ = {isa = PBXFileReference; lastKnownFileType = file.xib; name = "zh-Hant"; path = "zh-Hant.lproj/SignatureViewController.xib"; sourceTree = "<group>"; };
		D52C129A1681D2ED00821C02 /* zh-Hant */ = {isa = PBXFileReference; lastKnownFileType = file.xib; name = "zh-Hant"; path = "zh-Hant.lproj/VerifySignatureViewController.xib"; sourceTree = "<group>"; };
		D52C129D1681D40300821C02 /* zh-Hant */ = {isa = PBXFileReference; lastKnownFileType = file.xib; name = "zh-Hant"; path = "Xibs/zh-Hant.lproj/SecondViewController.xib"; sourceTree = "<group>"; };
		D52C129E1681D41500821C02 /* zh-Hant */ = {isa = PBXFileReference; lastKnownFileType = file.xib; name = "zh-Hant"; path = "Xibs/zh-Hant.lproj/FirstViewController.xib"; sourceTree = "<group>"; };
		D52C129F1681D42900821C02 /* zh-Hant */ = {isa = PBXFileReference; lastKnownFileType = text.plist.strings; name = "zh-Hant"; path = "Resources/App/zh-Hant.lproj/Localizable.strings"; sourceTree = SOURCE_ROOT; };
		D52C12A01681D44000821C02 /* zh-Hant */ = {isa = PBXFileReference; lastKnownFileType = text.plist.strings; name = "zh-Hant"; path = "Resources/App/zh-Hant.lproj/InfoPlist.strings"; sourceTree = SOURCE_ROOT; };
		D545265D16568352007F699A /* ImageIO.framework */ = {isa = PBXFileReference; lastKnownFileType = wrapper.framework; name = ImageIO.framework; path = System/Library/Frameworks/ImageIO.framework; sourceTree = SDKROOT; };
		D54526681656A91E007F699A /* 19-gear.png */ = {isa = PBXFileReference; lastKnownFileType = image.png; name = "19-gear.png"; path = "Resources/Bitmaps/19-gear.png"; sourceTree = SOURCE_ROOT; };
		D5C08C4D17A7D514003BA6A8 /* InteractivePayment copy.app */ = {isa = PBXFileReference; explicitFileType = wrapper.application; includeInIndex = 0; path = "InteractivePayment copy.app"; sourceTree = BUILT_PRODUCTS_DIR; };
		D5C08C4F17A7D54C003BA6A8 /* iSMP.framework */ = {isa = PBXFileReference; lastKnownFileType = wrapper.framework; name = iSMP.framework; path = ExternalLibs/iSMP.framework; sourceTree = "<group>"; };
		D5F379231637029900C861B2 /* VerifySignatureViewController.m */ = {isa = PBXFileReference; fileEncoding = 4; lastKnownFileType = sourcecode.c.objc; name = VerifySignatureViewController.m; path = Sources/VerifySignatureViewController.m; sourceTree = "<group>"; };
		D5F37925163702A100C861B2 /* VerifySignatureViewController.h */ = {isa = PBXFileReference; fileEncoding = 4; lastKnownFileType = sourcecode.c.h; name = VerifySignatureViewController.h; path = Headers/VerifySignatureViewController.h; sourceTree = "<group>"; };
		D84D28F119FEA83E00288FE0 /* iSMP_SEA.framework */ = {isa = PBXFileReference; lastKnownFileType = wrapper.framework; name = iSMP_SEA.framework; path = ExternalLibs/iSMP_SEA.framework; sourceTree = "<group>"; };
/* End PBXFileReference section */

/* Begin PBXFrameworksBuildPhase section */
		9A0EBDAC148FF1D700BE8F89 /* Frameworks */ = {
			isa = PBXFrameworksBuildPhase;
			buildActionMask = 2147483647;
			files = (
				D5C08C5017A7D54C003BA6A8 /* iSMP.framework in Frameworks */,
				D5024894175E1FF9005BAD7B /* QuartzCore.framework in Frameworks */,
				D545265E16568352007F699A /* ImageIO.framework in Frameworks */,
				9AA1B264159A1BEB00B1F4E5 /* CrashReporter.framework in Frameworks */,
				9A18DE841580AD480038DFF4 /* CoreText.framework in Frameworks */,
				9AF4264C1563DF2300F8396C /* Security.framework in Frameworks */,
				9AF2043B14C9D88A00D1B056 /* MessageUI.framework in Frameworks */,
				9A0EBDEA148FF29900BE8F89 /* CFNetwork.framework in Frameworks */,
				9A0EBDE8148FF29000BE8F89 /* SystemConfiguration.framework in Frameworks */,
				9A0EBDE6148FF28800BE8F89 /* ExternalAccessory.framework in Frameworks */,
				9A0EBDB4148FF1D700BE8F89 /* UIKit.framework in Frameworks */,
				9A0EBDB6148FF1D700BE8F89 /* Foundation.framework in Frameworks */,
				9A0EBDB8148FF1D700BE8F89 /* CoreGraphics.framework in Frameworks */,
			);
			runOnlyForDeploymentPostprocessing = 0;
		};
		D5C08C2B17A7D514003BA6A8 /* Frameworks */ = {
			isa = PBXFrameworksBuildPhase;
			buildActionMask = 2147483647;
			files = (
				D84D28F219FEA83E00288FE0 /* iSMP_SEA.framework in Frameworks */,
				D5C08C2C17A7D514003BA6A8 /* QuartzCore.framework in Frameworks */,
				D5C08C2D17A7D514003BA6A8 /* ImageIO.framework in Frameworks */,
				D5C08C2E17A7D514003BA6A8 /* CrashReporter.framework in Frameworks */,
				D5C08C3017A7D514003BA6A8 /* CoreText.framework in Frameworks */,
				D5C08C3117A7D514003BA6A8 /* Security.framework in Frameworks */,
				D5C08C3217A7D514003BA6A8 /* MessageUI.framework in Frameworks */,
				D5C08C3317A7D514003BA6A8 /* CFNetwork.framework in Frameworks */,
				D5C08C3417A7D514003BA6A8 /* SystemConfiguration.framework in Frameworks */,
				D5C08C3517A7D514003BA6A8 /* ExternalAccessory.framework in Frameworks */,
				D5C08C3617A7D514003BA6A8 /* UIKit.framework in Frameworks */,
				D5C08C3717A7D514003BA6A8 /* Foundation.framework in Frameworks */,
				D5C08C3817A7D514003BA6A8 /* CoreGraphics.framework in Frameworks */,
			);
			runOnlyForDeploymentPostprocessing = 0;
		};
/* End PBXFrameworksBuildPhase section */

/* Begin PBXGroup section */
		9A0EBDA4148FF1D700BE8F89 = {
			isa = PBXGroup;
			children = (
				9A2C5A2D1490D0AF004C293F /* Controllers */,
				9A2C5A2C1490D0A3004C293F /* Views */,
				9A2C5A2B1490D097004C293F /* Model */,
				9A0EBDB9148FF1D700BE8F89 /* InteractivePayment */,
				9A0EBDFF148FF83900BE8F89 /* Resources */,
				9A0EBDB2148FF1D700BE8F89 /* Frameworks */,
				9A0EBDB0148FF1D700BE8F89 /* Products */,
			);
			sourceTree = "<group>";
		};
		9A0EBDB0148FF1D700BE8F89 /* Products */ = {
			isa = PBXGroup;
			children = (
				9A0EBDAF148FF1D700BE8F89 /* InteractivePayment.app */,
				D5C08C4D17A7D514003BA6A8 /* InteractivePayment copy.app */,
			);
			name = Products;
			sourceTree = "<group>";
		};
		9A0EBDB2148FF1D700BE8F89 /* Frameworks */ = {
			isa = PBXGroup;
			children = (
				D84D28F119FEA83E00288FE0 /* iSMP_SEA.framework */,
				D5C08C4F17A7D54C003BA6A8 /* iSMP.framework */,
				D5024893175E1FF9005BAD7B /* QuartzCore.framework */,
				D545265D16568352007F699A /* ImageIO.framework */,
				9AA1B262159A1BEB00B1F4E5 /* CrashReporter.framework */,
				9A18DE831580AD480038DFF4 /* CoreText.framework */,
				9AF4264B1563DF2300F8396C /* Security.framework */,
				9AF2043A14C9D88A00D1B056 /* MessageUI.framework */,
				9A0EBDE9148FF29900BE8F89 /* CFNetwork.framework */,
				9A0EBDE7148FF29000BE8F89 /* SystemConfiguration.framework */,
				9A0EBDE5148FF28800BE8F89 /* ExternalAccessory.framework */,
				9A0EBDB3148FF1D700BE8F89 /* UIKit.framework */,
				9A0EBDB5148FF1D700BE8F89 /* Foundation.framework */,
				9A0EBDB7148FF1D700BE8F89 /* CoreGraphics.framework */,
			);
			name = Frameworks;
			sourceTree = "<group>";
		};
		9A0EBDB9148FF1D700BE8F89 /* InteractivePayment */ = {
			isa = PBXGroup;
			children = (
				9AA1B24D159A19AA00B1F4E5 /* AppDelegate.h */,
				9AA1B24B159A198E00B1F4E5 /* AppDelegate.m */,
				9AA1B250159A19CE00B1F4E5 /* InteractivePayment-Prefix.pch */,
				9AA1B24E159A19C300B1F4E5 /* main.m */,
			);
			path = InteractivePayment;
			sourceTree = "<group>";
		};
		9A0EBDDE148FF22400BE8F89 /* iSMP */ = {
			isa = PBXGroup;
			children = (
				9AA1B246159A194800B1F4E5 /* GateWayManager.h */,
				9AA1B240159A193D00B1F4E5 /* GateWayManager.m */,
				9AA1B247159A194800B1F4E5 /* iSMPControlManager.h */,
				9AA1B241159A193D00B1F4E5 /* iSMPControlManager.m */,
				9AA1B248159A194800B1F4E5 /* PrinterManager.h */,
				9AA1B242159A193D00B1F4E5 /* PrinterManager.m */,
			);
			name = iSMP;
			sourceTree = "<group>";
		};
		9A0EBDFF148FF83900BE8F89 /* Resources */ = {
			isa = PBXGroup;
			children = (
				9AA1B252159A19F300B1F4E5 /* App */,
				9AA1B251159A19ED00B1F4E5 /* Bitmaps */,
			);
			name = Resources;
			path = InteractivePayment;
			sourceTree = "<group>";
		};
		9A2C5A2B1490D097004C293F /* Model */ = {
			isa = PBXGroup;
			children = (
				9ADE8D3C1497660400C7AF89 /* Helper */,
				9A2C5A2E1490D0DC004C293F /* Payment */,
				9A0EBDDE148FF22400BE8F89 /* iSMP */,
			);
			name = Model;
			sourceTree = "<group>";
		};
		9A2C5A2C1490D0A3004C293F /* Views */ = {
			isa = PBXGroup;
			children = (
				9AA1B21C159A0C0600B1F4E5 /* FirstViewController.xib */,
				9AA1B21E159A0C0600B1F4E5 /* SecondViewController.xib */,
				9AA1B214159A0BF700B1F4E5 /* AppInfoController.xib */,
				9AA1B215159A0BF700B1F4E5 /* ConfigurationController.xib */,
				9AA1B216159A0BF700B1F4E5 /* InputAmount.xib */,
				D52C1215167F288200821C02 /* SignatureViewController.xib */,
				D52C122B167F2D7C00821C02 /* VerifySignatureViewController.xib */,
			);
			name = Views;
			sourceTree = "<group>";
		};
		9A2C5A2D1490D0AF004C293F /* Controllers */ = {
			isa = PBXGroup;
			children = (
				9AA1B222159A0C1600B1F4E5 /* InputAmount.h */,
				9AA1B223159A0C2200B1F4E5 /* InputAmount.m */,
				9AA1B235159A17DC00B1F4E5 /* NumberKeypadDecimalPoint.h */,
				9AA1B237159A17F400B1F4E5 /* NumberKeypadDecimalPoint.m */,
				9AA1B204159A0BB900B1F4E5 /* AppInfoController.h */,
				9AA1B20A159A0BD400B1F4E5 /* AppInfoController.m */,
				9AA1B205159A0BB900B1F4E5 /* ConfigurationController.h */,
				9AA1B20B159A0BD400B1F4E5 /* ConfigurationController.m */,
				9AA1B207159A0BB900B1F4E5 /* FirstViewController.h */,
				9AA1B20C159A0BD400B1F4E5 /* FirstViewController.m */,
				9AA1B208159A0BB900B1F4E5 /* SecondViewController.h */,
				9AA1B20D159A0BD400B1F4E5 /* SecondViewController.m */,
				9AA1B209159A0BB900B1F4E5 /* SignatureViewController.h */,
				9AA1B20E159A0BD400B1F4E5 /* SignatureViewController.m */,
				D5F37925163702A100C861B2 /* VerifySignatureViewController.h */,
				D5F379231637029900C861B2 /* VerifySignatureViewController.m */,
			);
			name = Controllers;
			sourceTree = "<group>";
		};
		9A2C5A2E1490D0DC004C293F /* Payment */ = {
			isa = PBXGroup;
			children = (
				9AA1B23B159A191600B1F4E5 /* StandalonePaymentManager.h */,
				9AA1B23D159A192500B1F4E5 /* StandalonePaymentManager.m */,
			);
			name = Payment;
			sourceTree = "<group>";
		};
		9AA1B251159A19ED00B1F4E5 /* Bitmaps */ = {
			isa = PBXGroup;
			children = (
				D54526681656A91E007F699A /* 19-gear.png */,
				9AA1B253159A1A0300B1F4E5 /* 185-printer.png */,
				9AA1B254159A1A0300B1F4E5 /* 192-credit-card.png */,
				9AA1B255159A1A0300B1F4E5 /* decimalKeyDownBackground.png */,
				9AA1B256159A1A0300B1F4E5 /* iphone_payment.png */,
			);
			name = Bitmaps;
			sourceTree = "<group>";
		};
		9AA1B252159A19F300B1F4E5 /* App */ = {
			isa = PBXGroup;
			children = (
				D52C128A1680EEC700821C02 /* Localizable.strings */,
				9AA1B25F159A1A1A00B1F4E5 /* InfoPlist.strings */,
				9AA1B25B159A1A1000B1F4E5 /* InteractivePayment-Info.plist */,
				9AA1B25C159A1A1000B1F4E5 /* version.h.tpl */,
			);
			name = App;
			sourceTree = "<group>";
		};
		9ADE8D3C1497660400C7AF89 /* Helper */ = {
			isa = PBXGroup;
			children = (
				9AA1B239159A180B00B1F4E5 /* SettingsManager.h */,
				9AA1B229159A17BB00B1F4E5 /* SettingsManager.m */,
				9AA1B206159A0BB900B1F4E5 /* CrashReporterManager.h */,
				9AA1B249159A195500B1F4E5 /* CrashReporterManager.m */,
				9AA1B231159A17DC00B1F4E5 /* derTlv.h */,
				9AA1B225159A17BB00B1F4E5 /* derTlv.m */,
				9AA1B232159A17DC00B1F4E5 /* ICBitmapReceipt.h */,
				9AA1B226159A17BB00B1F4E5 /* ICBitmapReceipt.m */,
				9AA1B234159A17DC00B1F4E5 /* ICSignatureView.h */,
				9AA1B228159A17BB00B1F4E5 /* ICSignatureView.m */,
				9AA1B236159A17DC00B1F4E5 /* UIImage-Extensions.h */,
				9AA1B22A159A17BB00B1F4E5 /* UIImage-Extensions.m */,
			);
			name = Helper;
			sourceTree = "<group>";
		};
/* End PBXGroup section */

/* Begin PBXNativeTarget section */
		9A0EBDAE148FF1D700BE8F89 /* InteractivePayment */ = {
			isa = PBXNativeTarget;
			buildConfigurationList = 9A0EBDDB148FF1D700BE8F89 /* Build configuration list for PBXNativeTarget "InteractivePayment" */;
			buildPhases = (
				9A8657D614B73D47006557FA /* Get App Version */,
				9A0EBDAB148FF1D700BE8F89 /* Sources */,
				9A0EBDAC148FF1D700BE8F89 /* Frameworks */,
				9A0EBDAD148FF1D700BE8F89 /* Resources */,
			);
			buildRules = (
			);
			dependencies = (
			);
			name = InteractivePayment;
			productName = InteractivePayment;
			productReference = 9A0EBDAF148FF1D700BE8F89 /* InteractivePayment.app */;
			productType = "com.apple.product-type.application";
		};
		D5C08C1317A7D514003BA6A8 /* InteractivePayment_SEA */ = {
			isa = PBXNativeTarget;
			buildConfigurationList = D5C08C4917A7D514003BA6A8 /* Build configuration list for PBXNativeTarget "InteractivePayment_SEA" */;
			buildPhases = (
				D5C08C1417A7D514003BA6A8 /* Get App Version */,
				D5C08C1517A7D514003BA6A8 /* Sources */,
				D5C08C2B17A7D514003BA6A8 /* Frameworks */,
				D5C08C3917A7D514003BA6A8 /* Resources */,
			);
			buildRules = (
			);
			dependencies = (
			);
			name = InteractivePayment_SEA;
			productName = InteractivePayment;
			productReference = D5C08C4D17A7D514003BA6A8 /* InteractivePayment copy.app */;
			productType = "com.apple.product-type.application";
		};
/* End PBXNativeTarget section */

/* Begin PBXProject section */
		9A0EBDA6148FF1D700BE8F89 /* Project object */ = {
			isa = PBXProject;
			attributes = {
				LastUpgradeCheck = 0460;
				ORGANIZATIONNAME = Ingenico;
				TargetAttributes = {
					9A0EBDAE148FF1D700BE8F89 = {
						DevelopmentTeam = PU4TZ8JJCC;
					};
				};
			};
			buildConfigurationList = 9A0EBDA9148FF1D700BE8F89 /* Build configuration list for PBXProject "InteractivePayment" */;
			compatibilityVersion = "Xcode 3.2";
			developmentRegion = English;
			hasScannedForEncodings = 0;
			knownRegions = (
				en,
				"zh-Hans",
				"zh-Hant",
			);
			mainGroup = 9A0EBDA4148FF1D700BE8F89;
			productRefGroup = 9A0EBDB0148FF1D700BE8F89 /* Products */;
			projectDirPath = "";
			projectRoot = "";
			targets = (
				9A0EBDAE148FF1D700BE8F89 /* InteractivePayment */,
				D5C08C1317A7D514003BA6A8 /* InteractivePayment_SEA */,
			);
		};
/* End PBXProject section */

/* Begin PBXResourcesBuildPhase section */
		9A0EBDAD148FF1D700BE8F89 /* Resources */ = {
			isa = PBXResourcesBuildPhase;
			buildActionMask = 2147483647;
			files = (
				9AA1B218159A0BF700B1F4E5 /* AppInfoController.xib in Resources */,
				9AA1B219159A0BF700B1F4E5 /* ConfigurationController.xib in Resources */,
				9AA1B21A159A0BF700B1F4E5 /* InputAmount.xib in Resources */,
				D52C1213167F288200821C02 /* SignatureViewController.xib in Resources */,
				9AA1B220159A0C0600B1F4E5 /* FirstViewController.xib in Resources */,
				9AA1B221159A0C0600B1F4E5 /* SecondViewController.xib in Resources */,
				9AA1B257159A1A0300B1F4E5 /* 185-printer.png in Resources */,
				9AA1B258159A1A0300B1F4E5 /* 192-credit-card.png in Resources */,
				9AA1B259159A1A0300B1F4E5 /* decimalKeyDownBackground.png in Resources */,
				9AA1B25A159A1A0300B1F4E5 /* iphone_payment.png in Resources */,
				9AA1B25E159A1A1000B1F4E5 /* version.h.tpl in Resources */,
				9AA1B261159A1A1A00B1F4E5 /* InfoPlist.strings in Resources */,
				D52C1229167F2D7C00821C02 /* VerifySignatureViewController.xib in Resources */,
				D54526691656A91E007F699A /* 19-gear.png in Resources */,
				D52C128C1680EEC700821C02 /* Localizable.strings in Resources */,
			);
			runOnlyForDeploymentPostprocessing = 0;
		};
		D5C08C3917A7D514003BA6A8 /* Resources */ = {
			isa = PBXResourcesBuildPhase;
			buildActionMask = 2147483647;
			files = (
				D5C08C3A17A7D514003BA6A8 /* AppInfoController.xib in Resources */,
				D5C08C3B17A7D514003BA6A8 /* ConfigurationController.xib in Resources */,
				D5C08C3C17A7D514003BA6A8 /* InputAmount.xib in Resources */,
				D5C08C3D17A7D514003BA6A8 /* SignatureViewController.xib in Resources */,
				D5C08C3E17A7D514003BA6A8 /* FirstViewController.xib in Resources */,
				D5C08C3F17A7D514003BA6A8 /* SecondViewController.xib in Resources */,
				D5C08C4017A7D514003BA6A8 /* 185-printer.png in Resources */,
				D5C08C4117A7D514003BA6A8 /* 192-credit-card.png in Resources */,
				D5C08C4217A7D514003BA6A8 /* decimalKeyDownBackground.png in Resources */,
				D5C08C4317A7D514003BA6A8 /* iphone_payment.png in Resources */,
				D5C08C4417A7D514003BA6A8 /* version.h.tpl in Resources */,
				D5C08C4517A7D514003BA6A8 /* InfoPlist.strings in Resources */,
				D5C08C4617A7D514003BA6A8 /* VerifySignatureViewController.xib in Resources */,
				D5C08C4717A7D514003BA6A8 /* 19-gear.png in Resources */,
				D5C08C4817A7D514003BA6A8 /* Localizable.strings in Resources */,
			);
			runOnlyForDeploymentPostprocessing = 0;
		};
/* End PBXResourcesBuildPhase section */

/* Begin PBXShellScriptBuildPhase section */
		9A8657D614B73D47006557FA /* Get App Version */ = {
			isa = PBXShellScriptBuildPhase;
			buildActionMask = 2147483647;
			files = (
			);
			inputPaths = (
			);
			name = "Get App Version";
			outputPaths = (
			);
			runOnlyForDeploymentPostprocessing = 0;
			shellPath = /bin/sh;
			shellScript = "Version=`agvtool vers -terse`\nsed -e \"s/CURRENT_VERSION/$Version/g\" ./Resources/App/version.h.tpl > ./GeneratedFiles/version.h";
		};
		D5C08C1417A7D514003BA6A8 /* Get App Version */ = {
			isa = PBXShellScriptBuildPhase;
			buildActionMask = 2147483647;
			files = (
			);
			inputPaths = (
			);
			name = "Get App Version";
			outputPaths = (
			);
			runOnlyForDeploymentPostprocessing = 0;
			shellPath = /bin/sh;
			shellScript = "Version=`agvtool vers -terse`\nsed -e \"s/CURRENT_VERSION/$Version/g\" ./Resources/App/version.h.tpl > ./GeneratedFiles/version.h";
		};
/* End PBXShellScriptBuildPhase section */

/* Begin PBXSourcesBuildPhase section */
		9A0EBDAB148FF1D700BE8F89 /* Sources */ = {
			isa = PBXSourcesBuildPhase;
			buildActionMask = 2147483647;
			files = (
				9AA1B20F159A0BD400B1F4E5 /* AppInfoController.m in Sources */,
				9AA1B210159A0BD400B1F4E5 /* ConfigurationController.m in Sources */,
				9AA1B211159A0BD400B1F4E5 /* FirstViewController.m in Sources */,
				9AA1B212159A0BD400B1F4E5 /* SecondViewController.m in Sources */,
				9AA1B213159A0BD400B1F4E5 /* SignatureViewController.m in Sources */,
				9AA1B224159A0C2200B1F4E5 /* InputAmount.m in Sources */,
				9AA1B22B159A17BB00B1F4E5 /* derTlv.m in Sources */,
				9AA1B22C159A17BB00B1F4E5 /* ICBitmapReceipt.m in Sources */,
				9AA1B22E159A17BB00B1F4E5 /* ICSignatureView.m in Sources */,
				9AA1B22F159A17BB00B1F4E5 /* SettingsManager.m in Sources */,
				9AA1B230159A17BB00B1F4E5 /* UIImage-Extensions.m in Sources */,
				9AA1B238159A17F400B1F4E5 /* NumberKeypadDecimalPoint.m in Sources */,
				9AA1B23F159A192500B1F4E5 /* StandalonePaymentManager.m in Sources */,
				9AA1B243159A193D00B1F4E5 /* GateWayManager.m in Sources */,
				9AA1B244159A193D00B1F4E5 /* iSMPControlManager.m in Sources */,
				9AA1B245159A193D00B1F4E5 /* PrinterManager.m in Sources */,
				9AA1B24A159A195500B1F4E5 /* CrashReporterManager.m in Sources */,
				9AA1B24C159A198E00B1F4E5 /* AppDelegate.m in Sources */,
				9AA1B24F159A19C300B1F4E5 /* main.m in Sources */,
				D5F379241637029900C861B2 /* VerifySignatureViewController.m in Sources */,
			);
			runOnlyForDeploymentPostprocessing = 0;
		};
		D5C08C1517A7D514003BA6A8 /* Sources */ = {
			isa = PBXSourcesBuildPhase;
			buildActionMask = 2147483647;
			files = (
				D5C08C1617A7D514003BA6A8 /* AppInfoController.m in Sources */,
				D5C08C1717A7D514003BA6A8 /* ConfigurationController.m in Sources */,
				D5C08C1817A7D514003BA6A8 /* FirstViewController.m in Sources */,
				D5C08C1917A7D514003BA6A8 /* SecondViewController.m in Sources */,
				D5C08C1A17A7D514003BA6A8 /* SignatureViewController.m in Sources */,
				D5C08C1B17A7D514003BA6A8 /* InputAmount.m in Sources */,
				D5C08C1C17A7D514003BA6A8 /* derTlv.m in Sources */,
				D5C08C1D17A7D514003BA6A8 /* ICBitmapReceipt.m in Sources */,
				D5C08C1E17A7D514003BA6A8 /* ICSignatureView.m in Sources */,
				D5C08C1F17A7D514003BA6A8 /* SettingsManager.m in Sources */,
				D5C08C2017A7D514003BA6A8 /* UIImage-Extensions.m in Sources */,
				D5C08C2117A7D514003BA6A8 /* NumberKeypadDecimalPoint.m in Sources */,
				D5C08C2317A7D514003BA6A8 /* StandalonePaymentManager.m in Sources */,
				D5C08C2417A7D514003BA6A8 /* GateWayManager.m in Sources */,
				D5C08C2517A7D514003BA6A8 /* iSMPControlManager.m in Sources */,
				D5C08C2617A7D514003BA6A8 /* PrinterManager.m in Sources */,
				D5C08C2717A7D514003BA6A8 /* CrashReporterManager.m in Sources */,
				D5C08C2817A7D514003BA6A8 /* AppDelegate.m in Sources */,
				D5C08C2917A7D514003BA6A8 /* main.m in Sources */,
				D5C08C2A17A7D514003BA6A8 /* VerifySignatureViewController.m in Sources */,
			);
			runOnlyForDeploymentPostprocessing = 0;
		};
/* End PBXSourcesBuildPhase section */

/* Begin PBXVariantGroup section */
		9AA1B21C159A0C0600B1F4E5 /* FirstViewController.xib */ = {
			isa = PBXVariantGroup;
			children = (
				9AA1B21D159A0C0600B1F4E5 /* en */,
				D52C1225167F2BB500821C02 /* zh-Hans */,
				D52C129E1681D41500821C02 /* zh-Hant */,
			);
			name = FirstViewController.xib;
			sourceTree = "<group>";
		};
		9AA1B21E159A0C0600B1F4E5 /* SecondViewController.xib */ = {
			isa = PBXVariantGroup;
			children = (
				9AA1B21F159A0C0600B1F4E5 /* en */,
				D52C1226167F2BC900821C02 /* zh-Hans */,
				D52C129D1681D40300821C02 /* zh-Hant */,
			);
			name = SecondViewController.xib;
			sourceTree = "<group>";
		};
		9AA1B25F159A1A1A00B1F4E5 /* InfoPlist.strings */ = {
			isa = PBXVariantGroup;
			children = (
				9AA1B260159A1A1A00B1F4E5 /* en */,
				D52C1227167F2BE000821C02 /* zh-Hans */,
				D52C12A01681D44000821C02 /* zh-Hant */,
			);
			name = InfoPlist.strings;
			sourceTree = "<group>";
		};
		D52C1215167F288200821C02 /* SignatureViewController.xib */ = {
			isa = PBXVariantGroup;
			children = (
				D52C1214167F288200821C02 /* en */,
				D52C121E167F2AEA00821C02 /* zh-Hans */,
				D52C12991681D2ED00821C02 /* zh-Hant */,
			);
			name = SignatureViewController.xib;
			path = Xibs;
			sourceTree = "<group>";
		};
		D52C122B167F2D7C00821C02 /* VerifySignatureViewController.xib */ = {
			isa = PBXVariantGroup;
			children = (
				D52C122A167F2D7C00821C02 /* en */,
				D52C122C167F2D8200821C02 /* zh-Hans */,
				D52C129A1681D2ED00821C02 /* zh-Hant */,
			);
			name = VerifySignatureViewController.xib;
			path = Xibs;
			sourceTree = "<group>";
		};
		D52C128A1680EEC700821C02 /* Localizable.strings */ = {
			isa = PBXVariantGroup;
			children = (
				D52C128B1680EEC700821C02 /* en */,
				D52C128E1680EED100821C02 /* zh-Hans */,
				D52C129F1681D42900821C02 /* zh-Hant */,
			);
			name = Localizable.strings;
			sourceTree = "<group>";
		};
/* End PBXVariantGroup section */

/* Begin XCBuildConfiguration section */
		9A0EBDD9148FF1D700BE8F89 /* Debug */ = {
			isa = XCBuildConfiguration;
			buildSettings = {
				ALWAYS_SEARCH_USER_PATHS = NO;
				ARCHS = "$(ARCHS_STANDARD_32_BIT)";
				CLANG_WARN_CONSTANT_CONVERSION = YES;
				CLANG_WARN_ENUM_CONVERSION = YES;
				CLANG_WARN_INT_CONVERSION = YES;
				CLANG_WARN__DUPLICATE_METHOD_MATCH = YES;
				CODE_SIGN_IDENTITY = "iPhone Developer";
				COPY_PHASE_STRIP = NO;
				CURRENT_PROJECT_VERSION = 6.2;
				GCC_C_LANGUAGE_STANDARD = gnu99;
				GCC_DYNAMIC_NO_PIC = NO;
				GCC_OPTIMIZATION_LEVEL = 0;
				GCC_PREPROCESSOR_DEFINITIONS = (
					"DEBUG=1",
					"$(inherited)",
				);
				GCC_SYMBOLS_PRIVATE_EXTERN = NO;
				GCC_THUMB_SUPPORT = NO;
				GCC_VERSION = com.apple.compilers.llvm.clang.1_0;
				GCC_WARN_ABOUT_MISSING_PROTOTYPES = YES;
				GCC_WARN_ABOUT_RETURN_TYPE = YES;
				GCC_WARN_UNINITIALIZED_AUTOS = YES;
				GCC_WARN_UNUSED_VARIABLE = YES;
				IPHONEOS_DEPLOYMENT_TARGET = 4.3;
				OTHER_LDFLAGS = "-ObjC";
				PROVISIONING_PROFILE = "";
				SDKROOT = iphoneos;
				VALID_ARCHS = armv7;
				VERSIONING_SYSTEM = "apple-generic";
			};
			name = Debug;
		};
		9A0EBDDA148FF1D700BE8F89 /* Release */ = {
			isa = XCBuildConfiguration;
			buildSettings = {
				ALWAYS_SEARCH_USER_PATHS = NO;
				ARCHS = "$(ARCHS_STANDARD_32_BIT)";
				CLANG_WARN_CONSTANT_CONVERSION = YES;
				CLANG_WARN_ENUM_CONVERSION = YES;
				CLANG_WARN_INT_CONVERSION = YES;
				CLANG_WARN__DUPLICATE_METHOD_MATCH = YES;
				CODE_SIGN_IDENTITY = "iPhone Developer";
				COPY_PHASE_STRIP = YES;
				CURRENT_PROJECT_VERSION = 6.2;
				GCC_C_LANGUAGE_STANDARD = gnu99;
				GCC_THUMB_SUPPORT = NO;
				GCC_VERSION = com.apple.compilers.llvm.clang.1_0;
				GCC_WARN_ABOUT_MISSING_PROTOTYPES = YES;
				GCC_WARN_ABOUT_RETURN_TYPE = YES;
				GCC_WARN_UNINITIALIZED_AUTOS = YES;
				GCC_WARN_UNUSED_VARIABLE = YES;
				IPHONEOS_DEPLOYMENT_TARGET = 4.3;
				OTHER_CFLAGS = "-DNS_BLOCK_ASSERTIONS=1";
				OTHER_LDFLAGS = "-ObjC";
				PROVISIONING_PROFILE = "";
				SDKROOT = iphoneos;
				VALIDATE_PRODUCT = YES;
				VALID_ARCHS = armv7;
				VERSIONING_SYSTEM = "apple-generic";
			};
			name = Release;
		};
		9A0EBDDC148FF1D700BE8F89 /* Debug */ = {
			isa = XCBuildConfiguration;
			buildSettings = {
				CODE_SIGN_IDENTITY = "iPhone Developer: Nam Nguyen Thi (5H9M5739AH)";
				"CODE_SIGN_IDENTITY[sdk=iphoneos*]" = "iPhone Developer: Nam Nguyen Thi (5H9M5739AH)";
				FRAMEWORK_SEARCH_PATHS = (
					"$(inherited)",
					"\"$(SRCROOT)/ExternalLibs\"",
				);
				GCC_PRECOMPILE_PREFIX_HEADER = YES;
				GCC_PREFIX_HEADER = "Headers/InteractivePayment-Prefix.pch";
				GCC_THUMB_SUPPORT = NO;
				INFOPLIST_FILE = "Resources/App/InteractivePayment-Info.plist";
				PRODUCT_NAME = "$(TARGET_NAME)";
				PROVISIONING_PROFILE = "24160ac9-2ad9-418e-9fad-a1b96d1ed1c7";
				WRAPPER_EXTENSION = app;
			};
			name = Debug;
		};
		9A0EBDDD148FF1D700BE8F89 /* Release */ = {
			isa = XCBuildConfiguration;
			buildSettings = {
				CODE_SIGN_IDENTITY = "iPhone Developer: Nam Nguyen Thi (5H9M5739AH)";
				"CODE_SIGN_IDENTITY[sdk=iphoneos*]" = "iPhone Developer: Nam Nguyen Thi (5H9M5739AH)";
				FRAMEWORK_SEARCH_PATHS = (
					"$(inherited)",
					"\"$(SRCROOT)/ExternalLibs\"",
				);
				GCC_PRECOMPILE_PREFIX_HEADER = YES;
				GCC_PREFIX_HEADER = "Headers/InteractivePayment-Prefix.pch";
				GCC_THUMB_SUPPORT = NO;
				INFOPLIST_FILE = "Resources/App/InteractivePayment-Info.plist";
				PRODUCT_NAME = "$(TARGET_NAME)";
				PROVISIONING_PROFILE = "24160ac9-2ad9-418e-9fad-a1b96d1ed1c7";
				WRAPPER_EXTENSION = app;
			};
			name = Release;
		};
		9A26136A149241F50083AEF8 /* In-House */ = {
			isa = XCBuildConfiguration;
			buildSettings = {
				ALWAYS_SEARCH_USER_PATHS = NO;
				ARCHS = "$(ARCHS_STANDARD_32_BIT)";
				CLANG_WARN_CONSTANT_CONVERSION = YES;
				CLANG_WARN_ENUM_CONVERSION = YES;
				CLANG_WARN_INT_CONVERSION = YES;
				CLANG_WARN__DUPLICATE_METHOD_MATCH = YES;
				CODE_SIGN_IDENTITY = "iPhone Distribution";
				COPY_PHASE_STRIP = YES;
				CURRENT_PROJECT_VERSION = 6.2;
				GCC_C_LANGUAGE_STANDARD = gnu99;
				GCC_THUMB_SUPPORT = NO;
				GCC_VERSION = com.apple.compilers.llvm.clang.1_0;
				GCC_WARN_ABOUT_MISSING_PROTOTYPES = YES;
				GCC_WARN_ABOUT_RETURN_TYPE = YES;
				GCC_WARN_UNINITIALIZED_AUTOS = YES;
				GCC_WARN_UNUSED_VARIABLE = YES;
				IPHONEOS_DEPLOYMENT_TARGET = 4.3;
				OTHER_CFLAGS = "-DNS_BLOCK_ASSERTIONS=1";
				OTHER_LDFLAGS = "-ObjC";
				PROVISIONING_PROFILE = "";
				SDKROOT = iphoneos;
				VALIDATE_PRODUCT = YES;
				VALID_ARCHS = armv7;
				VERSIONING_SYSTEM = "apple-generic";
			};
			name = "In-House";
		};
		9A26136B149241F50083AEF8 /* In-House */ = {
			isa = XCBuildConfiguration;
			buildSettings = {
				CODE_SIGN_IDENTITY = "iPhone Developer: Nam Nguyen Thi (5H9M5739AH)";
				"CODE_SIGN_IDENTITY[sdk=iphoneos*]" = "iPhone Developer: Nam Nguyen Thi (5H9M5739AH)";
				FRAMEWORK_SEARCH_PATHS = (
					"$(inherited)",
					"\"$(SRCROOT)/ExternalLibs\"",
				);
				GCC_PRECOMPILE_PREFIX_HEADER = YES;
				GCC_PREFIX_HEADER = "Headers/InteractivePayment-Prefix.pch";
				GCC_THUMB_SUPPORT = NO;
				INFOPLIST_FILE = "Resources/App/InteractivePayment-Info.plist";
				PRODUCT_NAME = "$(TARGET_NAME)";
				PROVISIONING_PROFILE = "24160ac9-2ad9-418e-9fad-a1b96d1ed1c7";
				WRAPPER_EXTENSION = app;
			};
			name = "In-House";
		};
		D5C08C4A17A7D514003BA6A8 /* Debug */ = {
			isa = XCBuildConfiguration;
			buildSettings = {
				ALWAYS_SEARCH_USER_PATHS = YES;
				ARCHS = "$(ARCHS_STANDARD)";
				CODE_SIGN_IDENTITY = "iPhone Developer: Nam Nguyen Thi (5H9M5739AH)";
				FRAMEWORK_SEARCH_PATHS = (
					"$(inherited)",
					"$(PROJECT_DIR)/ExternalLibs",
				);
				GCC_PRECOMPILE_PREFIX_HEADER = YES;
				GCC_PREFIX_HEADER = "Headers/InteractivePayment-Prefix.pch";
				GCC_THUMB_SUPPORT = NO;
				INFOPLIST_FILE = "Resources/App/InteractivePayment-Info.plist";
				IPHONEOS_DEPLOYMENT_TARGET = 5.1.1;
				PRODUCT_NAME = "InteractivePayment copy";
				PROVISIONING_PROFILE = "24160ac9-2ad9-418e-9fad-a1b96d1ed1c7";
				WRAPPER_EXTENSION = app;
			};
			name = Debug;
		};
		D5C08C4B17A7D514003BA6A8 /* Release */ = {
			isa = XCBuildConfiguration;
			buildSettings = {
				ALWAYS_SEARCH_USER_PATHS = YES;
				ARCHS = "$(ARCHS_STANDARD)";
				CODE_SIGN_IDENTITY = "iPhone Developer: Nam Nguyen Thi (5H9M5739AH)";
				FRAMEWORK_SEARCH_PATHS = (
					"$(inherited)",
					"$(PROJECT_DIR)/ExternalLibs",
				);
				GCC_PRECOMPILE_PREFIX_HEADER = YES;
				GCC_PREFIX_HEADER = "Headers/InteractivePayment-Prefix.pch";
				GCC_THUMB_SUPPORT = NO;
				INFOPLIST_FILE = "Resources/App/InteractivePayment-Info.plist";
				IPHONEOS_DEPLOYMENT_TARGET = 5.1.1;
				PRODUCT_NAME = "InteractivePayment copy";
				PROVISIONING_PROFILE = "24160ac9-2ad9-418e-9fad-a1b96d1ed1c7";
				WRAPPER_EXTENSION = app;
			};
			name = Release;
		};
		D5C08C4C17A7D514003BA6A8 /* In-House */ = {
			isa = XCBuildConfiguration;
			buildSettings = {
				ALWAYS_SEARCH_USER_PATHS = YES;
				ARCHS = "$(ARCHS_STANDARD)";
				CODE_SIGN_IDENTITY = "iPhone Developer: Nam Nguyen Thi (5H9M5739AH)";
				FRAMEWORK_SEARCH_PATHS = (
					"$(inherited)",
					"$(PROJECT_DIR)/ExternalLibs",
				);
				GCC_PRECOMPILE_PREFIX_HEADER = YES;
				GCC_PREFIX_HEADER = "Headers/InteractivePayment-Prefix.pch";
				GCC_THUMB_SUPPORT = NO;
				INFOPLIST_FILE = "Resources/App/InteractivePayment-Info.plist";
				IPHONEOS_DEPLOYMENT_TARGET = 5.1.1;
				PRODUCT_NAME = "InteractivePayment copy";
				PROVISIONING_PROFILE = "24160ac9-2ad9-418e-9fad-a1b96d1ed1c7";
				WRAPPER_EXTENSION = app;
			};
			name = "In-House";
		};
/* End XCBuildConfiguration section */

/* Begin XCConfigurationList section */
		9A0EBDA9148FF1D700BE8F89 /* Build configuration list for PBXProject "InteractivePayment" */ = {
			isa = XCConfigurationList;
			buildConfigurations = (
				9A0EBDD9148FF1D700BE8F89 /* Debug */,
				9A0EBDDA148FF1D700BE8F89 /* Release */,
				9A26136A149241F50083AEF8 /* In-House */,
			);
			defaultConfigurationIsVisible = 0;
			defaultConfigurationName = Release;
		};
		9A0EBDDB148FF1D700BE8F89 /* Build configuration list for PBXNativeTarget "InteractivePayment" */ = {
			isa = XCConfigurationList;
			buildConfigurations = (
				9A0EBDDC148FF1D700BE8F89 /* Debug */,
				9A0EBDDD148FF1D700BE8F89 /* Release */,
				9A26136B149241F50083AEF8 /* In-House */,
			);
			defaultConfigurationIsVisible = 0;
			defaultConfigurationName = Release;
		};
		D5C08C4917A7D514003BA6A8 /* Build configuration list for PBXNativeTarget "InteractivePayment_SEA" */ = {
			isa = XCConfigurationList;
			buildConfigurations = (
				D5C08C4A17A7D514003BA6A8 /* Debug */,
				D5C08C4B17A7D514003BA6A8 /* Release */,
				D5C08C4C17A7D514003BA6A8 /* In-House */,
			);
			defaultConfigurationIsVisible = 0;
			defaultConfigurationName = Release;
		};
/* End XCConfigurationList section */
	};
	rootObject = 9A0EBDA6148FF1D700BE8F89 /* Project object */;
}
